PODS:
  - iOS-Slide-Menu (1.5)
  - TTTAttributedLabel (1.13.4)

DEPENDENCIES:
  - iOS-Slide-Menu
  - TTTAttributedLabel

SPEC REPOS:
  https://github.com/cocoapods/specs.git:
    - iOS-Slide-Menu
    - TTTAttributedLabel

SPEC CHECKSUMS:
  iOS-Slide-Menu: 40b0cbd8916c42afc755f0869793cd09e7a32102
  TTTAttributedLabel: 0a2ac7b2dd726d32a070dafb01446026b11e624f

PODFILE CHECKSUM: c477cdf7a186e90b515b48c48b024db0d0c6bb27

COCOAPODS: 1.5.3
