// !$*UTF8*$!
{
	archiveVersion = 1;
	classes = {
	};
	objectVersion = 50;
	objects = {

/* Begin PBXBuildFile section */
		00A47A0E24AFDBE400EA9DCF /* ReVoModeloj.framework in Frameworks */ = {isa = PBXBuildFile; fileRef = 00A47A0424AFDBE400EA9DCF /* ReVoModeloj.framework */; };
		00A47A2824AFDC3000EA9DCF /* Lingvo.swift in Sources */ = {isa = PBXBuildFile; fileRef = 00A47A1F24AFDC3000EA9DCF /* Lingvo.swift */; };
		00A47A2924AFDC3000EA9DCF /* Mallongigo.swift in Sources */ = {isa = PBXBuildFile; fileRef = 00A47A2024AFDC3000EA9DCF /* Mallongigo.swift */; };
		00A47A2A24AFDC3000EA9DCF /* Stilo.swift in Sources */ = {isa = PBXBuildFile; fileRef = 00A47A2124AFDC3000EA9DCF /* Stilo.swift */; };
		00A47A2B24AFDC3000EA9DCF /* Vorto.swift in Sources */ = {isa = PBXBuildFile; fileRef = 00A47A2324AFDC3000EA9DCF /* Vorto.swift */; };
		00A47A2C24AFDC3000EA9DCF /* Subartikolo.swift in Sources */ = {isa = PBXBuildFile; fileRef = 00A47A2424AFDC3000EA9DCF /* Subartikolo.swift */; };
		00A47A2D24AFDC3000EA9DCF /* Traduko.swift in Sources */ = {isa = PBXBuildFile; fileRef = 00A47A2524AFDC3000EA9DCF /* Traduko.swift */; };
		00A47A2E24AFDC3000EA9DCF /* Artikolo.swift in Sources */ = {isa = PBXBuildFile; fileRef = 00A47A2624AFDC3000EA9DCF /* Artikolo.swift */; };
		00A47A2F24AFDC3000EA9DCF /* Fako.swift in Sources */ = {isa = PBXBuildFile; fileRef = 00A47A2724AFDC3000EA9DCF /* Fako.swift */; };
		00A47A4E24AFDCDE00EA9DCF /* StiloTestoj.swift in Sources */ = {isa = PBXBuildFile; fileRef = 00A47A4524AFDCDE00EA9DCF /* StiloTestoj.swift */; };
		00A47A4F24AFDCDE00EA9DCF /* MallongigoTestoj.swift in Sources */ = {isa = PBXBuildFile; fileRef = 00A47A4624AFDCDE00EA9DCF /* MallongigoTestoj.swift */; };
		00A47A5024AFDCDE00EA9DCF /* FakoTestoj.swift in Sources */ = {isa = PBXBuildFile; fileRef = 00A47A4724AFDCDE00EA9DCF /* FakoTestoj.swift */; };
		00A47A5124AFDCDE00EA9DCF /* SubartikoloTestoj.swift in Sources */ = {isa = PBXBuildFile; fileRef = 00A47A4824AFDCDE00EA9DCF /* SubartikoloTestoj.swift */; };
		00A47A5224AFDCDE00EA9DCF /* LingvoTestoj.swift in Sources */ = {isa = PBXBuildFile; fileRef = 00A47A4924AFDCDE00EA9DCF /* LingvoTestoj.swift */; };
		00A47A5324AFDCDE00EA9DCF /* VortoTestoj.swift in Sources */ = {isa = PBXBuildFile; fileRef = 00A47A4A24AFDCDE00EA9DCF /* VortoTestoj.swift */; };
		00A47A5524AFDCDE00EA9DCF /* TradukoTestoj.swift in Sources */ = {isa = PBXBuildFile; fileRef = 00A47A4C24AFDCDE00EA9DCF /* TradukoTestoj.swift */; };
/* End PBXBuildFile section */

/* Begin PBXContainerItemProxy section */
		00A47A0F24AFDBE400EA9DCF /* PBXContainerItemProxy */ = {
			isa = PBXContainerItemProxy;
			containerPortal = 00A479FB24AFDBE400EA9DCF /* Project object */;
			proxyType = 1;
			remoteGlobalIDString = 00A47A0324AFDBE400EA9DCF;
			remoteInfo = ReVoModeloj;
		};
/* End PBXContainerItemProxy section */

/* Begin PBXFileReference section */
		00A47A0424AFDBE400EA9DCF /* ReVoModeloj.framework */ = {isa = PBXFileReference; explicitFileType = wrapper.framework; includeInIndex = 0; path = ReVoModeloj.framework; sourceTree = BUILT_PRODUCTS_DIR; };
		00A47A0824AFDBE400EA9DCF /* Info.plist */ = {isa = PBXFileReference; lastKnownFileType = text.plist.xml; path = Info.plist; sourceTree = "<group>"; };
		00A47A0D24AFDBE400EA9DCF /* ReVoModelojTests.xctest */ = {isa = PBXFileReference; explicitFileType = wrapper.cfbundle; includeInIndex = 0; path = ReVoModelojTests.xctest; sourceTree = BUILT_PRODUCTS_DIR; };
		00A47A1F24AFDC3000EA9DCF /* Lingvo.swift */ = {isa = PBXFileReference; fileEncoding = 4; lastKnownFileType = sourcecode.swift; path = Lingvo.swift; sourceTree = "<group>"; };
		00A47A2024AFDC3000EA9DCF /* Mallongigo.swift */ = {isa = PBXFileReference; fileEncoding = 4; lastKnownFileType = sourcecode.swift; path = Mallongigo.swift; sourceTree = "<group>"; };
		00A47A2124AFDC3000EA9DCF /* Stilo.swift */ = {isa = PBXFileReference; fileEncoding = 4; lastKnownFileType = sourcecode.swift; path = Stilo.swift; sourceTree = "<group>"; };
		00A47A2324AFDC3000EA9DCF /* Vorto.swift */ = {isa = PBXFileReference; fileEncoding = 4; lastKnownFileType = sourcecode.swift; path = Vorto.swift; sourceTree = "<group>"; };
		00A47A2424AFDC3000EA9DCF /* Subartikolo.swift */ = {isa = PBXFileReference; fileEncoding = 4; lastKnownFileType = sourcecode.swift; path = Subartikolo.swift; sourceTree = "<group>"; };
		00A47A2524AFDC3000EA9DCF /* Traduko.swift */ = {isa = PBXFileReference; fileEncoding = 4; lastKnownFileType = sourcecode.swift; path = Traduko.swift; sourceTree = "<group>"; };
		00A47A2624AFDC3000EA9DCF /* Artikolo.swift */ = {isa = PBXFileReference; fileEncoding = 4; lastKnownFileType = sourcecode.swift; path = Artikolo.swift; sourceTree = "<group>"; };
		00A47A2724AFDC3000EA9DCF /* Fako.swift */ = {isa = PBXFileReference; fileEncoding = 4; lastKnownFileType = sourcecode.swift; path = Fako.swift; sourceTree = "<group>"; };
		00A47A4324AFDCDE00EA9DCF /* Info.plist */ = {isa = PBXFileReference; fileEncoding = 4; lastKnownFileType = text.plist.xml; path = Info.plist; sourceTree = "<group>"; };
		00A47A4524AFDCDE00EA9DCF /* StiloTestoj.swift */ = {isa = PBXFileReference; fileEncoding = 4; lastKnownFileType = sourcecode.swift; path = StiloTestoj.swift; sourceTree = "<group>"; };
		00A47A4624AFDCDE00EA9DCF /* MallongigoTestoj.swift */ = {isa = PBXFileReference; fileEncoding = 4; lastKnownFileType = sourcecode.swift; path = MallongigoTestoj.swift; sourceTree = "<group>"; };
		00A47A4724AFDCDE00EA9DCF /* FakoTestoj.swift */ = {isa = PBXFileReference; fileEncoding = 4; lastKnownFileType = sourcecode.swift; path = FakoTestoj.swift; sourceTree = "<group>"; };
		00A47A4824AFDCDE00EA9DCF /* SubartikoloTestoj.swift */ = {isa = PBXFileReference; fileEncoding = 4; lastKnownFileType = sourcecode.swift; path = SubartikoloTestoj.swift; sourceTree = "<group>"; };
		00A47A4924AFDCDE00EA9DCF /* LingvoTestoj.swift */ = {isa = PBXFileReference; fileEncoding = 4; lastKnownFileType = sourcecode.swift; path = LingvoTestoj.swift; sourceTree = "<group>"; };
		00A47A4A24AFDCDE00EA9DCF /* VortoTestoj.swift */ = {isa = PBXFileReference; fileEncoding = 4; lastKnownFileType = sourcecode.swift; path = VortoTestoj.swift; sourceTree = "<group>"; };
		00A47A4C24AFDCDE00EA9DCF /* TradukoTestoj.swift */ = {isa = PBXFileReference; fileEncoding = 4; lastKnownFileType = sourcecode.swift; path = TradukoTestoj.swift; sourceTree = "<group>"; };
/* End PBXFileReference section */

/* Begin PBXFrameworksBuildPhase section */
		00A47A0124AFDBE400EA9DCF /* Frameworks */ = {
			isa = PBXFrameworksBuildPhase;
			buildActionMask = 2147483647;
			files = (
			);
			runOnlyForDeploymentPostprocessing = 0;
		};
		00A47A0A24AFDBE400EA9DCF /* Frameworks */ = {
			isa = PBXFrameworksBuildPhase;
			buildActionMask = 2147483647;
			files = (
				00A47A0E24AFDBE400EA9DCF /* ReVoModeloj.framework in Frameworks */,
			);
			runOnlyForDeploymentPostprocessing = 0;
		};
/* End PBXFrameworksBuildPhase section */

/* Begin PBXGroup section */
		00A479FA24AFDBE400EA9DCF = {
			isa = PBXGroup;
			children = (
				00A47A0624AFDBE400EA9DCF /* ReVoModeloj */,
				00A47A1124AFDBE400EA9DCF /* ReVoModelojTests */,
				00A47A0524AFDBE400EA9DCF /* Products */,
			);
			sourceTree = "<group>";
		};
		00A47A0524AFDBE400EA9DCF /* Products */ = {
			isa = PBXGroup;
			children = (
				00A47A0424AFDBE400EA9DCF /* ReVoModeloj.framework */,
				00A47A0D24AFDBE400EA9DCF /* ReVoModelojTests.xctest */,
			);
			name = Products;
			sourceTree = "<group>";
		};
		00A47A0624AFDBE400EA9DCF /* ReVoModeloj */ = {
			isa = PBXGroup;
			children = (
				00A47A1E24AFDC3000EA9DCF /* Modeloj */,
				00A47A3024AFDC3200EA9DCF /* Risurcoj */,
			);
			path = ReVoModeloj;
			sourceTree = "<group>";
		};
		00A47A1124AFDBE400EA9DCF /* ReVoModelojTests */ = {
			isa = PBXGroup;
			children = (
				00A47A4424AFDCDE00EA9DCF /* ModulTestoj */,
				00A47A4224AFDCDE00EA9DCF /* Risurcoj */,
			);
			path = ReVoModelojTests;
			sourceTree = "<group>";
		};
		00A47A1E24AFDC3000EA9DCF /* Modeloj */ = {
			isa = PBXGroup;
			children = (
				00A47A2224AFDC3000EA9DCF /* Artikolaj */,
				00A47A1F24AFDC3000EA9DCF /* Lingvo.swift */,
				00A47A2024AFDC3000EA9DCF /* Mallongigo.swift */,
				00A47A2124AFDC3000EA9DCF /* Stilo.swift */,
				00A47A2724AFDC3000EA9DCF /* Fako.swift */,
			);
			path = Modeloj;
			sourceTree = "<group>";
		};
		00A47A2224AFDC3000EA9DCF /* Artikolaj */ = {
			isa = PBXGroup;
			children = (
				00A47A2324AFDC3000EA9DCF /* Vorto.swift */,
				00A47A2424AFDC3000EA9DCF /* Subartikolo.swift */,
				00A47A2524AFDC3000EA9DCF /* Traduko.swift */,
				00A47A2624AFDC3000EA9DCF /* Artikolo.swift */,
			);
			path = Artikolaj;
			sourceTree = "<group>";
		};
		00A47A3024AFDC3200EA9DCF /* Risurcoj */ = {
			isa = PBXGroup;
			children = (
				00A47A0824AFDBE400EA9DCF /* Info.plist */,
			);
			path = Risurcoj;
			sourceTree = "<group>";
		};
		00A47A4224AFDCDE00EA9DCF /* Risurcoj */ = {
			isa = PBXGroup;
			children = (
				00A47A4324AFDCDE00EA9DCF /* Info.plist */,
			);
			path = Risurcoj;
			sourceTree = "<group>";
		};
		00A47A4424AFDCDE00EA9DCF /* ModulTestoj */ = {
			isa = PBXGroup;
			children = (
				00A47A4524AFDCDE00EA9DCF /* StiloTestoj.swift */,
				00A47A4624AFDCDE00EA9DCF /* MallongigoTestoj.swift */,
				00A47A4724AFDCDE00EA9DCF /* FakoTestoj.swift */,
				00A47A4824AFDCDE00EA9DCF /* SubartikoloTestoj.swift */,
				00A47A4924AFDCDE00EA9DCF /* LingvoTestoj.swift */,
				00A47A4A24AFDCDE00EA9DCF /* VortoTestoj.swift */,
				00A47A4C24AFDCDE00EA9DCF /* TradukoTestoj.swift */,
			);
			path = ModulTestoj;
			sourceTree = "<group>";
		};
/* End PBXGroup section */

/* Begin PBXHeadersBuildPhase section */
		00A479FF24AFDBE400EA9DCF /* Headers */ = {
			isa = PBXHeadersBuildPhase;
			buildActionMask = 2147483647;
			files = (
			);
			runOnlyForDeploymentPostprocessing = 0;
		};
/* End PBXHeadersBuildPhase section */

/* Begin PBXNativeTarget section */
		00A47A0324AFDBE400EA9DCF /* ReVoModeloj */ = {
			isa = PBXNativeTarget;
			buildConfigurationList = 00A47A1824AFDBE400EA9DCF /* Build configuration list for PBXNativeTarget "ReVoModeloj" */;
			buildPhases = (
				00A479FF24AFDBE400EA9DCF /* Headers */,
				00A47A0024AFDBE400EA9DCF /* Sources */,
				00A47A0124AFDBE400EA9DCF /* Frameworks */,
				00A47A0224AFDBE400EA9DCF /* Resources */,
			);
			buildRules = (
			);
			dependencies = (
			);
			name = ReVoModeloj;
			productName = ReVoModeloj;
			productReference = 00A47A0424AFDBE400EA9DCF /* ReVoModeloj.framework */;
			productType = "com.apple.product-type.framework";
		};
		00A47A0C24AFDBE400EA9DCF /* ReVoModelojTests */ = {
			isa = PBXNativeTarget;
			buildConfigurationList = 00A47A1B24AFDBE400EA9DCF /* Build configuration list for PBXNativeTarget "ReVoModelojTests" */;
			buildPhases = (
				00A47A0924AFDBE400EA9DCF /* Sources */,
				00A47A0A24AFDBE400EA9DCF /* Frameworks */,
				00A47A0B24AFDBE400EA9DCF /* Resources */,
			);
			buildRules = (
			);
			dependencies = (
				00A47A1024AFDBE400EA9DCF /* PBXTargetDependency */,
			);
			name = ReVoModelojTests;
			productName = ReVoModelojTests;
			productReference = 00A47A0D24AFDBE400EA9DCF /* ReVoModelojTests.xctest */;
			productType = "com.apple.product-type.bundle.unit-test";
		};
/* End PBXNativeTarget section */

/* Begin PBXProject section */
		00A479FB24AFDBE400EA9DCF /* Project object */ = {
			isa = PBXProject;
			attributes = {
				DefaultBuildSystemTypeForWorkspace = Latest;
				LastSwiftUpdateCheck = 1150;
				LastUpgradeCheck = 1150;
				ORGANIZATIONNAME = "Robin Hill";
				TargetAttributes = {
					00A47A0324AFDBE400EA9DCF = {
						CreatedOnToolsVersion = 11.5;
					};
					00A47A0C24AFDBE400EA9DCF = {
						CreatedOnToolsVersion = 11.5;
					};
				};
			};
			buildConfigurationList = 00A479FE24AFDBE400EA9DCF /* Build configuration list for PBXProject "ReVoModeloj" */;
			compatibilityVersion = "Xcode 9.3";
			developmentRegion = en;
			hasScannedForEncodings = 0;
			knownRegions = (
				en,
				Base,
			);
			mainGroup = 00A479FA24AFDBE400EA9DCF;
			productRefGroup = 00A47A0524AFDBE400EA9DCF /* Products */;
			projectDirPath = "";
			projectRoot = "";
			targets = (
				00A47A0324AFDBE400EA9DCF /* ReVoModeloj */,
				00A47A0C24AFDBE400EA9DCF /* ReVoModelojTests */,
			);
		};
/* End PBXProject section */

/* Begin PBXResourcesBuildPhase section */
		00A47A0224AFDBE400EA9DCF /* Resources */ = {
			isa = PBXResourcesBuildPhase;
			buildActionMask = 2147483647;
			files = (
			);
			runOnlyForDeploymentPostprocessing = 0;
		};
		00A47A0B24AFDBE400EA9DCF /* Resources */ = {
			isa = PBXResourcesBuildPhase;
			buildActionMask = 2147483647;
			files = (
			);
			runOnlyForDeploymentPostprocessing = 0;
		};
/* End PBXResourcesBuildPhase section */

/* Begin PBXSourcesBuildPhase section */
		00A47A0024AFDBE400EA9DCF /* Sources */ = {
			isa = PBXSourcesBuildPhase;
			buildActionMask = 2147483647;
			files = (
				00A47A2E24AFDC3000EA9DCF /* Artikolo.swift in Sources */,
				00A47A2B24AFDC3000EA9DCF /* Vorto.swift in Sources */,
				00A47A2924AFDC3000EA9DCF /* Mallongigo.swift in Sources */,
				00A47A2D24AFDC3000EA9DCF /* Traduko.swift in Sources */,
				00A47A2824AFDC3000EA9DCF /* Lingvo.swift in Sources */,
				00A47A2C24AFDC3000EA9DCF /* Subartikolo.swift in Sources */,
				00A47A2F24AFDC3000EA9DCF /* Fako.swift in Sources */,
				00A47A2A24AFDC3000EA9DCF /* Stilo.swift in Sources */,
			);
			runOnlyForDeploymentPostprocessing = 0;
		};
		00A47A0924AFDBE400EA9DCF /* Sources */ = {
			isa = PBXSourcesBuildPhase;
			buildActionMask = 2147483647;
			files = (
				00A47A4E24AFDCDE00EA9DCF /* StiloTestoj.swift in Sources */,
				00A47A5524AFDCDE00EA9DCF /* TradukoTestoj.swift in Sources */,
				00A47A4F24AFDCDE00EA9DCF /* MallongigoTestoj.swift in Sources */,
				00A47A5124AFDCDE00EA9DCF /* SubartikoloTestoj.swift in Sources */,
				00A47A5324AFDCDE00EA9DCF /* VortoTestoj.swift in Sources */,
				00A47A5024AFDCDE00EA9DCF /* FakoTestoj.swift in Sources */,
				00A47A5224AFDCDE00EA9DCF /* LingvoTestoj.swift in Sources */,
			);
			runOnlyForDeploymentPostprocessing = 0;
		};
/* End PBXSourcesBuildPhase section */

/* Begin PBXTargetDependency section */
		00A47A1024AFDBE400EA9DCF /* PBXTargetDependency */ = {
			isa = PBXTargetDependency;
			target = 00A47A0324AFDBE400EA9DCF /* ReVoModeloj */;
			targetProxy = 00A47A0F24AFDBE400EA9DCF /* PBXContainerItemProxy */;
		};
/* End PBXTargetDependency section */

/* Begin XCBuildConfiguration section */
		00A47A1624AFDBE400EA9DCF /* Debug */ = {
			isa = XCBuildConfiguration;
			buildSettings = {
				ALWAYS_SEARCH_USER_PATHS = NO;
				CLANG_ANALYZER_NONNULL = YES;
				CLANG_ANALYZER_NUMBER_OBJECT_CONVERSION = YES_AGGRESSIVE;
				CLANG_CXX_LANGUAGE_STANDARD = "gnu++14";
				CLANG_CXX_LIBRARY = "libc++";
				CLANG_ENABLE_MODULES = YES;
				CLANG_ENABLE_OBJC_ARC = YES;
				CLANG_ENABLE_OBJC_WEAK = YES;
				CLANG_WARN_BLOCK_CAPTURE_AUTORELEASING = YES;
				CLANG_WARN_BOOL_CONVERSION = YES;
				CLANG_WARN_COMMA = YES;
				CLANG_WARN_CONSTANT_CONVERSION = YES;
				CLANG_WARN_DEPRECATED_OBJC_IMPLEMENTATIONS = YES;
				CLANG_WARN_DIRECT_OBJC_ISA_USAGE = YES_ERROR;
				CLANG_WARN_DOCUMENTATION_COMMENTS = YES;
				CLANG_WARN_EMPTY_BODY = YES;
				CLANG_WARN_ENUM_CONVERSION = YES;
				CLANG_WARN_INFINITE_RECURSION = YES;
				CLANG_WARN_INT_CONVERSION = YES;
				CLANG_WARN_NON_LITERAL_NULL_CONVERSION = YES;
				CLANG_WARN_OBJC_IMPLICIT_RETAIN_SELF = YES;
				CLANG_WARN_OBJC_LITERAL_CONVERSION = YES;
				CLANG_WARN_OBJC_ROOT_CLASS = YES_ERROR;
				CLANG_WARN_RANGE_LOOP_ANALYSIS = YES;
				CLANG_WARN_STRICT_PROTOTYPES = YES;
				CLANG_WARN_SUSPICIOUS_MOVE = YES;
				CLANG_WARN_UNGUARDED_AVAILABILITY = YES_AGGRESSIVE;
				CLANG_WARN_UNREACHABLE_CODE = YES;
				CLANG_WARN__DUPLICATE_METHOD_MATCH = YES;
				COPY_PHASE_STRIP = NO;
				CURRENT_PROJECT_VERSION = 1;
				DEBUG_INFORMATION_FORMAT = dwarf;
				ENABLE_STRICT_OBJC_MSGSEND = YES;
				ENABLE_TESTABILITY = YES;
				GCC_C_LANGUAGE_STANDARD = gnu11;
				GCC_DYNAMIC_NO_PIC = NO;
				GCC_NO_COMMON_BLOCKS = YES;
				GCC_OPTIMIZATION_LEVEL = 0;
				GCC_PREPROCESSOR_DEFINITIONS = (
					"DEBUG=1",
					"$(inherited)",
				);
				GCC_WARN_64_TO_32_BIT_CONVERSION = YES;
				GCC_WARN_ABOUT_RETURN_TYPE = YES_ERROR;
				GCC_WARN_UNDECLARED_SELECTOR = YES;
				GCC_WARN_UNINITIALIZED_AUTOS = YES_AGGRESSIVE;
				GCC_WARN_UNUSED_FUNCTION = YES;
				GCC_WARN_UNUSED_VARIABLE = YES;
				IPHONEOS_DEPLOYMENT_TARGET = 8.0;
				MTL_ENABLE_DEBUG_INFO = INCLUDE_SOURCE;
				MTL_FAST_MATH = YES;
				ONLY_ACTIVE_ARCH = YES;
				SDKROOT = iphoneos;
				SWIFT_ACTIVE_COMPILATION_CONDITIONS = DEBUG;
				SWIFT_OPTIMIZATION_LEVEL = "-Onone";
				VERSIONING_SYSTEM = "apple-generic";
				VERSION_INFO_PREFIX = "";
			};
			name = Debug;
		};
		00A47A1724AFDBE400EA9DCF /* Release */ = {
			isa = XCBuildConfiguration;
			buildSettings = {
				ALWAYS_SEARCH_USER_PATHS = NO;
				CLANG_ANALYZER_NONNULL = YES;
				CLANG_ANALYZER_NUMBER_OBJECT_CONVERSION = YES_AGGRESSIVE;
				CLANG_CXX_LANGUAGE_STANDARD = "gnu++14";
				CLANG_CXX_LIBRARY = "libc++";
				CLANG_ENABLE_MODULES = YES;
				CLANG_ENABLE_OBJC_ARC = YES;
				CLANG_ENABLE_OBJC_WEAK = YES;
				CLANG_WARN_BLOCK_CAPTURE_AUTORELEASING = YES;
				CLANG_WARN_BOOL_CONVERSION = YES;
				CLANG_WARN_COMMA = YES;
				CLANG_WARN_CONSTANT_CONVERSION = YES;
				CLANG_WARN_DEPRECATED_OBJC_IMPLEMENTATIONS = YES;
				CLANG_WARN_DIRECT_OBJC_ISA_USAGE = YES_ERROR;
				CLANG_WARN_DOCUMENTATION_COMMENTS = YES;
				CLANG_WARN_EMPTY_BODY = YES;
				CLANG_WARN_ENUM_CONVERSION = YES;
				CLANG_WARN_INFINITE_RECURSION = YES;
				CLANG_WARN_INT_CONVERSION = YES;
				CLANG_WARN_NON_LITERAL_NULL_CONVERSION = YES;
				CLANG_WARN_OBJC_IMPLICIT_RETAIN_SELF = YES;
				CLANG_WARN_OBJC_LITERAL_CONVERSION = YES;
				CLANG_WARN_OBJC_ROOT_CLASS = YES_ERROR;
				CLANG_WARN_RANGE_LOOP_ANALYSIS = YES;
				CLANG_WARN_STRICT_PROTOTYPES = YES;
				CLANG_WARN_SUSPICIOUS_MOVE = YES;
				CLANG_WARN_UNGUARDED_AVAILABILITY = YES_AGGRESSIVE;
				CLANG_WARN_UNREACHABLE_CODE = YES;
				CLANG_WARN__DUPLICATE_METHOD_MATCH = YES;
				COPY_PHASE_STRIP = NO;
				CURRENT_PROJECT_VERSION = 1;
				DEBUG_INFORMATION_FORMAT = "dwarf-with-dsym";
				ENABLE_NS_ASSERTIONS = NO;
				ENABLE_STRICT_OBJC_MSGSEND = YES;
				GCC_C_LANGUAGE_STANDARD = gnu11;
				GCC_NO_COMMON_BLOCKS = YES;
				GCC_WARN_64_TO_32_BIT_CONVERSION = YES;
				GCC_WARN_ABOUT_RETURN_TYPE = YES_ERROR;
				GCC_WARN_UNDECLARED_SELECTOR = YES;
				GCC_WARN_UNINITIALIZED_AUTOS = YES_AGGRESSIVE;
				GCC_WARN_UNUSED_FUNCTION = YES;
				GCC_WARN_UNUSED_VARIABLE = YES;
				IPHONEOS_DEPLOYMENT_TARGET = 8.0;
				MTL_ENABLE_DEBUG_INFO = NO;
				MTL_FAST_MATH = YES;
				SDKROOT = iphoneos;
				SWIFT_COMPILATION_MODE = wholemodule;
				SWIFT_OPTIMIZATION_LEVEL = "-O";
				VALIDATE_PRODUCT = YES;
				VERSIONING_SYSTEM = "apple-generic";
				VERSION_INFO_PREFIX = "";
			};
			name = Release;
		};
		00A47A1924AFDBE400EA9DCF /* Debug */ = {
			isa = XCBuildConfiguration;
			buildSettings = {
				CODE_SIGN_STYLE = Automatic;
				DEFINES_MODULE = YES;
				DEVELOPMENT_TEAM = JZ3WYZWA8F;
				DYLIB_COMPATIBILITY_VERSION = 1;
				DYLIB_CURRENT_VERSION = 1;
				DYLIB_INSTALL_NAME_BASE = "@rpath";
				INFOPLIST_FILE = ReVoModeloj/Risurcoj/Info.plist;
				INSTALL_PATH = "$(LOCAL_LIBRARY_DIR)/Frameworks";
				LD_RUNPATH_SEARCH_PATHS = (
					"$(inherited)",
					"@executable_path/Frameworks",
					"@loader_path/Frameworks",
				);
				PRODUCT_BUNDLE_IDENTIFIER = inthescales.ReVoModeloj;
				PRODUCT_NAME = "$(TARGET_NAME:c99extidentifier)";
				SKIP_INSTALL = YES;
				SWIFT_VERSION = 5.0;
				TARGETED_DEVICE_FAMILY = "1,2";
			};
			name = Debug;
		};
		00A47A1A24AFDBE400EA9DCF /* Release */ = {
			isa = XCBuildConfiguration;
			buildSettings = {
				CODE_SIGN_STYLE = Automatic;
				DEFINES_MODULE = YES;
				DEVELOPMENT_TEAM = JZ3WYZWA8F;
				DYLIB_COMPATIBILITY_VERSION = 1;
				DYLIB_CURRENT_VERSION = 1;
				DYLIB_INSTALL_NAME_BASE = "@rpath";
				INFOPLIST_FILE = ReVoModeloj/Risurcoj/Info.plist;
				INSTALL_PATH = "$(LOCAL_LIBRARY_DIR)/Frameworks";
				LD_RUNPATH_SEARCH_PATHS = (
					"$(inherited)",
					"@executable_path/Frameworks",
					"@loader_path/Frameworks",
				);
				PRODUCT_BUNDLE_IDENTIFIER = inthescales.ReVoModeloj;
				PRODUCT_NAME = "$(TARGET_NAME:c99extidentifier)";
				SKIP_INSTALL = YES;
				SWIFT_VERSION = 5.0;
				TARGETED_DEVICE_FAMILY = "1,2";
			};
			name = Release;
		};
		00A47A1C24AFDBE400EA9DCF /* Debug */ = {
			isa = XCBuildConfiguration;
			buildSettings = {
				ALWAYS_EMBED_SWIFT_STANDARD_LIBRARIES = YES;
				CODE_SIGN_STYLE = Automatic;
				DEVELOPMENT_TEAM = JZ3WYZWA8F;
				INFOPLIST_FILE = ReVoModelojTests/Risurcoj/Info.plist;
				LD_RUNPATH_SEARCH_PATHS = (
					"$(inherited)",
					"@executable_path/Frameworks",
					"@loader_path/Frameworks",
				);
				PRODUCT_BUNDLE_IDENTIFIER = inthescales.ReVoModelojTests;
				PRODUCT_NAME = "$(TARGET_NAME)";
				SWIFT_VERSION = 5.0;
				TARGETED_DEVICE_FAMILY = "1,2";
			};
			name = Debug;
		};
		00A47A1D24AFDBE400EA9DCF /* Release */ = {
			isa = XCBuildConfiguration;
			buildSettings = {
				ALWAYS_EMBED_SWIFT_STANDARD_LIBRARIES = YES;
				CODE_SIGN_STYLE = Automatic;
				DEVELOPMENT_TEAM = JZ3WYZWA8F;
				INFOPLIST_FILE = ReVoModelojTests/Risurcoj/Info.plist;
				LD_RUNPATH_SEARCH_PATHS = (
					"$(inherited)",
					"@executable_path/Frameworks",
					"@loader_path/Frameworks",
				);
				PRODUCT_BUNDLE_IDENTIFIER = inthescales.ReVoModelojTests;
				PRODUCT_NAME = "$(TARGET_NAME)";
				SWIFT_VERSION = 5.0;
				TARGETED_DEVICE_FAMILY = "1,2";
			};
			name = Release;
		};
/* End XCBuildConfiguration section */

/* Begin XCConfigurationList section */
		00A479FE24AFDBE400EA9DCF /* Build configuration list for PBXProject "ReVoModeloj" */ = {
			isa = XCConfigurationList;
			buildConfigurations = (
				00A47A1624AFDBE400EA9DCF /* Debug */,
				00A47A1724AFDBE400EA9DCF /* Release */,
			);
			defaultConfigurationIsVisible = 0;
			defaultConfigurationName = Release;
		};
		00A47A1824AFDBE400EA9DCF /* Build configuration list for PBXNativeTarget "ReVoModeloj" */ = {
			isa = XCConfigurationList;
			buildConfigurations = (
				00A47A1924AFDBE400EA9DCF /* Debug */,
				00A47A1A24AFDBE400EA9DCF /* Release */,
			);
			defaultConfigurationIsVisible = 0;
			defaultConfigurationName = Release;
		};
		00A47A1B24AFDBE400EA9DCF /* Build configuration list for PBXNativeTarget "ReVoModelojTests" */ = {
			isa = XCConfigurationList;
			buildConfigurations = (
				00A47A1C24AFDBE400EA9DCF /* Debug */,
				00A47A1D24AFDBE400EA9DCF /* Release */,
			);
			defaultConfigurationIsVisible = 0;
			defaultConfigurationName = Release;
		};
/* End XCConfigurationList section */
	};
	rootObject = 00A479FB24AFDBE400EA9DCF /* Project object */;
}
