// !$*UTF8*$!
{
	archiveVersion = 1;
	classes = {
	};
	objectVersion = 46;
	objects = {

/* Begin PBXBuildFile section */
		0084894D226385200071CEC2 /* SeancDatumaro.swift in Sources */ = {isa = PBXBuildFile; fileRef = 0084890F226385200071CEC2 /* SeancDatumaro.swift */; };
		0084894E226385200071CEC2 /* UzantDatumaro.swift in Sources */ = {isa = PBXBuildFile; fileRef = 00848910226385200071CEC2 /* UzantDatumaro.swift */; };
		0084894F226385200071CEC2 /* Stiloj.swift in Sources */ = {isa = PBXBuildFile; fileRef = 00848911226385200071CEC2 /* Stiloj.swift */; };
		00848950226385200071CEC2 /* ObjCPonto.m in Sources */ = {isa = PBXBuildFile; fileRef = 00848914226385200071CEC2 /* ObjCPonto.m */; };
		00848951226385200071CEC2 /* Iloj.swift in Sources */ = {isa = PBXBuildFile; fileRef = 00848916226385200071CEC2 /* Iloj.swift */; };
		00848952226385200071CEC2 /* ModelObjekto.swift in Sources */ = {isa = PBXBuildFile; fileRef = 00848917226385200071CEC2 /* ModelObjekto.swift */; };
		00848953226385200071CEC2 /* Koloroj.swift in Sources */ = {isa = PBXBuildFile; fileRef = 00848918226385200071CEC2 /* Koloroj.swift */; };
		00848954226385200071CEC2 /* LaunchScreen.storyboard in Resources */ = {isa = PBXBuildFile; fileRef = 00848919226385200071CEC2 /* LaunchScreen.storyboard */; };
		00848955226385200071CEC2 /* ArtikoloViewController.xib in Resources */ = {isa = PBXBuildFile; fileRef = 0084891B226385200071CEC2 /* ArtikoloViewController.xib */; };
		00848956226385200071CEC2 /* ArtikolCheloTableViewCell.swift in Sources */ = {isa = PBXBuildFile; fileRef = 0084891C226385200071CEC2 /* ArtikolCheloTableViewCell.swift */; };
		00848957226385200071CEC2 /* TradukLingvojElektiloViewController.swift in Sources */ = {isa = PBXBuildFile; fileRef = 0084891D226385200071CEC2 /* TradukLingvojElektiloViewController.swift */; };
		00848958226385200071CEC2 /* ArtikoloViewController.swift in Sources */ = {isa = PBXBuildFile; fileRef = 0084891E226385200071CEC2 /* ArtikoloViewController.swift */; };
		00848959226385200071CEC2 /* TradukLingvojElektiloViewController.xib in Resources */ = {isa = PBXBuildFile; fileRef = 0084891F226385200071CEC2 /* TradukLingvojElektiloViewController.xib */; };
		0084895A226385200071CEC2 /* ArtikoloKapoTableViewHeaderFooterView.xib in Resources */ = {isa = PBXBuildFile; fileRef = 00848920226385200071CEC2 /* ArtikoloKapoTableViewHeaderFooterView.xib */; };
		0084895B226385200071CEC2 /* TradukLingvoElektiloTableViewCell.xib in Resources */ = {isa = PBXBuildFile; fileRef = 00848921226385200071CEC2 /* TradukLingvoElektiloTableViewCell.xib */; };
		0084895C226385200071CEC2 /* SerchLingvoElektiloViewController.xib in Resources */ = {isa = PBXBuildFile; fileRef = 00848922226385200071CEC2 /* SerchLingvoElektiloViewController.xib */; };
		0084895D226385200071CEC2 /* ArtikoloPiedButonoTableViewHeaderFooterView.swift in Sources */ = {isa = PBXBuildFile; fileRef = 00848923226385200071CEC2 /* ArtikoloPiedButonoTableViewHeaderFooterView.swift */; };
		0084895E226385200071CEC2 /* StiloElektiloViewController.xib in Resources */ = {isa = PBXBuildFile; fileRef = 00848924226385200071CEC2 /* StiloElektiloViewController.xib */; };
		0084895F226385200071CEC2 /* SerchLingvoElektiloViewController.swift in Sources */ = {isa = PBXBuildFile; fileRef = 00848925226385200071CEC2 /* SerchLingvoElektiloViewController.swift */; };
		00848960226385200071CEC2 /* TradukLingvoElektiloTableViewCell.swift in Sources */ = {isa = PBXBuildFile; fileRef = 00848926226385200071CEC2 /* TradukLingvoElektiloTableViewCell.swift */; };
		00848961226385200071CEC2 /* StiloElektiloViewController.swift in Sources */ = {isa = PBXBuildFile; fileRef = 00848927226385200071CEC2 /* StiloElektiloViewController.swift */; };
		00848962226385200071CEC2 /* LicencoViewController.swift in Sources */ = {isa = PBXBuildFile; fileRef = 00848928226385200071CEC2 /* LicencoViewController.swift */; };
		00848963226385200071CEC2 /* LicencoViewController.xib in Resources */ = {isa = PBXBuildFile; fileRef = 00848929226385200071CEC2 /* LicencoViewController.xib */; };
		00848964226385200071CEC2 /* ArtikoloTableViewCell.xib in Resources */ = {isa = PBXBuildFile; fileRef = 0084892A226385200071CEC2 /* ArtikoloTableViewCell.xib */; };
		00848965226385200071CEC2 /* ShanghiTekstGrandeconViewController.xib in Resources */ = {isa = PBXBuildFile; fileRef = 0084892B226385200071CEC2 /* ShanghiTekstGrandeconViewController.xib */; };
		00848966226385200071CEC2 /* VortoDisigiloViewController.xib in Resources */ = {isa = PBXBuildFile; fileRef = 0084892C226385200071CEC2 /* VortoDisigiloViewController.xib */; };
		00848967226385200071CEC2 /* ArtikoloPiedButonoTableViewHeaderFooterView.xib in Resources */ = {isa = PBXBuildFile; fileRef = 0084892D226385200071CEC2 /* ArtikoloPiedButonoTableViewHeaderFooterView.xib */; };
		00848968226385200071CEC2 /* VortoDisigiloViewController.swift in Sources */ = {isa = PBXBuildFile; fileRef = 0084892E226385200071CEC2 /* VortoDisigiloViewController.swift */; };
		00848969226385200071CEC2 /* ArtikoloKapoTableViewHeaderFooterView.swift in Sources */ = {isa = PBXBuildFile; fileRef = 0084892F226385200071CEC2 /* ArtikoloKapoTableViewHeaderFooterView.swift */; };
		0084896A226385200071CEC2 /* Assets.xcassets in Resources */ = {isa = PBXBuildFile; fileRef = 00848930226385200071CEC2 /* Assets.xcassets */; };
		0084896B226385200071CEC2 /* LaunchScreen.storyboard in Resources */ = {isa = PBXBuildFile; fileRef = 00848931226385200071CEC2 /* LaunchScreen.storyboard */; };
		0084896C226385200071CEC2 /* FlankMenuoTableViewCell.xib in Resources */ = {isa = PBXBuildFile; fileRef = 00848934226385200071CEC2 /* FlankMenuoTableViewCell.xib */; };
		0084896D226385200071CEC2 /* FlankMenuoViewController.swift in Sources */ = {isa = PBXBuildFile; fileRef = 00848935226385200071CEC2 /* FlankMenuoViewController.swift */; };
		0084896E226385200071CEC2 /* FlankMenuoTableViewCell.swift in Sources */ = {isa = PBXBuildFile; fileRef = 00848936226385200071CEC2 /* FlankMenuoTableViewCell.swift */; };
		0084896F226385200071CEC2 /* FlankMenuoViewController.xib in Resources */ = {isa = PBXBuildFile; fileRef = 00848937226385200071CEC2 /* FlankMenuoViewController.xib */; };
		00848970226385200071CEC2 /* HelpaNavigationController.swift in Sources */ = {isa = PBXBuildFile; fileRef = 00848939226385200071CEC2 /* HelpaNavigationController.swift */; };
		00848971226385200071CEC2 /* ChefaNavigationController.swift in Sources */ = {isa = PBXBuildFile; fileRef = 0084893A226385200071CEC2 /* ChefaNavigationController.swift */; };
		00848972226385200071CEC2 /* AgordojViewController.swift in Sources */ = {isa = PBXBuildFile; fileRef = 0084893C226385200071CEC2 /* AgordojViewController.swift */; };
		00848973226385200071CEC2 /* PriViewController.xib in Resources */ = {isa = PBXBuildFile; fileRef = 0084893D226385200071CEC2 /* PriViewController.xib */; };
		00848974226385200071CEC2 /* SerchPaghoViewController.xib in Resources */ = {isa = PBXBuildFile; fileRef = 0084893E226385200071CEC2 /* SerchPaghoViewController.xib */; };
		00848975226385200071CEC2 /* HistorioViewController.swift in Sources */ = {isa = PBXBuildFile; fileRef = 0084893F226385200071CEC2 /* HistorioViewController.swift */; };
		00848976226385200071CEC2 /* AgordojViewController.xib in Resources */ = {isa = PBXBuildFile; fileRef = 00848940226385200071CEC2 /* AgordojViewController.xib */; };
		00848977226385200071CEC2 /* SerchPaghoViewController.swift in Sources */ = {isa = PBXBuildFile; fileRef = 00848941226385200071CEC2 /* SerchPaghoViewController.swift */; };
		00848978226385200071CEC2 /* KonservitajViewController.xib in Resources */ = {isa = PBXBuildFile; fileRef = 00848942226385200071CEC2 /* KonservitajViewController.xib */; };
		00848979226385200071CEC2 /* IngoPaghoViewController.swift in Sources */ = {isa = PBXBuildFile; fileRef = 00848943226385200071CEC2 /* IngoPaghoViewController.swift */; };
		0084897A226385200071CEC2 /* KonservitajViewController.swift in Sources */ = {isa = PBXBuildFile; fileRef = 00848944226385200071CEC2 /* KonservitajViewController.swift */; };
		0084897B226385200071CEC2 /* IngoPaghoViewController.xib in Resources */ = {isa = PBXBuildFile; fileRef = 00848945226385200071CEC2 /* IngoPaghoViewController.xib */; };
		0084897C226385200071CEC2 /* HistorioViewController.xib in Resources */ = {isa = PBXBuildFile; fileRef = 00848946226385200071CEC2 /* HistorioViewController.xib */; };
		0084897D226385200071CEC2 /* PriViewController.swift in Sources */ = {isa = PBXBuildFile; fileRef = 00848947226385200071CEC2 /* PriViewController.swift */; };
		0084897E226385200071CEC2 /* AppDelegate.swift in Sources */ = {isa = PBXBuildFile; fileRef = 00848948226385200071CEC2 /* AppDelegate.swift */; };
		00848980226385200071CEC2 /* Info.plist in Resources */ = {isa = PBXBuildFile; fileRef = 0084894C226385200071CEC2 /* Info.plist */; };
		0084898F226387F00071CEC2 /* PoshReVoDatumoj.xcdatamodeld in Sources */ = {isa = PBXBuildFile; fileRef = 0084898D226387F00071CEC2 /* PoshReVoDatumoj.xcdatamodeld */; };
		008489922263E0470071CEC2 /* TrieRegilo.swift in Sources */ = {isa = PBXBuildFile; fileRef = 008489902263E0470071CEC2 /* TrieRegilo.swift */; };
		008489932263E0470071CEC2 /* DatumLegilo.swift in Sources */ = {isa = PBXBuildFile; fileRef = 008489912263E0470071CEC2 /* DatumLegilo.swift */; };
		7D5D86C69AE149885D31A327 /* Pods_PoshReVo.framework in Frameworks */ = {isa = PBXBuildFile; fileRef = DFC0D67AB59AE09A62C26831 /* Pods_PoshReVo.framework */; };
/* End PBXBuildFile section */

/* Begin PBXContainerItemProxy section */
		000985AC1C31F0CB0083DE24 /* PBXContainerItemProxy */ = {
			isa = PBXContainerItemProxy;
			containerPortal = 0009858F1C31F0CB0083DE24 /* Project object */;
			proxyType = 1;
			remoteGlobalIDString = 000985961C31F0CB0083DE24;
			remoteInfo = PReVo;
		};
		000985B71C31F0CB0083DE24 /* PBXContainerItemProxy */ = {
			isa = PBXContainerItemProxy;
			containerPortal = 0009858F1C31F0CB0083DE24 /* Project object */;
			proxyType = 1;
			remoteGlobalIDString = 000985961C31F0CB0083DE24;
			remoteInfo = PReVo;
		};
/* End PBXContainerItemProxy section */

/* Begin PBXFileReference section */
		000985971C31F0CB0083DE24 /* PoshReVo.app */ = {isa = PBXFileReference; explicitFileType = wrapper.application; includeInIndex = 0; path = PoshReVo.app; sourceTree = BUILT_PRODUCTS_DIR; };
		000985AB1C31F0CB0083DE24 /* PoshReVo.xctest */ = {isa = PBXFileReference; explicitFileType = wrapper.cfbundle; includeInIndex = 0; path = PoshReVo.xctest; sourceTree = BUILT_PRODUCTS_DIR; };
		000985B61C31F0CB0083DE24 /* PoshReVo.xctest */ = {isa = PBXFileReference; explicitFileType = wrapper.cfbundle; includeInIndex = 0; path = PoshReVo.xctest; sourceTree = BUILT_PRODUCTS_DIR; };
		0084890F226385200071CEC2 /* SeancDatumaro.swift */ = {isa = PBXFileReference; fileEncoding = 4; lastKnownFileType = sourcecode.swift; path = SeancDatumaro.swift; sourceTree = "<group>"; };
		00848910226385200071CEC2 /* UzantDatumaro.swift */ = {isa = PBXFileReference; fileEncoding = 4; lastKnownFileType = sourcecode.swift; path = UzantDatumaro.swift; sourceTree = "<group>"; };
		00848911226385200071CEC2 /* Stiloj.swift */ = {isa = PBXFileReference; fileEncoding = 4; lastKnownFileType = sourcecode.swift; path = Stiloj.swift; sourceTree = "<group>"; };
		00848913226385200071CEC2 /* PoshReVo-Bridging-Header.h */ = {isa = PBXFileReference; fileEncoding = 4; lastKnownFileType = sourcecode.c.h; path = "PoshReVo-Bridging-Header.h"; sourceTree = "<group>"; };
		00848914226385200071CEC2 /* ObjCPonto.m */ = {isa = PBXFileReference; fileEncoding = 4; lastKnownFileType = sourcecode.c.objc; path = ObjCPonto.m; sourceTree = "<group>"; };
		00848915226385200071CEC2 /* ObjCPonto.h */ = {isa = PBXFileReference; fileEncoding = 4; lastKnownFileType = sourcecode.c.h; path = ObjCPonto.h; sourceTree = "<group>"; };
		00848916226385200071CEC2 /* Iloj.swift */ = {isa = PBXFileReference; fileEncoding = 4; lastKnownFileType = sourcecode.swift; path = Iloj.swift; sourceTree = "<group>"; };
		00848917226385200071CEC2 /* ModelObjekto.swift */ = {isa = PBXFileReference; fileEncoding = 4; lastKnownFileType = sourcecode.swift; path = ModelObjekto.swift; sourceTree = "<group>"; };
		00848918226385200071CEC2 /* Koloroj.swift */ = {isa = PBXFileReference; fileEncoding = 4; lastKnownFileType = sourcecode.swift; path = Koloroj.swift; sourceTree = "<group>"; };
		00848919226385200071CEC2 /* LaunchScreen.storyboard */ = {isa = PBXFileReference; fileEncoding = 4; lastKnownFileType = file.storyboard; path = LaunchScreen.storyboard; sourceTree = "<group>"; };
		0084891B226385200071CEC2 /* ArtikoloViewController.xib */ = {isa = PBXFileReference; fileEncoding = 4; lastKnownFileType = file.xib; path = ArtikoloViewController.xib; sourceTree = "<group>"; };
		0084891C226385200071CEC2 /* ArtikolCheloTableViewCell.swift */ = {isa = PBXFileReference; fileEncoding = 4; lastKnownFileType = sourcecode.swift; path = ArtikolCheloTableViewCell.swift; sourceTree = "<group>"; };
		0084891D226385200071CEC2 /* TradukLingvojElektiloViewController.swift */ = {isa = PBXFileReference; fileEncoding = 4; lastKnownFileType = sourcecode.swift; path = TradukLingvojElektiloViewController.swift; sourceTree = "<group>"; };
		0084891E226385200071CEC2 /* ArtikoloViewController.swift */ = {isa = PBXFileReference; fileEncoding = 4; lastKnownFileType = sourcecode.swift; path = ArtikoloViewController.swift; sourceTree = "<group>"; };
		0084891F226385200071CEC2 /* TradukLingvojElektiloViewController.xib */ = {isa = PBXFileReference; fileEncoding = 4; lastKnownFileType = file.xib; path = TradukLingvojElektiloViewController.xib; sourceTree = "<group>"; };
		00848920226385200071CEC2 /* ArtikoloKapoTableViewHeaderFooterView.xib */ = {isa = PBXFileReference; fileEncoding = 4; lastKnownFileType = file.xib; path = ArtikoloKapoTableViewHeaderFooterView.xib; sourceTree = "<group>"; };
		00848921226385200071CEC2 /* TradukLingvoElektiloTableViewCell.xib */ = {isa = PBXFileReference; fileEncoding = 4; lastKnownFileType = file.xib; path = TradukLingvoElektiloTableViewCell.xib; sourceTree = "<group>"; };
		00848922226385200071CEC2 /* SerchLingvoElektiloViewController.xib */ = {isa = PBXFileReference; fileEncoding = 4; lastKnownFileType = file.xib; path = SerchLingvoElektiloViewController.xib; sourceTree = "<group>"; };
		00848923226385200071CEC2 /* ArtikoloPiedButonoTableViewHeaderFooterView.swift */ = {isa = PBXFileReference; fileEncoding = 4; lastKnownFileType = sourcecode.swift; path = ArtikoloPiedButonoTableViewHeaderFooterView.swift; sourceTree = "<group>"; };
		00848924226385200071CEC2 /* StiloElektiloViewController.xib */ = {isa = PBXFileReference; fileEncoding = 4; lastKnownFileType = file.xib; path = StiloElektiloViewController.xib; sourceTree = "<group>"; };
		00848925226385200071CEC2 /* SerchLingvoElektiloViewController.swift */ = {isa = PBXFileReference; fileEncoding = 4; lastKnownFileType = sourcecode.swift; path = SerchLingvoElektiloViewController.swift; sourceTree = "<group>"; };
		00848926226385200071CEC2 /* TradukLingvoElektiloTableViewCell.swift */ = {isa = PBXFileReference; fileEncoding = 4; lastKnownFileType = sourcecode.swift; path = TradukLingvoElektiloTableViewCell.swift; sourceTree = "<group>"; };
		00848927226385200071CEC2 /* StiloElektiloViewController.swift */ = {isa = PBXFileReference; fileEncoding = 4; lastKnownFileType = sourcecode.swift; path = StiloElektiloViewController.swift; sourceTree = "<group>"; };
		00848928226385200071CEC2 /* LicencoViewController.swift */ = {isa = PBXFileReference; fileEncoding = 4; lastKnownFileType = sourcecode.swift; path = LicencoViewController.swift; sourceTree = "<group>"; };
		00848929226385200071CEC2 /* LicencoViewController.xib */ = {isa = PBXFileReference; fileEncoding = 4; lastKnownFileType = file.xib; path = LicencoViewController.xib; sourceTree = "<group>"; };
		0084892A226385200071CEC2 /* ArtikoloTableViewCell.xib */ = {isa = PBXFileReference; fileEncoding = 4; lastKnownFileType = file.xib; path = ArtikoloTableViewCell.xib; sourceTree = "<group>"; };
		0084892B226385200071CEC2 /* ShanghiTekstGrandeconViewController.xib */ = {isa = PBXFileReference; fileEncoding = 4; lastKnownFileType = file.xib; path = ShanghiTekstGrandeconViewController.xib; sourceTree = "<group>"; };
		0084892C226385200071CEC2 /* VortoDisigiloViewController.xib */ = {isa = PBXFileReference; fileEncoding = 4; lastKnownFileType = file.xib; path = VortoDisigiloViewController.xib; sourceTree = "<group>"; };
		0084892D226385200071CEC2 /* ArtikoloPiedButonoTableViewHeaderFooterView.xib */ = {isa = PBXFileReference; fileEncoding = 4; lastKnownFileType = file.xib; path = ArtikoloPiedButonoTableViewHeaderFooterView.xib; sourceTree = "<group>"; };
		0084892E226385200071CEC2 /* VortoDisigiloViewController.swift */ = {isa = PBXFileReference; fileEncoding = 4; lastKnownFileType = sourcecode.swift; path = VortoDisigiloViewController.swift; sourceTree = "<group>"; };
		0084892F226385200071CEC2 /* ArtikoloKapoTableViewHeaderFooterView.swift */ = {isa = PBXFileReference; fileEncoding = 4; lastKnownFileType = sourcecode.swift; path = ArtikoloKapoTableViewHeaderFooterView.swift; sourceTree = "<group>"; };
		00848930226385200071CEC2 /* Assets.xcassets */ = {isa = PBXFileReference; lastKnownFileType = folder.assetcatalog; path = Assets.xcassets; sourceTree = "<group>"; };
		00848932226385200071CEC2 /* Base */ = {isa = PBXFileReference; lastKnownFileType = file.storyboard; name = Base; path = Base.lproj/LaunchScreen.storyboard; sourceTree = "<group>"; };
		00848934226385200071CEC2 /* FlankMenuoTableViewCell.xib */ = {isa = PBXFileReference; fileEncoding = 4; lastKnownFileType = file.xib; path = FlankMenuoTableViewCell.xib; sourceTree = "<group>"; };
		00848935226385200071CEC2 /* FlankMenuoViewController.swift */ = {isa = PBXFileReference; fileEncoding = 4; lastKnownFileType = sourcecode.swift; path = FlankMenuoViewController.swift; sourceTree = "<group>"; };
		00848936226385200071CEC2 /* FlankMenuoTableViewCell.swift */ = {isa = PBXFileReference; fileEncoding = 4; lastKnownFileType = sourcecode.swift; path = FlankMenuoTableViewCell.swift; sourceTree = "<group>"; };
		00848937226385200071CEC2 /* FlankMenuoViewController.xib */ = {isa = PBXFileReference; fileEncoding = 4; lastKnownFileType = file.xib; path = FlankMenuoViewController.xib; sourceTree = "<group>"; };
		00848939226385200071CEC2 /* HelpaNavigationController.swift */ = {isa = PBXFileReference; fileEncoding = 4; lastKnownFileType = sourcecode.swift; path = HelpaNavigationController.swift; sourceTree = "<group>"; };
		0084893A226385200071CEC2 /* ChefaNavigationController.swift */ = {isa = PBXFileReference; fileEncoding = 4; lastKnownFileType = sourcecode.swift; path = ChefaNavigationController.swift; sourceTree = "<group>"; };
		0084893C226385200071CEC2 /* AgordojViewController.swift */ = {isa = PBXFileReference; fileEncoding = 4; lastKnownFileType = sourcecode.swift; path = AgordojViewController.swift; sourceTree = "<group>"; };
		0084893D226385200071CEC2 /* PriViewController.xib */ = {isa = PBXFileReference; fileEncoding = 4; lastKnownFileType = file.xib; path = PriViewController.xib; sourceTree = "<group>"; };
		0084893E226385200071CEC2 /* SerchPaghoViewController.xib */ = {isa = PBXFileReference; fileEncoding = 4; lastKnownFileType = file.xib; path = SerchPaghoViewController.xib; sourceTree = "<group>"; };
		0084893F226385200071CEC2 /* HistorioViewController.swift */ = {isa = PBXFileReference; fileEncoding = 4; lastKnownFileType = sourcecode.swift; path = HistorioViewController.swift; sourceTree = "<group>"; };
		00848940226385200071CEC2 /* AgordojViewController.xib */ = {isa = PBXFileReference; fileEncoding = 4; lastKnownFileType = file.xib; path = AgordojViewController.xib; sourceTree = "<group>"; };
		00848941226385200071CEC2 /* SerchPaghoViewController.swift */ = {isa = PBXFileReference; fileEncoding = 4; lastKnownFileType = sourcecode.swift; path = SerchPaghoViewController.swift; sourceTree = "<group>"; };
		00848942226385200071CEC2 /* KonservitajViewController.xib */ = {isa = PBXFileReference; fileEncoding = 4; lastKnownFileType = file.xib; path = KonservitajViewController.xib; sourceTree = "<group>"; };
		00848943226385200071CEC2 /* IngoPaghoViewController.swift */ = {isa = PBXFileReference; fileEncoding = 4; lastKnownFileType = sourcecode.swift; path = IngoPaghoViewController.swift; sourceTree = "<group>"; };
		00848944226385200071CEC2 /* KonservitajViewController.swift */ = {isa = PBXFileReference; fileEncoding = 4; lastKnownFileType = sourcecode.swift; path = KonservitajViewController.swift; sourceTree = "<group>"; };
		00848945226385200071CEC2 /* IngoPaghoViewController.xib */ = {isa = PBXFileReference; fileEncoding = 4; lastKnownFileType = file.xib; path = IngoPaghoViewController.xib; sourceTree = "<group>"; };
		00848946226385200071CEC2 /* HistorioViewController.xib */ = {isa = PBXFileReference; fileEncoding = 4; lastKnownFileType = file.xib; path = HistorioViewController.xib; sourceTree = "<group>"; };
		00848947226385200071CEC2 /* PriViewController.swift */ = {isa = PBXFileReference; fileEncoding = 4; lastKnownFileType = sourcecode.swift; path = PriViewController.swift; sourceTree = "<group>"; };
		00848948226385200071CEC2 /* AppDelegate.swift */ = {isa = PBXFileReference; fileEncoding = 4; lastKnownFileType = sourcecode.swift; path = AppDelegate.swift; sourceTree = "<group>"; };
		0084894C226385200071CEC2 /* Info.plist */ = {isa = PBXFileReference; fileEncoding = 4; lastKnownFileType = text.plist.xml; path = Info.plist; sourceTree = "<group>"; };
		0084898E226387F00071CEC2 /* PReVoDatumoj.xcdatamodel */ = {isa = PBXFileReference; lastKnownFileType = wrapper.xcdatamodel; path = PReVoDatumoj.xcdatamodel; sourceTree = "<group>"; };
		008489902263E0470071CEC2 /* TrieRegilo.swift */ = {isa = PBXFileReference; fileEncoding = 4; lastKnownFileType = sourcecode.swift; path = TrieRegilo.swift; sourceTree = "<group>"; };
		008489912263E0470071CEC2 /* DatumLegilo.swift */ = {isa = PBXFileReference; fileEncoding = 4; lastKnownFileType = sourcecode.swift; path = DatumLegilo.swift; sourceTree = "<group>"; };
		47EF2D02040D4CCD471ACA36 /* Pods.framework */ = {isa = PBXFileReference; explicitFileType = wrapper.framework; includeInIndex = 0; path = Pods.framework; sourceTree = BUILT_PRODUCTS_DIR; };
		6D400D687919A5D860DDEA7C /* Pods-PoshReVo.debug.xcconfig */ = {isa = PBXFileReference; includeInIndex = 1; lastKnownFileType = text.xcconfig; name = "Pods-PoshReVo.debug.xcconfig"; path = "Pods/Target Support Files/Pods-PoshReVo/Pods-PoshReVo.debug.xcconfig"; sourceTree = "<group>"; };
		9310B9D90FE8D936EB3410BA /* Pods-PoshReVo.release.xcconfig */ = {isa = PBXFileReference; includeInIndex = 1; lastKnownFileType = text.xcconfig; name = "Pods-PoshReVo.release.xcconfig"; path = "Pods/Target Support Files/Pods-PoshReVo/Pods-PoshReVo.release.xcconfig"; sourceTree = "<group>"; };
		DFC0D67AB59AE09A62C26831 /* Pods_PoshReVo.framework */ = {isa = PBXFileReference; explicitFileType = wrapper.framework; includeInIndex = 0; path = Pods_PoshReVo.framework; sourceTree = BUILT_PRODUCTS_DIR; };
/* End PBXFileReference section */

/* Begin PBXFrameworksBuildPhase section */
		000985941C31F0CB0083DE24 /* Frameworks */ = {
			isa = PBXFrameworksBuildPhase;
			buildActionMask = 2147483647;
			files = (
				7D5D86C69AE149885D31A327 /* Pods_PoshReVo.framework in Frameworks */,
			);
			runOnlyForDeploymentPostprocessing = 0;
		};
		000985A81C31F0CB0083DE24 /* Frameworks */ = {
			isa = PBXFrameworksBuildPhase;
			buildActionMask = 2147483647;
			files = (
			);
			runOnlyForDeploymentPostprocessing = 0;
		};
		000985B31C31F0CB0083DE24 /* Frameworks */ = {
			isa = PBXFrameworksBuildPhase;
			buildActionMask = 2147483647;
			files = (
			);
			runOnlyForDeploymentPostprocessing = 0;
		};
/* End PBXFrameworksBuildPhase section */

/* Begin PBXGroup section */
		0009858E1C31F0CB0083DE24 = {
			isa = PBXGroup;
			children = (
				0084890D226385200071CEC2 /* PoshReVo */,
				000985981C31F0CB0083DE24 /* Products */,
				0282B2FEF6E4EC8E45CCEF41 /* Frameworks */,
				93F3CA26D2E3AB8B6C0FBA24 /* Pods */,
			);
			sourceTree = "<group>";
		};
		000985981C31F0CB0083DE24 /* Products */ = {
			isa = PBXGroup;
			children = (
				000985971C31F0CB0083DE24 /* PoshReVo.app */,
				000985AB1C31F0CB0083DE24 /* PoshReVo.xctest */,
				000985B61C31F0CB0083DE24 /* PoshReVo.xctest */,
			);
			name = Products;
			sourceTree = "<group>";
		};
		0084890D226385200071CEC2 /* PoshReVo */ = {
			isa = PBXGroup;
			children = (
				0084890E226385200071CEC2 /* Motoroj */,
				00848919226385200071CEC2 /* LaunchScreen.storyboard */,
				0084891A226385200071CEC2 /* Subaj Paghoj */,
				00848930226385200071CEC2 /* Assets.xcassets */,
				00848931226385200071CEC2 /* LaunchScreen.storyboard */,
				00848933226385200071CEC2 /* Flanka Menuo */,
				00848938226385200071CEC2 /* Navigaciiloj */,
				0084893B226385200071CEC2 /* Chefaj Paghoj */,
				00848948226385200071CEC2 /* AppDelegate.swift */,
				00848949226385200071CEC2 /* App Bildo */,
				0084894A226385200071CEC2 /* Datumoj */,
				0084894C226385200071CEC2 /* Info.plist */,
			);
			path = PoshReVo;
			sourceTree = "<group>";
		};
		0084890E226385200071CEC2 /* Motoroj */ = {
			isa = PBXGroup;
			children = (
				0084890F226385200071CEC2 /* SeancDatumaro.swift */,
				00848910226385200071CEC2 /* UzantDatumaro.swift */,
				00848911226385200071CEC2 /* Stiloj.swift */,
				00848912226385200071CEC2 /* ObjC Ponto */,
				00848916226385200071CEC2 /* Iloj.swift */,
				008489912263E0470071CEC2 /* DatumLegilo.swift */,
				008489902263E0470071CEC2 /* TrieRegilo.swift */,
				00848917226385200071CEC2 /* ModelObjekto.swift */,
				00848918226385200071CEC2 /* Koloroj.swift */,
			);
			path = Motoroj;
			sourceTree = "<group>";
		};
		00848912226385200071CEC2 /* ObjC Ponto */ = {
			isa = PBXGroup;
			children = (
				00848913226385200071CEC2 /* PoshReVo-Bridging-Header.h */,
				00848914226385200071CEC2 /* ObjCPonto.m */,
				00848915226385200071CEC2 /* ObjCPonto.h */,
			);
			path = "ObjC Ponto";
			sourceTree = "<group>";
		};
		0084891A226385200071CEC2 /* Subaj Paghoj */ = {
			isa = PBXGroup;
			children = (
				0084891B226385200071CEC2 /* ArtikoloViewController.xib */,
				0084891C226385200071CEC2 /* ArtikolCheloTableViewCell.swift */,
				0084891D226385200071CEC2 /* TradukLingvojElektiloViewController.swift */,
				0084891E226385200071CEC2 /* ArtikoloViewController.swift */,
				0084891F226385200071CEC2 /* TradukLingvojElektiloViewController.xib */,
				00848920226385200071CEC2 /* ArtikoloKapoTableViewHeaderFooterView.xib */,
				00848921226385200071CEC2 /* TradukLingvoElektiloTableViewCell.xib */,
				00848922226385200071CEC2 /* SerchLingvoElektiloViewController.xib */,
				00848923226385200071CEC2 /* ArtikoloPiedButonoTableViewHeaderFooterView.swift */,
				00848924226385200071CEC2 /* StiloElektiloViewController.xib */,
				00848925226385200071CEC2 /* SerchLingvoElektiloViewController.swift */,
				00848926226385200071CEC2 /* TradukLingvoElektiloTableViewCell.swift */,
				00848927226385200071CEC2 /* StiloElektiloViewController.swift */,
				00848928226385200071CEC2 /* LicencoViewController.swift */,
				00848929226385200071CEC2 /* LicencoViewController.xib */,
				0084892A226385200071CEC2 /* ArtikoloTableViewCell.xib */,
				0084892B226385200071CEC2 /* ShanghiTekstGrandeconViewController.xib */,
				0084892C226385200071CEC2 /* VortoDisigiloViewController.xib */,
				0084892D226385200071CEC2 /* ArtikoloPiedButonoTableViewHeaderFooterView.xib */,
				0084892E226385200071CEC2 /* VortoDisigiloViewController.swift */,
				0084892F226385200071CEC2 /* ArtikoloKapoTableViewHeaderFooterView.swift */,
			);
			path = "Subaj Paghoj";
			sourceTree = "<group>";
		};
		00848933226385200071CEC2 /* Flanka Menuo */ = {
			isa = PBXGroup;
			children = (
				00848934226385200071CEC2 /* FlankMenuoTableViewCell.xib */,
				00848935226385200071CEC2 /* FlankMenuoViewController.swift */,
				00848936226385200071CEC2 /* FlankMenuoTableViewCell.swift */,
				00848937226385200071CEC2 /* FlankMenuoViewController.xib */,
			);
			path = "Flanka Menuo";
			sourceTree = "<group>";
		};
		00848938226385200071CEC2 /* Navigaciiloj */ = {
			isa = PBXGroup;
			children = (
				00848939226385200071CEC2 /* HelpaNavigationController.swift */,
				0084893A226385200071CEC2 /* ChefaNavigationController.swift */,
			);
			path = Navigaciiloj;
			sourceTree = "<group>";
		};
		0084893B226385200071CEC2 /* Chefaj Paghoj */ = {
			isa = PBXGroup;
			children = (
				0084893C226385200071CEC2 /* AgordojViewController.swift */,
				0084893D226385200071CEC2 /* PriViewController.xib */,
				0084893E226385200071CEC2 /* SerchPaghoViewController.xib */,
				0084893F226385200071CEC2 /* HistorioViewController.swift */,
				00848940226385200071CEC2 /* AgordojViewController.xib */,
				00848941226385200071CEC2 /* SerchPaghoViewController.swift */,
				00848942226385200071CEC2 /* KonservitajViewController.xib */,
				00848943226385200071CEC2 /* IngoPaghoViewController.swift */,
				00848944226385200071CEC2 /* KonservitajViewController.swift */,
				00848945226385200071CEC2 /* IngoPaghoViewController.xib */,
				00848946226385200071CEC2 /* HistorioViewController.xib */,
				00848947226385200071CEC2 /* PriViewController.swift */,
			);
			path = "Chefaj Paghoj";
			sourceTree = "<group>";
		};
		00848949226385200071CEC2 /* App Bildo */ = {
			isa = PBXGroup;
			children = (
			);
			path = "App Bildo";
			sourceTree = "<group>";
		};
		0084894A226385200071CEC2 /* Datumoj */ = {
			isa = PBXGroup;
			children = (
				0084898D226387F00071CEC2 /* PoshReVoDatumoj.xcdatamodeld */,
			);
			path = Datumoj;
			sourceTree = "<group>";
		};
		0282B2FEF6E4EC8E45CCEF41 /* Frameworks */ = {
			isa = PBXGroup;
			children = (
				47EF2D02040D4CCD471ACA36 /* Pods.framework */,
				DFC0D67AB59AE09A62C26831 /* Pods_PoshReVo.framework */,
			);
			name = Frameworks;
			sourceTree = "<group>";
		};
		93F3CA26D2E3AB8B6C0FBA24 /* Pods */ = {
			isa = PBXGroup;
			children = (
				6D400D687919A5D860DDEA7C /* Pods-PoshReVo.debug.xcconfig */,
				9310B9D90FE8D936EB3410BA /* Pods-PoshReVo.release.xcconfig */,
			);
			name = Pods;
			sourceTree = "<group>";
		};
/* End PBXGroup section */

/* Begin PBXNativeTarget section */
		000985961C31F0CB0083DE24 /* PoshReVo */ = {
			isa = PBXNativeTarget;
			buildConfigurationList = 000985BF1C31F0CB0083DE24 /* Build configuration list for PBXNativeTarget "PoshReVo" */;
			buildPhases = (
				204E88F7D8733BB02F27269C /* [CP] Check Pods Manifest.lock */,
				000985931C31F0CB0083DE24 /* Sources */,
				000985941C31F0CB0083DE24 /* Frameworks */,
				000985951C31F0CB0083DE24 /* Resources */,
				29488E03CC32E129F3E387D6 /* [CP] Embed Pods Frameworks */,
			);
			buildRules = (
			);
			dependencies = (
			);
			name = PoshReVo;
			productName = PReVo;
			productReference = 000985971C31F0CB0083DE24 /* PoshReVo.app */;
			productType = "com.apple.product-type.application";
		};
		000985AA1C31F0CB0083DE24 /* PoshReVoTests */ = {
			isa = PBXNativeTarget;
			buildConfigurationList = 000985C21C31F0CB0083DE24 /* Build configuration list for PBXNativeTarget "PoshReVoTests" */;
			buildPhases = (
				000985A71C31F0CB0083DE24 /* Sources */,
				000985A81C31F0CB0083DE24 /* Frameworks */,
				000985A91C31F0CB0083DE24 /* Resources */,
			);
			buildRules = (
			);
			dependencies = (
				000985AD1C31F0CB0083DE24 /* PBXTargetDependency */,
			);
			name = PoshReVoTests;
			productName = PReVoTests;
			productReference = 000985AB1C31F0CB0083DE24 /* PoshReVo.xctest */;
			productType = "com.apple.product-type.bundle.unit-test";
		};
		000985B51C31F0CB0083DE24 /* PoshReVoUITests */ = {
			isa = PBXNativeTarget;
			buildConfigurationList = 000985C51C31F0CB0083DE24 /* Build configuration list for PBXNativeTarget "PoshReVoUITests" */;
			buildPhases = (
				000985B21C31F0CB0083DE24 /* Sources */,
				000985B31C31F0CB0083DE24 /* Frameworks */,
				000985B41C31F0CB0083DE24 /* Resources */,
			);
			buildRules = (
			);
			dependencies = (
				000985B81C31F0CB0083DE24 /* PBXTargetDependency */,
			);
			name = PoshReVoUITests;
			productName = PReVoUITests;
			productReference = 000985B61C31F0CB0083DE24 /* PoshReVo.xctest */;
			productType = "com.apple.product-type.bundle.ui-testing";
		};
/* End PBXNativeTarget section */

/* Begin PBXProject section */
		0009858F1C31F0CB0083DE24 /* Project object */ = {
			isa = PBXProject;
			attributes = {
				LastSwiftUpdateCheck = 0720;
				LastUpgradeCheck = 0730;
				ORGANIZATIONNAME = "Sinuous Rill";
				TargetAttributes = {
					000985961C31F0CB0083DE24 = {
						CreatedOnToolsVersion = 7.2;
						DevelopmentTeam = WYZ8GHNKW7;
					};
					000985AA1C31F0CB0083DE24 = {
						CreatedOnToolsVersion = 7.2;
						TestTargetID = 000985961C31F0CB0083DE24;
					};
					000985B51C31F0CB0083DE24 = {
						CreatedOnToolsVersion = 7.2;
						TestTargetID = 000985961C31F0CB0083DE24;
					};
				};
			};
			buildConfigurationList = 000985921C31F0CB0083DE24 /* Build configuration list for PBXProject "PoshReVo" */;
			compatibilityVersion = "Xcode 3.2";
			developmentRegion = English;
			hasScannedForEncodings = 0;
			knownRegions = (
				Base,
			);
			mainGroup = 0009858E1C31F0CB0083DE24;
			productRefGroup = 000985981C31F0CB0083DE24 /* Products */;
			projectDirPath = "";
			projectRoot = "";
			targets = (
				000985961C31F0CB0083DE24 /* PoshReVo */,
				000985AA1C31F0CB0083DE24 /* PoshReVoTests */,
				000985B51C31F0CB0083DE24 /* PoshReVoUITests */,
			);
		};
/* End PBXProject section */

/* Begin PBXResourcesBuildPhase section */
		000985951C31F0CB0083DE24 /* Resources */ = {
			isa = PBXResourcesBuildPhase;
			buildActionMask = 2147483647;
			files = (
				00848964226385200071CEC2 /* ArtikoloTableViewCell.xib in Resources */,
				0084895A226385200071CEC2 /* ArtikoloKapoTableViewHeaderFooterView.xib in Resources */,
				00848973226385200071CEC2 /* PriViewController.xib in Resources */,
				00848966226385200071CEC2 /* VortoDisigiloViewController.xib in Resources */,
				0084895B226385200071CEC2 /* TradukLingvoElektiloTableViewCell.xib in Resources */,
				00848978226385200071CEC2 /* KonservitajViewController.xib in Resources */,
				0084897B226385200071CEC2 /* IngoPaghoViewController.xib in Resources */,
				0084895C226385200071CEC2 /* SerchLingvoElektiloViewController.xib in Resources */,
				00848954226385200071CEC2 /* LaunchScreen.storyboard in Resources */,
				0084896A226385200071CEC2 /* Assets.xcassets in Resources */,
				00848980226385200071CEC2 /* Info.plist in Resources */,
				00848955226385200071CEC2 /* ArtikoloViewController.xib in Resources */,
				00848959226385200071CEC2 /* TradukLingvojElektiloViewController.xib in Resources */,
				00848967226385200071CEC2 /* ArtikoloPiedButonoTableViewHeaderFooterView.xib in Resources */,
				00848963226385200071CEC2 /* LicencoViewController.xib in Resources */,
				0084896B226385200071CEC2 /* LaunchScreen.storyboard in Resources */,
				0084896F226385200071CEC2 /* FlankMenuoViewController.xib in Resources */,
				0084895E226385200071CEC2 /* StiloElektiloViewController.xib in Resources */,
				0084897C226385200071CEC2 /* HistorioViewController.xib in Resources */,
				0084896C226385200071CEC2 /* FlankMenuoTableViewCell.xib in Resources */,
				00848974226385200071CEC2 /* SerchPaghoViewController.xib in Resources */,
				00848965226385200071CEC2 /* ShanghiTekstGrandeconViewController.xib in Resources */,
				00848976226385200071CEC2 /* AgordojViewController.xib in Resources */,
			);
			runOnlyForDeploymentPostprocessing = 0;
		};
		000985A91C31F0CB0083DE24 /* Resources */ = {
			isa = PBXResourcesBuildPhase;
			buildActionMask = 2147483647;
			files = (
			);
			runOnlyForDeploymentPostprocessing = 0;
		};
		000985B41C31F0CB0083DE24 /* Resources */ = {
			isa = PBXResourcesBuildPhase;
			buildActionMask = 2147483647;
			files = (
			);
			runOnlyForDeploymentPostprocessing = 0;
		};
/* End PBXResourcesBuildPhase section */

/* Begin PBXShellScriptBuildPhase section */
		204E88F7D8733BB02F27269C /* [CP] Check Pods Manifest.lock */ = {
			isa = PBXShellScriptBuildPhase;
			buildActionMask = 2147483647;
			files = (
			);
			inputFileListPaths = (
			);
			inputPaths = (
				"${PODS_PODFILE_DIR_PATH}/Podfile.lock",
				"${PODS_ROOT}/Manifest.lock",
			);
			name = "[CP] Check Pods Manifest.lock";
			outputFileListPaths = (
			);
			outputPaths = (
				"$(DERIVED_FILE_DIR)/Pods-PoshReVo-checkManifestLockResult.txt",
			);
			runOnlyForDeploymentPostprocessing = 0;
			shellPath = /bin/sh;
			shellScript = "diff \"${PODS_PODFILE_DIR_PATH}/Podfile.lock\" \"${PODS_ROOT}/Manifest.lock\" > /dev/null\nif [ $? != 0 ] ; then\n    # print error to STDERR\n    echo \"error: The sandbox is not in sync with the Podfile.lock. Run 'pod install' or update your CocoaPods installation.\" >&2\n    exit 1\nfi\n# This output is used by Xcode 'outputs' to avoid re-running this script phase.\necho \"SUCCESS\" > \"${SCRIPT_OUTPUT_FILE_0}\"\n";
			showEnvVarsInLog = 0;
		};
		29488E03CC32E129F3E387D6 /* [CP] Embed Pods Frameworks */ = {
			isa = PBXShellScriptBuildPhase;
			buildActionMask = 2147483647;
			files = (
			);
			inputFileListPaths = (
			);
			inputPaths = (
				"${SRCROOT}/Pods/Target Support Files/Pods-PoshReVo/Pods-PoshReVo-frameworks.sh",
				"${BUILT_PRODUCTS_DIR}/TTTAttributedLabel/TTTAttributedLabel.framework",
				"${BUILT_PRODUCTS_DIR}/iOS-Slide-Menu/iOS_Slide_Menu.framework",
			);
			name = "[CP] Embed Pods Frameworks";
			outputFileListPaths = (
			);
			outputPaths = (
				"${TARGET_BUILD_DIR}/${FRAMEWORKS_FOLDER_PATH}/TTTAttributedLabel.framework",
				"${TARGET_BUILD_DIR}/${FRAMEWORKS_FOLDER_PATH}/iOS_Slide_Menu.framework",
			);
			runOnlyForDeploymentPostprocessing = 0;
			shellPath = /bin/sh;
			shellScript = "\"${SRCROOT}/Pods/Target Support Files/Pods-PoshReVo/Pods-PoshReVo-frameworks.sh\"\n";
			showEnvVarsInLog = 0;
		};
/* End PBXShellScriptBuildPhase section */

/* Begin PBXSourcesBuildPhase section */
		000985931C31F0CB0083DE24 /* Sources */ = {
			isa = PBXSourcesBuildPhase;
			buildActionMask = 2147483647;
			files = (
				00848970226385200071CEC2 /* HelpaNavigationController.swift in Sources */,
				00848972226385200071CEC2 /* AgordojViewController.swift in Sources */,
				0084896E226385200071CEC2 /* FlankMenuoTableViewCell.swift in Sources */,
				00848951226385200071CEC2 /* Iloj.swift in Sources */,
				0084897E226385200071CEC2 /* AppDelegate.swift in Sources */,
				0084895D226385200071CEC2 /* ArtikoloPiedButonoTableViewHeaderFooterView.swift in Sources */,
				0084897D226385200071CEC2 /* PriViewController.swift in Sources */,
				00848950226385200071CEC2 /* ObjCPonto.m in Sources */,
				00848975226385200071CEC2 /* HistorioViewController.swift in Sources */,
				0084894F226385200071CEC2 /* Stiloj.swift in Sources */,
				00848957226385200071CEC2 /* TradukLingvojElektiloViewController.swift in Sources */,
				0084894D226385200071CEC2 /* SeancDatumaro.swift in Sources */,
				00848962226385200071CEC2 /* LicencoViewController.swift in Sources */,
				0084895F226385200071CEC2 /* SerchLingvoElektiloViewController.swift in Sources */,
				00848977226385200071CEC2 /* SerchPaghoViewController.swift in Sources */,
				00848969226385200071CEC2 /* ArtikoloKapoTableViewHeaderFooterView.swift in Sources */,
				00848979226385200071CEC2 /* IngoPaghoViewController.swift in Sources */,
				008489922263E0470071CEC2 /* TrieRegilo.swift in Sources */,
				00848961226385200071CEC2 /* StiloElektiloViewController.swift in Sources */,
				00848952226385200071CEC2 /* ModelObjekto.swift in Sources */,
				00848953226385200071CEC2 /* Koloroj.swift in Sources */,
				00848968226385200071CEC2 /* VortoDisigiloViewController.swift in Sources */,
				0084897A226385200071CEC2 /* KonservitajViewController.swift in Sources */,
				0084898F226387F00071CEC2 /* PoshReVoDatumoj.xcdatamodeld in Sources */,
				00848958226385200071CEC2 /* ArtikoloViewController.swift in Sources */,
				00848960226385200071CEC2 /* TradukLingvoElektiloTableViewCell.swift in Sources */,
				00848956226385200071CEC2 /* ArtikolCheloTableViewCell.swift in Sources */,
				0084896D226385200071CEC2 /* FlankMenuoViewController.swift in Sources */,
				008489932263E0470071CEC2 /* DatumLegilo.swift in Sources */,
				0084894E226385200071CEC2 /* UzantDatumaro.swift in Sources */,
				00848971226385200071CEC2 /* ChefaNavigationController.swift in Sources */,
			);
			runOnlyForDeploymentPostprocessing = 0;
		};
		000985A71C31F0CB0083DE24 /* Sources */ = {
			isa = PBXSourcesBuildPhase;
			buildActionMask = 2147483647;
			files = (
			);
			runOnlyForDeploymentPostprocessing = 0;
		};
		000985B21C31F0CB0083DE24 /* Sources */ = {
			isa = PBXSourcesBuildPhase;
			buildActionMask = 2147483647;
			files = (
			);
			runOnlyForDeploymentPostprocessing = 0;
		};
/* End PBXSourcesBuildPhase section */

/* Begin PBXTargetDependency section */
		000985AD1C31F0CB0083DE24 /* PBXTargetDependency */ = {
			isa = PBXTargetDependency;
			target = 000985961C31F0CB0083DE24 /* PoshReVo */;
			targetProxy = 000985AC1C31F0CB0083DE24 /* PBXContainerItemProxy */;
		};
		000985B81C31F0CB0083DE24 /* PBXTargetDependency */ = {
			isa = PBXTargetDependency;
			target = 000985961C31F0CB0083DE24 /* PoshReVo */;
			targetProxy = 000985B71C31F0CB0083DE24 /* PBXContainerItemProxy */;
		};
/* End PBXTargetDependency section */

/* Begin PBXVariantGroup section */
		00848931226385200071CEC2 /* LaunchScreen.storyboard */ = {
			isa = PBXVariantGroup;
			children = (
				00848932226385200071CEC2 /* Base */,
			);
			name = LaunchScreen.storyboard;
			sourceTree = "<group>";
		};
/* End PBXVariantGroup section */

/* Begin XCBuildConfiguration section */
		000985BD1C31F0CB0083DE24 /* Debug */ = {
			isa = XCBuildConfiguration;
			buildSettings = {
				ALWAYS_SEARCH_USER_PATHS = NO;
				CLANG_CXX_LANGUAGE_STANDARD = "gnu++0x";
				CLANG_CXX_LIBRARY = "libc++";
				CLANG_ENABLE_MODULES = YES;
				CLANG_ENABLE_OBJC_ARC = YES;
				CLANG_WARN_BOOL_CONVERSION = YES;
				CLANG_WARN_CONSTANT_CONVERSION = YES;
				CLANG_WARN_DIRECT_OBJC_ISA_USAGE = YES_ERROR;
				CLANG_WARN_EMPTY_BODY = YES;
				CLANG_WARN_ENUM_CONVERSION = YES;
				CLANG_WARN_INT_CONVERSION = YES;
				CLANG_WARN_OBJC_ROOT_CLASS = YES_ERROR;
				CLANG_WARN_UNREACHABLE_CODE = YES;
				CLANG_WARN__DUPLICATE_METHOD_MATCH = YES;
				CODE_SIGN_IDENTITY = "iPhone Distribution";
				"CODE_SIGN_IDENTITY[sdk=iphoneos*]" = "iPhone Distribution";
				COPY_PHASE_STRIP = NO;
				DEBUG_INFORMATION_FORMAT = dwarf;
				ENABLE_STRICT_OBJC_MSGSEND = YES;
				ENABLE_TESTABILITY = YES;
				GCC_C_LANGUAGE_STANDARD = gnu99;
				GCC_DYNAMIC_NO_PIC = NO;
				GCC_NO_COMMON_BLOCKS = YES;
				GCC_OPTIMIZATION_LEVEL = 0;
				GCC_PREPROCESSOR_DEFINITIONS = (
					"DEBUG=1",
					"$(inherited)",
				);
				GCC_WARN_64_TO_32_BIT_CONVERSION = YES;
				GCC_WARN_ABOUT_RETURN_TYPE = YES_ERROR;
				GCC_WARN_UNDECLARED_SELECTOR = YES;
				GCC_WARN_UNINITIALIZED_AUTOS = YES_AGGRESSIVE;
				GCC_WARN_UNUSED_FUNCTION = YES;
				GCC_WARN_UNUSED_VARIABLE = YES;
				IPHONEOS_DEPLOYMENT_TARGET = 9.2;
				MTL_ENABLE_DEBUG_INFO = YES;
				ONLY_ACTIVE_ARCH = YES;
				PROVISIONING_PROFILE = "9303a5a2-da06-46da-bf8c-8e3b5333ea76";
				SDKROOT = iphoneos;
				SWIFT_OPTIMIZATION_LEVEL = "-Onone";
				SWIFT_VERSION = 4.2;
				TARGETED_DEVICE_FAMILY = "1,2";
			};
			name = Debug;
		};
		000985BE1C31F0CB0083DE24 /* Release */ = {
			isa = XCBuildConfiguration;
			buildSettings = {
				ALWAYS_SEARCH_USER_PATHS = NO;
				CLANG_CXX_LANGUAGE_STANDARD = "gnu++0x";
				CLANG_CXX_LIBRARY = "libc++";
				CLANG_ENABLE_MODULES = YES;
				CLANG_ENABLE_OBJC_ARC = YES;
				CLANG_WARN_BOOL_CONVERSION = YES;
				CLANG_WARN_CONSTANT_CONVERSION = YES;
				CLANG_WARN_DIRECT_OBJC_ISA_USAGE = YES_ERROR;
				CLANG_WARN_EMPTY_BODY = YES;
				CLANG_WARN_ENUM_CONVERSION = YES;
				CLANG_WARN_INT_CONVERSION = YES;
				CLANG_WARN_OBJC_ROOT_CLASS = YES_ERROR;
				CLANG_WARN_UNREACHABLE_CODE = YES;
				CLANG_WARN__DUPLICATE_METHOD_MATCH = YES;
				CODE_SIGN_IDENTITY = "iPhone Distribution";
				"CODE_SIGN_IDENTITY[sdk=iphoneos*]" = "iPhone Distribution";
				COPY_PHASE_STRIP = NO;
				DEBUG_INFORMATION_FORMAT = "dwarf-with-dsym";
				ENABLE_NS_ASSERTIONS = NO;
				ENABLE_STRICT_OBJC_MSGSEND = YES;
				GCC_C_LANGUAGE_STANDARD = gnu99;
				GCC_NO_COMMON_BLOCKS = YES;
				GCC_WARN_64_TO_32_BIT_CONVERSION = YES;
				GCC_WARN_ABOUT_RETURN_TYPE = YES_ERROR;
				GCC_WARN_UNDECLARED_SELECTOR = YES;
				GCC_WARN_UNINITIALIZED_AUTOS = YES_AGGRESSIVE;
				GCC_WARN_UNUSED_FUNCTION = YES;
				GCC_WARN_UNUSED_VARIABLE = YES;
				IPHONEOS_DEPLOYMENT_TARGET = 9.2;
				MTL_ENABLE_DEBUG_INFO = NO;
				PROVISIONING_PROFILE = "9303a5a2-da06-46da-bf8c-8e3b5333ea76";
				SDKROOT = iphoneos;
				SWIFT_VERSION = 4.2;
				TARGETED_DEVICE_FAMILY = "1,2";
				VALIDATE_PRODUCT = YES;
			};
			name = Release;
		};
		000985C01C31F0CB0083DE24 /* Debug */ = {
			isa = XCBuildConfiguration;
			baseConfigurationReference = 6D400D687919A5D860DDEA7C /* Pods-PoshReVo.debug.xcconfig */;
			buildSettings = {
				ASSETCATALOG_COMPILER_APPICON_NAME = AppIcon;
				CLANG_ENABLE_MODULES = YES;
				CODE_SIGN_IDENTITY = "iPhone Developer";
				"CODE_SIGN_IDENTITY[sdk=iphoneos*]" = "iPhone Developer";
				INFOPLIST_FILE = PoshReVo/Info.plist;
				IPHONEOS_DEPLOYMENT_TARGET = 8.0;
				LD_RUNPATH_SEARCH_PATHS = "@executable_path/Frameworks $(inherited)";
				PRODUCT_BUNDLE_IDENTIFIER = com.SinuousRill.PReVo;
				PRODUCT_NAME = PoshReVo;
				PROVISIONING_PROFILE = "";
				SWIFT_OBJC_BRIDGING_HEADER = "PoshReVo/Motoroj/ObjC Ponto/PoshReVo-Bridging-Header.h";
				SWIFT_OPTIMIZATION_LEVEL = "-Onone";
			};
			name = Debug;
		};
		000985C11C31F0CB0083DE24 /* Release */ = {
			isa = XCBuildConfiguration;
			baseConfigurationReference = 9310B9D90FE8D936EB3410BA /* Pods-PoshReVo.release.xcconfig */;
			buildSettings = {
				ASSETCATALOG_COMPILER_APPICON_NAME = AppIcon;
				CLANG_ENABLE_MODULES = YES;
				CODE_SIGN_IDENTITY = "iPhone Developer";
				"CODE_SIGN_IDENTITY[sdk=iphoneos*]" = "iPhone Developer";
				INFOPLIST_FILE = PoshReVo/Info.plist;
				IPHONEOS_DEPLOYMENT_TARGET = 8.0;
				LD_RUNPATH_SEARCH_PATHS = "@executable_path/Frameworks $(inherited)";
				PRODUCT_BUNDLE_IDENTIFIER = com.SinuousRill.PReVo;
				PRODUCT_NAME = PoshReVo;
				PROVISIONING_PROFILE = "";
				SWIFT_OBJC_BRIDGING_HEADER = "PoshReVo/Motoroj/ObjC Ponto/PoshReVo-Bridging-Header.h";
			};
			name = Release;
		};
		000985C31C31F0CB0083DE24 /* Debug */ = {
			isa = XCBuildConfiguration;
			buildSettings = {
				ALWAYS_EMBED_SWIFT_STANDARD_LIBRARIES = YES;
				BUNDLE_LOADER = "$(TEST_HOST)";
				INFOPLIST_FILE = PoshReVoTests/Info.plist;
				LD_RUNPATH_SEARCH_PATHS = "$(inherited) @executable_path/Frameworks @loader_path/Frameworks";
				PRODUCT_BUNDLE_IDENTIFIER = SinuousRill.PReVoTests;
				PRODUCT_NAME = PoshReVo;
				TEST_HOST = "$(BUILT_PRODUCTS_DIR)/PoshReVo.app/PoshReVo";
			};
			name = Debug;
		};
		000985C41C31F0CB0083DE24 /* Release */ = {
			isa = XCBuildConfiguration;
			buildSettings = {
				ALWAYS_EMBED_SWIFT_STANDARD_LIBRARIES = YES;
				BUNDLE_LOADER = "$(TEST_HOST)";
				INFOPLIST_FILE = PoshReVoTests/Info.plist;
				LD_RUNPATH_SEARCH_PATHS = "$(inherited) @executable_path/Frameworks @loader_path/Frameworks";
				PRODUCT_BUNDLE_IDENTIFIER = SinuousRill.PReVoTests;
				PRODUCT_NAME = PoshReVo;
				TEST_HOST = "$(BUILT_PRODUCTS_DIR)/PoshReVo.app/PoshReVo";
			};
			name = Release;
		};
		000985C61C31F0CB0083DE24 /* Debug */ = {
			isa = XCBuildConfiguration;
			buildSettings = {
				ALWAYS_EMBED_SWIFT_STANDARD_LIBRARIES = YES;
				INFOPLIST_FILE = PoshReVoUITests/Info.plist;
				LD_RUNPATH_SEARCH_PATHS = "$(inherited) @executable_path/Frameworks @loader_path/Frameworks";
				PRODUCT_BUNDLE_IDENTIFIER = SinuousRill.PReVoUITests;
				PRODUCT_NAME = PoshReVo;
				TEST_TARGET_NAME = PoshReVo;
				USES_XCTRUNNER = YES;
			};
			name = Debug;
		};
		000985C71C31F0CB0083DE24 /* Release */ = {
			isa = XCBuildConfiguration;
			buildSettings = {
				ALWAYS_EMBED_SWIFT_STANDARD_LIBRARIES = YES;
				INFOPLIST_FILE = PoshReVoUITests/Info.plist;
				LD_RUNPATH_SEARCH_PATHS = "$(inherited) @executable_path/Frameworks @loader_path/Frameworks";
				PRODUCT_BUNDLE_IDENTIFIER = SinuousRill.PReVoUITests;
				PRODUCT_NAME = PoshReVo;
				TEST_TARGET_NAME = PoshReVo;
				USES_XCTRUNNER = YES;
			};
			name = Release;
		};
/* End XCBuildConfiguration section */

/* Begin XCConfigurationList section */
		000985921C31F0CB0083DE24 /* Build configuration list for PBXProject "PoshReVo" */ = {
			isa = XCConfigurationList;
			buildConfigurations = (
				000985BD1C31F0CB0083DE24 /* Debug */,
				000985BE1C31F0CB0083DE24 /* Release */,
			);
			defaultConfigurationIsVisible = 0;
			defaultConfigurationName = Release;
		};
		000985BF1C31F0CB0083DE24 /* Build configuration list for PBXNativeTarget "PoshReVo" */ = {
			isa = XCConfigurationList;
			buildConfigurations = (
				000985C01C31F0CB0083DE24 /* Debug */,
				000985C11C31F0CB0083DE24 /* Release */,
			);
			defaultConfigurationIsVisible = 0;
			defaultConfigurationName = Release;
		};
		000985C21C31F0CB0083DE24 /* Build configuration list for PBXNativeTarget "PoshReVoTests" */ = {
			isa = XCConfigurationList;
			buildConfigurations = (
				000985C31C31F0CB0083DE24 /* Debug */,
				000985C41C31F0CB0083DE24 /* Release */,
			);
			defaultConfigurationIsVisible = 0;
			defaultConfigurationName = Release;
		};
		000985C51C31F0CB0083DE24 /* Build configuration list for PBXNativeTarget "PoshReVoUITests" */ = {
			isa = XCConfigurationList;
			buildConfigurations = (
				000985C61C31F0CB0083DE24 /* Debug */,
				000985C71C31F0CB0083DE24 /* Release */,
			);
			defaultConfigurationIsVisible = 0;
			defaultConfigurationName = Release;
		};
/* End XCConfigurationList section */

/* Begin XCVersionGroup section */
		0084898D226387F00071CEC2 /* PoshReVoDatumoj.xcdatamodeld */ = {
			isa = XCVersionGroup;
			children = (
				0084898E226387F00071CEC2 /* PReVoDatumoj.xcdatamodel */,
			);
			currentVersion = 0084898E226387F00071CEC2 /* PReVoDatumoj.xcdatamodel */;
			path = PoshReVoDatumoj.xcdatamodeld;
			sourceTree = "<group>";
			versionGroupType = wrapper.xcdatamodel;
		};
/* End XCVersionGroup section */
	};
	rootObject = 0009858F1C31F0CB0083DE24 /* Project object */;
}
