// !$*UTF8*$!
{
	archiveVersion = 1;
	classes = {
	};
	objectVersion = 46;
	objects = {

/* Begin PBXBuildFile section */
		00477A6C227651AA00515416 /* PriViewController.xib in Resources */ = {isa = PBXBuildFile; fileRef = 00477A6B227651AA00515416 /* PriViewController.xib */; };
		00477A70227654B700515416 /* Localizable.strings in Resources */ = {isa = PBXBuildFile; fileRef = 00477A6E227654B700515416 /* Localizable.strings */; };
		0084894D226385200071CEC2 /* SeancDatumaro.swift in Sources */ = {isa = PBXBuildFile; fileRef = 0084890F226385200071CEC2 /* SeancDatumaro.swift */; };
		0084894E226385200071CEC2 /* UzantDatumaro.swift in Sources */ = {isa = PBXBuildFile; fileRef = 00848910226385200071CEC2 /* UzantDatumaro.swift */; };
		0084894F226385200071CEC2 /* Stiloj.swift in Sources */ = {isa = PBXBuildFile; fileRef = 00848911226385200071CEC2 /* Stiloj.swift */; };
		00848950226385200071CEC2 /* ObjCPonto.m in Sources */ = {isa = PBXBuildFile; fileRef = 00848914226385200071CEC2 /* ObjCPonto.m */; };
		00848951226385200071CEC2 /* Iloj.swift in Sources */ = {isa = PBXBuildFile; fileRef = 00848916226385200071CEC2 /* Iloj.swift */; };
		00848952226385200071CEC2 /* ModelObjekto.swift in Sources */ = {isa = PBXBuildFile; fileRef = 00848917226385200071CEC2 /* ModelObjekto.swift */; };
		00848953226385200071CEC2 /* Koloroj.swift in Sources */ = {isa = PBXBuildFile; fileRef = 00848918226385200071CEC2 /* Koloroj.swift */; };
		00848956226385200071CEC2 /* ArtikolCheloTableViewCell.swift in Sources */ = {isa = PBXBuildFile; fileRef = 0084891C226385200071CEC2 /* ArtikolCheloTableViewCell.swift */; };
		00848957226385200071CEC2 /* TradukLingvojElektiloViewController.swift in Sources */ = {isa = PBXBuildFile; fileRef = 0084891D226385200071CEC2 /* TradukLingvojElektiloViewController.swift */; };
		00848958226385200071CEC2 /* ArtikoloViewController.swift in Sources */ = {isa = PBXBuildFile; fileRef = 0084891E226385200071CEC2 /* ArtikoloViewController.swift */; };
		0084895D226385200071CEC2 /* ArtikoloPiedButonoTableViewHeaderFooterView.swift in Sources */ = {isa = PBXBuildFile; fileRef = 00848923226385200071CEC2 /* ArtikoloPiedButonoTableViewHeaderFooterView.swift */; };
		0084895F226385200071CEC2 /* SerchLingvoElektiloViewController.swift in Sources */ = {isa = PBXBuildFile; fileRef = 00848925226385200071CEC2 /* SerchLingvoElektiloViewController.swift */; };
		00848960226385200071CEC2 /* TradukLingvoElektiloTableViewCell.swift in Sources */ = {isa = PBXBuildFile; fileRef = 00848926226385200071CEC2 /* TradukLingvoElektiloTableViewCell.swift */; };
		00848961226385200071CEC2 /* StiloElektiloViewController.swift in Sources */ = {isa = PBXBuildFile; fileRef = 00848927226385200071CEC2 /* StiloElektiloViewController.swift */; };
		00848962226385200071CEC2 /* LicencoViewController.swift in Sources */ = {isa = PBXBuildFile; fileRef = 00848928226385200071CEC2 /* LicencoViewController.swift */; };
		00848968226385200071CEC2 /* VortoDisigiloViewController.swift in Sources */ = {isa = PBXBuildFile; fileRef = 0084892E226385200071CEC2 /* VortoDisigiloViewController.swift */; };
		00848969226385200071CEC2 /* ArtikoloKapoTableViewHeaderFooterView.swift in Sources */ = {isa = PBXBuildFile; fileRef = 0084892F226385200071CEC2 /* ArtikoloKapoTableViewHeaderFooterView.swift */; };
		0084896D226385200071CEC2 /* FlankMenuoViewController.swift in Sources */ = {isa = PBXBuildFile; fileRef = 00848935226385200071CEC2 /* FlankMenuoViewController.swift */; };
		0084896E226385200071CEC2 /* FlankMenuoTableViewCell.swift in Sources */ = {isa = PBXBuildFile; fileRef = 00848936226385200071CEC2 /* FlankMenuoTableViewCell.swift */; };
		00848970226385200071CEC2 /* HelpaNavigationController.swift in Sources */ = {isa = PBXBuildFile; fileRef = 00848939226385200071CEC2 /* HelpaNavigationController.swift */; };
		00848971226385200071CEC2 /* ChefaNavigationController.swift in Sources */ = {isa = PBXBuildFile; fileRef = 0084893A226385200071CEC2 /* ChefaNavigationController.swift */; };
		00848972226385200071CEC2 /* AgordojViewController.swift in Sources */ = {isa = PBXBuildFile; fileRef = 0084893C226385200071CEC2 /* AgordojViewController.swift */; };
		00848975226385200071CEC2 /* HistorioViewController.swift in Sources */ = {isa = PBXBuildFile; fileRef = 0084893F226385200071CEC2 /* HistorioViewController.swift */; };
		00848977226385200071CEC2 /* SerchPaghoViewController.swift in Sources */ = {isa = PBXBuildFile; fileRef = 00848941226385200071CEC2 /* SerchPaghoViewController.swift */; };
		00848979226385200071CEC2 /* IngoPaghoViewController.swift in Sources */ = {isa = PBXBuildFile; fileRef = 00848943226385200071CEC2 /* IngoPaghoViewController.swift */; };
		0084897A226385200071CEC2 /* KonservitajViewController.swift in Sources */ = {isa = PBXBuildFile; fileRef = 00848944226385200071CEC2 /* KonservitajViewController.swift */; };
		0084897D226385200071CEC2 /* PriViewController.swift in Sources */ = {isa = PBXBuildFile; fileRef = 00848947226385200071CEC2 /* PriViewController.swift */; };
		0084897E226385200071CEC2 /* AppDelegate.swift in Sources */ = {isa = PBXBuildFile; fileRef = 00848948226385200071CEC2 /* AppDelegate.swift */; };
		0084898F226387F00071CEC2 /* PoshReVoDatumoj.xcdatamodeld in Sources */ = {isa = PBXBuildFile; fileRef = 0084898D226387F00071CEC2 /* PoshReVoDatumoj.xcdatamodeld */; };
		008489922263E0470071CEC2 /* TrieFarilo.swift in Sources */ = {isa = PBXBuildFile; fileRef = 008489902263E0470071CEC2 /* TrieFarilo.swift */; };
		008489932263E0470071CEC2 /* DatumLegilo.swift in Sources */ = {isa = PBXBuildFile; fileRef = 008489912263E0470071CEC2 /* DatumLegilo.swift */; };
		0097B1B722DEB049003DEDC4 /* TrieLegilo.swift in Sources */ = {isa = PBXBuildFile; fileRef = 0097B1B622DEB049003DEDC4 /* TrieLegilo.swift */; };
		00A869BB2276497000A856E9 /* SerchPaghoViewController.xib in Resources */ = {isa = PBXBuildFile; fileRef = 0084893E226385200071CEC2 /* SerchPaghoViewController.xib */; };
		00A869BC2276497000A856E9 /* AgordojViewController.xib in Resources */ = {isa = PBXBuildFile; fileRef = 00848940226385200071CEC2 /* AgordojViewController.xib */; };
		00A869BD2276497000A856E9 /* KonservitajViewController.xib in Resources */ = {isa = PBXBuildFile; fileRef = 00848942226385200071CEC2 /* KonservitajViewController.xib */; };
		00A869BE2276497000A856E9 /* IngoPaghoViewController.xib in Resources */ = {isa = PBXBuildFile; fileRef = 00848945226385200071CEC2 /* IngoPaghoViewController.xib */; };
		00A869BF2276497000A856E9 /* HistorioViewController.xib in Resources */ = {isa = PBXBuildFile; fileRef = 00848946226385200071CEC2 /* HistorioViewController.xib */; };
		00A869C02276497000A856E9 /* ArtikoloViewController.xib in Resources */ = {isa = PBXBuildFile; fileRef = 0084891B226385200071CEC2 /* ArtikoloViewController.xib */; };
		00A869C12276497000A856E9 /* TradukLingvojElektiloViewController.xib in Resources */ = {isa = PBXBuildFile; fileRef = 0084891F226385200071CEC2 /* TradukLingvojElektiloViewController.xib */; };
		00A869C22276497000A856E9 /* ArtikoloKapoTableViewHeaderFooterView.xib in Resources */ = {isa = PBXBuildFile; fileRef = 00848920226385200071CEC2 /* ArtikoloKapoTableViewHeaderFooterView.xib */; };
		00A869C32276497000A856E9 /* TradukLingvoElektiloTableViewCell.xib in Resources */ = {isa = PBXBuildFile; fileRef = 00848921226385200071CEC2 /* TradukLingvoElektiloTableViewCell.xib */; };
		00A869C42276497000A856E9 /* SerchLingvoElektiloViewController.xib in Resources */ = {isa = PBXBuildFile; fileRef = 00848922226385200071CEC2 /* SerchLingvoElektiloViewController.xib */; };
		00A869C52276497000A856E9 /* StiloElektiloViewController.xib in Resources */ = {isa = PBXBuildFile; fileRef = 00848924226385200071CEC2 /* StiloElektiloViewController.xib */; };
		00A869C62276497000A856E9 /* LicencoViewController.xib in Resources */ = {isa = PBXBuildFile; fileRef = 00848929226385200071CEC2 /* LicencoViewController.xib */; };
		00A869C72276497000A856E9 /* ArtikoloTableViewCell.xib in Resources */ = {isa = PBXBuildFile; fileRef = 0084892A226385200071CEC2 /* ArtikoloTableViewCell.xib */; };
		00A869C82276497000A856E9 /* ShanghiTekstGrandeconViewController.xib in Resources */ = {isa = PBXBuildFile; fileRef = 0084892B226385200071CEC2 /* ShanghiTekstGrandeconViewController.xib */; };
		00A869C92276497000A856E9 /* VortoDisigiloViewController.xib in Resources */ = {isa = PBXBuildFile; fileRef = 0084892C226385200071CEC2 /* VortoDisigiloViewController.xib */; };
		00A869CA2276497000A856E9 /* ArtikoloPiedButonoTableViewHeaderFooterView.xib in Resources */ = {isa = PBXBuildFile; fileRef = 0084892D226385200071CEC2 /* ArtikoloPiedButonoTableViewHeaderFooterView.xib */; };
		00A869CB2276497000A856E9 /* FlankMenuoTableViewCell.xib in Resources */ = {isa = PBXBuildFile; fileRef = 00848934226385200071CEC2 /* FlankMenuoTableViewCell.xib */; };
		00A869CC2276497000A856E9 /* FlankMenuoViewController.xib in Resources */ = {isa = PBXBuildFile; fileRef = 00848937226385200071CEC2 /* FlankMenuoViewController.xib */; };
		00A869CE22764B6800A856E9 /* PoshReVoDatumbazo.sqlite in Resources */ = {isa = PBXBuildFile; fileRef = 00A869CD22764B3500A856E9 /* PoshReVoDatumbazo.sqlite */; };
		00D0B71922D1474100814637 /* Pagharo.swift in Sources */ = {isa = PBXBuildFile; fileRef = 00D0B71822D1474100814637 /* Pagharo.swift */; };
		00D0B71B22D1477F00814637 /* PaghMotoro.swift in Sources */ = {isa = PBXBuildFile; fileRef = 00D0B71A22D1477F00814637 /* PaghMotoro.swift */; };
		00D71F08229C24CE008CEA55 /* LaunchScreen.storyboard in Resources */ = {isa = PBXBuildFile; fileRef = 00848919226385200071CEC2 /* LaunchScreen.storyboard */; };
		00F6D1B22290A21100F2EB6B /* Assets.xcassets in Resources */ = {isa = PBXBuildFile; fileRef = 00848930226385200071CEC2 /* Assets.xcassets */; };
		7D5D86C69AE149885D31A327 /* Pods_PoshReVo.framework in Frameworks */ = {isa = PBXBuildFile; fileRef = DFC0D67AB59AE09A62C26831 /* Pods_PoshReVo.framework */; };
/* End PBXBuildFile section */

/* Begin PBXContainerItemProxy section */
		000985AC1C31F0CB0083DE24 /* PBXContainerItemProxy */ = {
			isa = PBXContainerItemProxy;
			containerPortal = 0009858F1C31F0CB0083DE24 /* Project object */;
			proxyType = 1;
			remoteGlobalIDString = 000985961C31F0CB0083DE24;
			remoteInfo = PReVo;
		};
		000985B71C31F0CB0083DE24 /* PBXContainerItemProxy */ = {
			isa = PBXContainerItemProxy;
			containerPortal = 0009858F1C31F0CB0083DE24 /* Project object */;
			proxyType = 1;
			remoteGlobalIDString = 000985961C31F0CB0083DE24;
			remoteInfo = PReVo;
		};
/* End PBXContainerItemProxy section */

/* Begin PBXFileReference section */
		000985971C31F0CB0083DE24 /* PoshReVo.app */ = {isa = PBXFileReference; explicitFileType = wrapper.application; includeInIndex = 0; path = PoshReVo.app; sourceTree = BUILT_PRODUCTS_DIR; };
		000985AB1C31F0CB0083DE24 /* PoshReVo.xctest */ = {isa = PBXFileReference; explicitFileType = wrapper.cfbundle; includeInIndex = 0; path = PoshReVo.xctest; sourceTree = BUILT_PRODUCTS_DIR; };
		000985B61C31F0CB0083DE24 /* PoshReVo.xctest */ = {isa = PBXFileReference; explicitFileType = wrapper.cfbundle; includeInIndex = 0; path = PoshReVo.xctest; sourceTree = BUILT_PRODUCTS_DIR; };
		00477A6B227651AA00515416 /* PriViewController.xib */ = {isa = PBXFileReference; fileEncoding = 4; lastKnownFileType = file.xib; path = PriViewController.xib; sourceTree = "<group>"; };
		00477A6F227654B700515416 /* Base */ = {isa = PBXFileReference; lastKnownFileType = text.plist.strings; name = Base; path = Localizable.strings; sourceTree = "<group>"; };
		0084890F226385200071CEC2 /* SeancDatumaro.swift */ = {isa = PBXFileReference; fileEncoding = 4; lastKnownFileType = sourcecode.swift; path = SeancDatumaro.swift; sourceTree = "<group>"; };
		00848910226385200071CEC2 /* UzantDatumaro.swift */ = {isa = PBXFileReference; fileEncoding = 4; lastKnownFileType = sourcecode.swift; path = UzantDatumaro.swift; sourceTree = "<group>"; };
		00848911226385200071CEC2 /* Stiloj.swift */ = {isa = PBXFileReference; fileEncoding = 4; lastKnownFileType = sourcecode.swift; path = Stiloj.swift; sourceTree = "<group>"; };
		00848913226385200071CEC2 /* PoshReVo-Bridging-Header.h */ = {isa = PBXFileReference; fileEncoding = 4; lastKnownFileType = sourcecode.c.h; path = "PoshReVo-Bridging-Header.h"; sourceTree = "<group>"; };
		00848914226385200071CEC2 /* ObjCPonto.m */ = {isa = PBXFileReference; fileEncoding = 4; lastKnownFileType = sourcecode.c.objc; path = ObjCPonto.m; sourceTree = "<group>"; };
		00848915226385200071CEC2 /* ObjCPonto.h */ = {isa = PBXFileReference; fileEncoding = 4; lastKnownFileType = sourcecode.c.h; path = ObjCPonto.h; sourceTree = "<group>"; };
		00848916226385200071CEC2 /* Iloj.swift */ = {isa = PBXFileReference; fileEncoding = 4; lastKnownFileType = sourcecode.swift; path = Iloj.swift; sourceTree = "<group>"; };
		00848917226385200071CEC2 /* ModelObjekto.swift */ = {isa = PBXFileReference; fileEncoding = 4; lastKnownFileType = sourcecode.swift; path = ModelObjekto.swift; sourceTree = "<group>"; };
		00848918226385200071CEC2 /* Koloroj.swift */ = {isa = PBXFileReference; fileEncoding = 4; lastKnownFileType = sourcecode.swift; path = Koloroj.swift; sourceTree = "<group>"; };
		00848919226385200071CEC2 /* LaunchScreen.storyboard */ = {isa = PBXFileReference; fileEncoding = 4; lastKnownFileType = file.storyboard; path = LaunchScreen.storyboard; sourceTree = "<group>"; };
		0084891B226385200071CEC2 /* ArtikoloViewController.xib */ = {isa = PBXFileReference; fileEncoding = 4; lastKnownFileType = file.xib; path = ArtikoloViewController.xib; sourceTree = "<group>"; };
		0084891C226385200071CEC2 /* ArtikolCheloTableViewCell.swift */ = {isa = PBXFileReference; fileEncoding = 4; lastKnownFileType = sourcecode.swift; path = ArtikolCheloTableViewCell.swift; sourceTree = "<group>"; };
		0084891D226385200071CEC2 /* TradukLingvojElektiloViewController.swift */ = {isa = PBXFileReference; fileEncoding = 4; lastKnownFileType = sourcecode.swift; path = TradukLingvojElektiloViewController.swift; sourceTree = "<group>"; };
		0084891E226385200071CEC2 /* ArtikoloViewController.swift */ = {isa = PBXFileReference; fileEncoding = 4; lastKnownFileType = sourcecode.swift; path = ArtikoloViewController.swift; sourceTree = "<group>"; };
		0084891F226385200071CEC2 /* TradukLingvojElektiloViewController.xib */ = {isa = PBXFileReference; fileEncoding = 4; lastKnownFileType = file.xib; path = TradukLingvojElektiloViewController.xib; sourceTree = "<group>"; };
		00848920226385200071CEC2 /* ArtikoloKapoTableViewHeaderFooterView.xib */ = {isa = PBXFileReference; fileEncoding = 4; lastKnownFileType = file.xib; path = ArtikoloKapoTableViewHeaderFooterView.xib; sourceTree = "<group>"; };
		00848921226385200071CEC2 /* TradukLingvoElektiloTableViewCell.xib */ = {isa = PBXFileReference; fileEncoding = 4; lastKnownFileType = file.xib; path = TradukLingvoElektiloTableViewCell.xib; sourceTree = "<group>"; };
		00848922226385200071CEC2 /* SerchLingvoElektiloViewController.xib */ = {isa = PBXFileReference; fileEncoding = 4; lastKnownFileType = file.xib; path = SerchLingvoElektiloViewController.xib; sourceTree = "<group>"; };
		00848923226385200071CEC2 /* ArtikoloPiedButonoTableViewHeaderFooterView.swift */ = {isa = PBXFileReference; fileEncoding = 4; lastKnownFileType = sourcecode.swift; path = ArtikoloPiedButonoTableViewHeaderFooterView.swift; sourceTree = "<group>"; };
		00848924226385200071CEC2 /* StiloElektiloViewController.xib */ = {isa = PBXFileReference; fileEncoding = 4; lastKnownFileType = file.xib; path = StiloElektiloViewController.xib; sourceTree = "<group>"; };
		00848925226385200071CEC2 /* SerchLingvoElektiloViewController.swift */ = {isa = PBXFileReference; fileEncoding = 4; lastKnownFileType = sourcecode.swift; path = SerchLingvoElektiloViewController.swift; sourceTree = "<group>"; };
		00848926226385200071CEC2 /* TradukLingvoElektiloTableViewCell.swift */ = {isa = PBXFileReference; fileEncoding = 4; lastKnownFileType = sourcecode.swift; path = TradukLingvoElektiloTableViewCell.swift; sourceTree = "<group>"; };
		00848927226385200071CEC2 /* StiloElektiloViewController.swift */ = {isa = PBXFileReference; fileEncoding = 4; lastKnownFileType = sourcecode.swift; path = StiloElektiloViewController.swift; sourceTree = "<group>"; };
		00848928226385200071CEC2 /* LicencoViewController.swift */ = {isa = PBXFileReference; fileEncoding = 4; lastKnownFileType = sourcecode.swift; path = LicencoViewController.swift; sourceTree = "<group>"; };
		00848929226385200071CEC2 /* LicencoViewController.xib */ = {isa = PBXFileReference; fileEncoding = 4; lastKnownFileType = file.xib; path = LicencoViewController.xib; sourceTree = "<group>"; };
		0084892A226385200071CEC2 /* ArtikoloTableViewCell.xib */ = {isa = PBXFileReference; fileEncoding = 4; lastKnownFileType = file.xib; path = ArtikoloTableViewCell.xib; sourceTree = "<group>"; };
		0084892B226385200071CEC2 /* ShanghiTekstGrandeconViewController.xib */ = {isa = PBXFileReference; fileEncoding = 4; lastKnownFileType = file.xib; path = ShanghiTekstGrandeconViewController.xib; sourceTree = "<group>"; };
		0084892C226385200071CEC2 /* VortoDisigiloViewController.xib */ = {isa = PBXFileReference; fileEncoding = 4; lastKnownFileType = file.xib; path = VortoDisigiloViewController.xib; sourceTree = "<group>"; };
		0084892D226385200071CEC2 /* ArtikoloPiedButonoTableViewHeaderFooterView.xib */ = {isa = PBXFileReference; fileEncoding = 4; lastKnownFileType = file.xib; path = ArtikoloPiedButonoTableViewHeaderFooterView.xib; sourceTree = "<group>"; };
		0084892E226385200071CEC2 /* VortoDisigiloViewController.swift */ = {isa = PBXFileReference; fileEncoding = 4; lastKnownFileType = sourcecode.swift; path = VortoDisigiloViewController.swift; sourceTree = "<group>"; };
		0084892F226385200071CEC2 /* ArtikoloKapoTableViewHeaderFooterView.swift */ = {isa = PBXFileReference; fileEncoding = 4; lastKnownFileType = sourcecode.swift; path = ArtikoloKapoTableViewHeaderFooterView.swift; sourceTree = "<group>"; };
		00848930226385200071CEC2 /* Assets.xcassets */ = {isa = PBXFileReference; lastKnownFileType = folder.assetcatalog; path = Assets.xcassets; sourceTree = "<group>"; };
		00848934226385200071CEC2 /* FlankMenuoTableViewCell.xib */ = {isa = PBXFileReference; fileEncoding = 4; lastKnownFileType = file.xib; path = FlankMenuoTableViewCell.xib; sourceTree = "<group>"; };
		00848935226385200071CEC2 /* FlankMenuoViewController.swift */ = {isa = PBXFileReference; fileEncoding = 4; lastKnownFileType = sourcecode.swift; path = FlankMenuoViewController.swift; sourceTree = "<group>"; };
		00848936226385200071CEC2 /* FlankMenuoTableViewCell.swift */ = {isa = PBXFileReference; fileEncoding = 4; lastKnownFileType = sourcecode.swift; path = FlankMenuoTableViewCell.swift; sourceTree = "<group>"; };
		00848937226385200071CEC2 /* FlankMenuoViewController.xib */ = {isa = PBXFileReference; fileEncoding = 4; lastKnownFileType = file.xib; path = FlankMenuoViewController.xib; sourceTree = "<group>"; };
		00848939226385200071CEC2 /* HelpaNavigationController.swift */ = {isa = PBXFileReference; fileEncoding = 4; lastKnownFileType = sourcecode.swift; path = HelpaNavigationController.swift; sourceTree = "<group>"; };
		0084893A226385200071CEC2 /* ChefaNavigationController.swift */ = {isa = PBXFileReference; fileEncoding = 4; lastKnownFileType = sourcecode.swift; path = ChefaNavigationController.swift; sourceTree = "<group>"; };
		0084893C226385200071CEC2 /* AgordojViewController.swift */ = {isa = PBXFileReference; fileEncoding = 4; lastKnownFileType = sourcecode.swift; path = AgordojViewController.swift; sourceTree = "<group>"; };
		0084893E226385200071CEC2 /* SerchPaghoViewController.xib */ = {isa = PBXFileReference; fileEncoding = 4; lastKnownFileType = file.xib; path = SerchPaghoViewController.xib; sourceTree = "<group>"; };
		0084893F226385200071CEC2 /* HistorioViewController.swift */ = {isa = PBXFileReference; fileEncoding = 4; lastKnownFileType = sourcecode.swift; path = HistorioViewController.swift; sourceTree = "<group>"; };
		00848940226385200071CEC2 /* AgordojViewController.xib */ = {isa = PBXFileReference; fileEncoding = 4; lastKnownFileType = file.xib; path = AgordojViewController.xib; sourceTree = "<group>"; };
		00848941226385200071CEC2 /* SerchPaghoViewController.swift */ = {isa = PBXFileReference; fileEncoding = 4; lastKnownFileType = sourcecode.swift; path = SerchPaghoViewController.swift; sourceTree = "<group>"; };
		00848942226385200071CEC2 /* KonservitajViewController.xib */ = {isa = PBXFileReference; fileEncoding = 4; lastKnownFileType = file.xib; path = KonservitajViewController.xib; sourceTree = "<group>"; };
		00848943226385200071CEC2 /* IngoPaghoViewController.swift */ = {isa = PBXFileReference; fileEncoding = 4; lastKnownFileType = sourcecode.swift; path = IngoPaghoViewController.swift; sourceTree = "<group>"; };
		00848944226385200071CEC2 /* KonservitajViewController.swift */ = {isa = PBXFileReference; fileEncoding = 4; lastKnownFileType = sourcecode.swift; path = KonservitajViewController.swift; sourceTree = "<group>"; };
		00848945226385200071CEC2 /* IngoPaghoViewController.xib */ = {isa = PBXFileReference; fileEncoding = 4; lastKnownFileType = file.xib; path = IngoPaghoViewController.xib; sourceTree = "<group>"; };
		00848946226385200071CEC2 /* HistorioViewController.xib */ = {isa = PBXFileReference; fileEncoding = 4; lastKnownFileType = file.xib; path = HistorioViewController.xib; sourceTree = "<group>"; };
		00848947226385200071CEC2 /* PriViewController.swift */ = {isa = PBXFileReference; fileEncoding = 4; lastKnownFileType = sourcecode.swift; path = PriViewController.swift; sourceTree = "<group>"; };
		00848948226385200071CEC2 /* AppDelegate.swift */ = {isa = PBXFileReference; fileEncoding = 4; lastKnownFileType = sourcecode.swift; path = AppDelegate.swift; sourceTree = "<group>"; };
		0084894C226385200071CEC2 /* Info.plist */ = {isa = PBXFileReference; fileEncoding = 4; lastKnownFileType = text.plist.xml; path = Info.plist; sourceTree = "<group>"; };
		0084898E226387F00071CEC2 /* PReVoDatumoj.xcdatamodel */ = {isa = PBXFileReference; lastKnownFileType = wrapper.xcdatamodel; path = PReVoDatumoj.xcdatamodel; sourceTree = "<group>"; };
		008489902263E0470071CEC2 /* TrieFarilo.swift */ = {isa = PBXFileReference; fileEncoding = 4; lastKnownFileType = sourcecode.swift; path = TrieFarilo.swift; sourceTree = "<group>"; };
		008489912263E0470071CEC2 /* DatumLegilo.swift */ = {isa = PBXFileReference; fileEncoding = 4; lastKnownFileType = sourcecode.swift; path = DatumLegilo.swift; sourceTree = "<group>"; };
		008489962263E24F0071CEC2 /* lingvoj.dat */ = {isa = PBXFileReference; fileEncoding = 4; lastKnownFileType = text; name = lingvoj.dat; path = Prepariloj/preparita/lingvoj.dat; sourceTree = SOURCE_ROOT; };
		008489972263E24F0071CEC2 /* fakoj.dat */ = {isa = PBXFileReference; fileEncoding = 4; lastKnownFileType = text; name = fakoj.dat; path = Prepariloj/preparita/fakoj.dat; sourceTree = SOURCE_ROOT; };
		008489982263E24F0071CEC2 /* mallongigoj.dat */ = {isa = PBXFileReference; fileEncoding = 4; lastKnownFileType = text; name = mallongigoj.dat; path = Prepariloj/preparita/mallongigoj.dat; sourceTree = SOURCE_ROOT; };
		008489992263E24F0071CEC2 /* stiloj.dat */ = {isa = PBXFileReference; fileEncoding = 4; lastKnownFileType = text; name = stiloj.dat; path = Prepariloj/preparita/stiloj.dat; sourceTree = SOURCE_ROOT; };
		0084899A2263E24F0071CEC2 /* vortoj.dat */ = {isa = PBXFileReference; fileEncoding = 4; lastKnownFileType = text; name = vortoj.dat; path = Prepariloj/preparita/vortoj.dat; sourceTree = SOURCE_ROOT; };
		0084899C2263E24F0071CEC2 /* indekso_ko.dat */ = {isa = PBXFileReference; fileEncoding = 4; lastKnownFileType = text; path = indekso_ko.dat; sourceTree = "<group>"; };
		0084899D2263E24F0071CEC2 /* indekso_gl.dat */ = {isa = PBXFileReference; fileEncoding = 4; lastKnownFileType = text; path = indekso_gl.dat; sourceTree = "<group>"; };
		0084899E2263E24F0071CEC2 /* indekso_es.dat */ = {isa = PBXFileReference; fileEncoding = 4; lastKnownFileType = text; path = indekso_es.dat; sourceTree = "<group>"; };
		0084899F2263E24F0071CEC2 /* indekso_si.dat */ = {isa = PBXFileReference; fileEncoding = 4; lastKnownFileType = text; path = indekso_si.dat; sourceTree = "<group>"; };
		008489A02263E24F0071CEC2 /* indekso_rm.dat */ = {isa = PBXFileReference; fileEncoding = 4; lastKnownFileType = text; path = indekso_rm.dat; sourceTree = "<group>"; };
		008489A12263E24F0071CEC2 /* indekso_goyu.dat */ = {isa = PBXFileReference; fileEncoding = 4; lastKnownFileType = text; path = indekso_goyu.dat; sourceTree = "<group>"; };
		008489A22263E24F0071CEC2 /* indekso_sh.dat */ = {isa = PBXFileReference; fileEncoding = 4; lastKnownFileType = text; path = indekso_sh.dat; sourceTree = "<group>"; };
		008489A32263E24F0071CEC2 /* indekso_ps.dat */ = {isa = PBXFileReference; fileEncoding = 4; lastKnownFileType = text; path = indekso_ps.dat; sourceTree = "<group>"; };
		008489A42263E24F0071CEC2 /* indekso_da.dat */ = {isa = PBXFileReference; fileEncoding = 4; lastKnownFileType = text; path = indekso_da.dat; sourceTree = "<group>"; };
		008489A52263E24F0071CEC2 /* indekso_fi.dat */ = {isa = PBXFileReference; fileEncoding = 4; lastKnownFileType = text; path = indekso_fi.dat; sourceTree = "<group>"; };
		008489A62263E24F0071CEC2 /* indekso_ky.dat */ = {isa = PBXFileReference; fileEncoding = 4; lastKnownFileType = text; path = indekso_ky.dat; sourceTree = "<group>"; };
		008489A72263E24F0071CEC2 /* indekso_kn.dat */ = {isa = PBXFileReference; fileEncoding = 4; lastKnownFileType = text; path = indekso_kn.dat; sourceTree = "<group>"; };
		008489A82263E24F0071CEC2 /* indekso_hu.dat */ = {isa = PBXFileReference; fileEncoding = 4; lastKnownFileType = text; path = indekso_hu.dat; sourceTree = "<group>"; };
		008489A92263E24F0071CEC2 /* indekso_is.dat */ = {isa = PBXFileReference; fileEncoding = 4; lastKnownFileType = text; path = indekso_is.dat; sourceTree = "<group>"; };
		008489AA2263E24F0071CEC2 /* indekso_kl.dat */ = {isa = PBXFileReference; fileEncoding = 4; lastKnownFileType = text; path = indekso_kl.dat; sourceTree = "<group>"; };
		008489AB2263E24F0071CEC2 /* indekso_id.dat */ = {isa = PBXFileReference; fileEncoding = 4; lastKnownFileType = text; path = indekso_id.dat; sourceTree = "<group>"; };
		008489AC2263E24F0071CEC2 /* indekso_qu.dat */ = {isa = PBXFileReference; fileEncoding = 4; lastKnownFileType = text; path = indekso_qu.dat; sourceTree = "<group>"; };
		008489AD2263E24F0071CEC2 /* indekso_rn.dat */ = {isa = PBXFileReference; fileEncoding = 4; lastKnownFileType = text; path = indekso_rn.dat; sourceTree = "<group>"; };
		008489AE2263E24F0071CEC2 /* indekso_sk.dat */ = {isa = PBXFileReference; fileEncoding = 4; lastKnownFileType = text; path = indekso_sk.dat; sourceTree = "<group>"; };
		008489AF2263E24F0071CEC2 /* indekso_ro.dat */ = {isa = PBXFileReference; fileEncoding = 4; lastKnownFileType = text; path = indekso_ro.dat; sourceTree = "<group>"; };
		008489B02263E24F0071CEC2 /* indekso_gn.dat */ = {isa = PBXFileReference; fileEncoding = 4; lastKnownFileType = text; path = indekso_gn.dat; sourceTree = "<group>"; };
		008489B12263E24F0071CEC2 /* indekso_fj.dat */ = {isa = PBXFileReference; fileEncoding = 4; lastKnownFileType = text; path = indekso_fj.dat; sourceTree = "<group>"; };
		008489B22263E24F0071CEC2 /* indekso_ha.dat */ = {isa = PBXFileReference; fileEncoding = 4; lastKnownFileType = text; path = indekso_ha.dat; sourceTree = "<group>"; };
		008489B32263E24F0071CEC2 /* indekso_ie.dat */ = {isa = PBXFileReference; fileEncoding = 4; lastKnownFileType = text; path = indekso_ie.dat; sourceTree = "<group>"; };
		008489B42263E24F0071CEC2 /* indekso_km.dat */ = {isa = PBXFileReference; fileEncoding = 4; lastKnownFileType = text; path = indekso_km.dat; sourceTree = "<group>"; };
		008489B52263E24F0071CEC2 /* indekso_ia.dat */ = {isa = PBXFileReference; fileEncoding = 4; lastKnownFileType = text; path = indekso_ia.dat; sourceTree = "<group>"; };
		008489B62263E24F0071CEC2 /* indekso_he.dat */ = {isa = PBXFileReference; fileEncoding = 4; lastKnownFileType = text; path = indekso_he.dat; sourceTree = "<group>"; };
		008489B72263E24F0071CEC2 /* indekso_hr.dat */ = {isa = PBXFileReference; fileEncoding = 4; lastKnownFileType = text; path = indekso_hr.dat; sourceTree = "<group>"; };
		008489B82263E24F0071CEC2 /* indekso_fy.dat */ = {isa = PBXFileReference; fileEncoding = 4; lastKnownFileType = text; path = indekso_fy.dat; sourceTree = "<group>"; };
		008489B92263E24F0071CEC2 /* indekso_eu.dat */ = {isa = PBXFileReference; fileEncoding = 4; lastKnownFileType = text; path = indekso_eu.dat; sourceTree = "<group>"; };
		008489BA2263E24F0071CEC2 /* indekso_pt.dat */ = {isa = PBXFileReference; fileEncoding = 4; lastKnownFileType = text; path = indekso_pt.dat; sourceTree = "<group>"; };
		008489BB2263E24F0071CEC2 /* indekso_so.dat */ = {isa = PBXFileReference; fileEncoding = 4; lastKnownFileType = text; path = indekso_so.dat; sourceTree = "<group>"; };
		008489BC2263E24F0071CEC2 /* indekso_sn.dat */ = {isa = PBXFileReference; fileEncoding = 4; lastKnownFileType = text; path = indekso_sn.dat; sourceTree = "<group>"; };
		008489BD2263E24F0071CEC2 /* indekso_et.dat */ = {isa = PBXFileReference; fileEncoding = 4; lastKnownFileType = text; path = indekso_et.dat; sourceTree = "<group>"; };
		008489BE2263E24F0071CEC2 /* indekso_fo.dat */ = {isa = PBXFileReference; fileEncoding = 4; lastKnownFileType = text; path = indekso_fo.dat; sourceTree = "<group>"; };
		008489BF2263E24F0071CEC2 /* indekso_iu.dat */ = {isa = PBXFileReference; fileEncoding = 4; lastKnownFileType = text; path = indekso_iu.dat; sourceTree = "<group>"; };
		008489C02263E24F0071CEC2 /* indekso_de.dat */ = {isa = PBXFileReference; fileEncoding = 4; lastKnownFileType = text; path = indekso_de.dat; sourceTree = "<group>"; };
		008489C22263E24F0071CEC2 /* indekso_sl.dat */ = {isa = PBXFileReference; fileEncoding = 4; lastKnownFileType = text; path = indekso_sl.dat; sourceTree = "<group>"; };
		008489C32263E24F0071CEC2 /* indekso_sm.dat */ = {isa = PBXFileReference; fileEncoding = 4; lastKnownFileType = text; path = indekso_sm.dat; sourceTree = "<group>"; };
		008489C42263E24F0071CEC2 /* indekso_pa.dat */ = {isa = PBXFileReference; fileEncoding = 4; lastKnownFileType = text; path = indekso_pa.dat; sourceTree = "<group>"; };
		008489C52263E24F0071CEC2 /* indekso_grc.dat */ = {isa = PBXFileReference; fileEncoding = 4; lastKnownFileType = text; path = indekso_grc.dat; sourceTree = "<group>"; };
		008489C62263E24F0071CEC2 /* indekso_it.dat */ = {isa = PBXFileReference; fileEncoding = 4; lastKnownFileType = text; path = indekso_it.dat; sourceTree = "<group>"; };
		008489C72263E24F0071CEC2 /* indekso_kk.dat */ = {isa = PBXFileReference; fileEncoding = 4; lastKnownFileType = text; path = indekso_kk.dat; sourceTree = "<group>"; };
		008489C82263E24F0071CEC2 /* indekso_ml.dat */ = {isa = PBXFileReference; fileEncoding = 4; lastKnownFileType = text; path = indekso_ml.dat; sourceTree = "<group>"; };
		008489C92263E24F0071CEC2 /* indekso_os.dat */ = {isa = PBXFileReference; fileEncoding = 4; lastKnownFileType = text; path = indekso_os.dat; sourceTree = "<group>"; };
		008489CA2263E24F0071CEC2 /* indekso_tn.dat */ = {isa = PBXFileReference; fileEncoding = 4; lastKnownFileType = text; path = indekso_tn.dat; sourceTree = "<group>"; };
		008489CB2263E24F0071CEC2 /* indekso_yi.dat */ = {isa = PBXFileReference; fileEncoding = 4; lastKnownFileType = text; path = indekso_yi.dat; sourceTree = "<group>"; };
		008489CC2263E24F0071CEC2 /* indekso_to.dat */ = {isa = PBXFileReference; fileEncoding = 4; lastKnownFileType = text; path = indekso_to.dat; sourceTree = "<group>"; };
		008489CD2263E24F0071CEC2 /* indekso_uk.dat */ = {isa = PBXFileReference; fileEncoding = 4; lastKnownFileType = text; path = indekso_uk.dat; sourceTree = "<group>"; };
		008489CE2263E24F0071CEC2 /* indekso_ay.dat */ = {isa = PBXFileReference; fileEncoding = 4; lastKnownFileType = text; path = indekso_ay.dat; sourceTree = "<group>"; };
		008489CF2263E24F0071CEC2 /* indekso_na.dat */ = {isa = PBXFileReference; fileEncoding = 4; lastKnownFileType = text; path = indekso_na.dat; sourceTree = "<group>"; };
		008489D02263E24F0071CEC2 /* indekso_or.dat */ = {isa = PBXFileReference; fileEncoding = 4; lastKnownFileType = text; path = indekso_or.dat; sourceTree = "<group>"; };
		008489D12263E24F0071CEC2 /* indekso_mo.dat */ = {isa = PBXFileReference; fileEncoding = 4; lastKnownFileType = text; path = indekso_mo.dat; sourceTree = "<group>"; };
		008489D22263E24F0071CEC2 /* indekso_cs.dat */ = {isa = PBXFileReference; fileEncoding = 4; lastKnownFileType = text; path = indekso_cs.dat; sourceTree = "<group>"; };
		008489D32263E24F0071CEC2 /* indekso_tl.dat */ = {isa = PBXFileReference; fileEncoding = 4; lastKnownFileType = text; path = indekso_tl.dat; sourceTree = "<group>"; };
		008489D42263E24F0071CEC2 /* indekso_az.dat */ = {isa = PBXFileReference; fileEncoding = 4; lastKnownFileType = text; path = indekso_az.dat; sourceTree = "<group>"; };
		008489D52263E24F0071CEC2 /* indekso_ba.dat */ = {isa = PBXFileReference; fileEncoding = 4; lastKnownFileType = text; path = indekso_ba.dat; sourceTree = "<group>"; };
		008489D62263E24F0071CEC2 /* indekso_am.dat */ = {isa = PBXFileReference; fileEncoding = 4; lastKnownFileType = text; path = indekso_am.dat; sourceTree = "<group>"; };
		008489D72263E24F0071CEC2 /* indekso_my.dat */ = {isa = PBXFileReference; fileEncoding = 4; lastKnownFileType = text; path = indekso_my.dat; sourceTree = "<group>"; };
		008489D82263E24F0071CEC2 /* indekso_mn.dat */ = {isa = PBXFileReference; fileEncoding = 4; lastKnownFileType = text; path = indekso_mn.dat; sourceTree = "<group>"; };
		008489D92263E24F0071CEC2 /* indekso_ln.dat */ = {isa = PBXFileReference; fileEncoding = 4; lastKnownFileType = text; path = indekso_ln.dat; sourceTree = "<group>"; };
		008489DA2263E24F0071CEC2 /* indekso_ca.dat */ = {isa = PBXFileReference; fileEncoding = 4; lastKnownFileType = text; path = indekso_ca.dat; sourceTree = "<group>"; };
		008489DB2263E24F0071CEC2 /* indekso_be.dat */ = {isa = PBXFileReference; fileEncoding = 4; lastKnownFileType = text; path = indekso_be.dat; sourceTree = "<group>"; };
		008489DC2263E24F0071CEC2 /* indekso_br.dat */ = {isa = PBXFileReference; fileEncoding = 4; lastKnownFileType = text; path = indekso_br.dat; sourceTree = "<group>"; };
		008489DD2263E24F0071CEC2 /* indekso_th.dat */ = {isa = PBXFileReference; fileEncoding = 4; lastKnownFileType = text; path = indekso_th.dat; sourceTree = "<group>"; };
		008489DE2263E24F0071CEC2 /* indekso_yo.dat */ = {isa = PBXFileReference; fileEncoding = 4; lastKnownFileType = text; path = indekso_yo.dat; sourceTree = "<group>"; };
		008489DF2263E24F0071CEC2 /* indekso_zu.dat */ = {isa = PBXFileReference; fileEncoding = 4; lastKnownFileType = text; path = indekso_zu.dat; sourceTree = "<group>"; };
		008489E02263E24F0071CEC2 /* indekso_ti.dat */ = {isa = PBXFileReference; fileEncoding = 4; lastKnownFileType = text; path = indekso_ti.dat; sourceTree = "<group>"; };
		008489E12263E24F0071CEC2 /* indekso_uz.dat */ = {isa = PBXFileReference; fileEncoding = 4; lastKnownFileType = text; path = indekso_uz.dat; sourceTree = "<group>"; };
		008489E22263E24F0071CEC2 /* indekso_mk.dat */ = {isa = PBXFileReference; fileEncoding = 4; lastKnownFileType = text; path = indekso_mk.dat; sourceTree = "<group>"; };
		008489E32263E24F0071CEC2 /* indekso_lo.dat */ = {isa = PBXFileReference; fileEncoding = 4; lastKnownFileType = text; path = indekso_lo.dat; sourceTree = "<group>"; };
		008489E42263E24F0071CEC2 /* indekso_oc.dat */ = {isa = PBXFileReference; fileEncoding = 4; lastKnownFileType = text; path = indekso_oc.dat; sourceTree = "<group>"; };
		008489E52263E24F0071CEC2 /* indekso_ne.dat */ = {isa = PBXFileReference; fileEncoding = 4; lastKnownFileType = text; path = indekso_ne.dat; sourceTree = "<group>"; };
		008489E62263E24F0071CEC2 /* indekso_mi.dat */ = {isa = PBXFileReference; fileEncoding = 4; lastKnownFileType = text; path = indekso_mi.dat; sourceTree = "<group>"; };
		008489E72263E24F0071CEC2 /* indekso_tk.dat */ = {isa = PBXFileReference; fileEncoding = 4; lastKnownFileType = text; path = indekso_tk.dat; sourceTree = "<group>"; };
		008489E82263E24F0071CEC2 /* indekso_xh.dat */ = {isa = PBXFileReference; fileEncoding = 4; lastKnownFileType = text; path = indekso_xh.dat; sourceTree = "<group>"; };
		008489E92263E24F0071CEC2 /* indekso_za.dat */ = {isa = PBXFileReference; fileEncoding = 4; lastKnownFileType = text; path = indekso_za.dat; sourceTree = "<group>"; };
		008489EA2263E24F0071CEC2 /* indekso_bg.dat */ = {isa = PBXFileReference; fileEncoding = 4; lastKnownFileType = text; path = indekso_bg.dat; sourceTree = "<group>"; };
		008489EB2263E24F0071CEC2 /* indekso_lv.dat */ = {isa = PBXFileReference; fileEncoding = 4; lastKnownFileType = text; path = indekso_lv.dat; sourceTree = "<group>"; };
		008489EC2263E24F0071CEC2 /* indekso_om.dat */ = {isa = PBXFileReference; fileEncoding = 4; lastKnownFileType = text; path = indekso_om.dat; sourceTree = "<group>"; };
		008489ED2263E24F0071CEC2 /* indekso_mr.dat */ = {isa = PBXFileReference; fileEncoding = 4; lastKnownFileType = text; path = indekso_mr.dat; sourceTree = "<group>"; };
		008489EE2263E24F0071CEC2 /* indekso_la.dat */ = {isa = PBXFileReference; fileEncoding = 4; lastKnownFileType = text; path = indekso_la.dat; sourceTree = "<group>"; };
		008489EF2263E24F0071CEC2 /* indekso_cy.dat */ = {isa = PBXFileReference; fileEncoding = 4; lastKnownFileType = text; path = indekso_cy.dat; sourceTree = "<group>"; };
		008489F02263E24F0071CEC2 /* indekso_af.dat */ = {isa = PBXFileReference; fileEncoding = 4; lastKnownFileType = text; path = indekso_af.dat; sourceTree = "<group>"; };
		008489F12263E24F0071CEC2 /* indekso_tp.dat */ = {isa = PBXFileReference; fileEncoding = 4; lastKnownFileType = text; path = indekso_tp.dat; sourceTree = "<group>"; };
		008489F22263E24F0071CEC2 /* indekso_vo.dat */ = {isa = PBXFileReference; fileEncoding = 4; lastKnownFileType = text; path = indekso_vo.dat; sourceTree = "<group>"; };
		008489F32263E24F0071CEC2 /* indekso_tg.dat */ = {isa = PBXFileReference; fileEncoding = 4; lastKnownFileType = text; path = indekso_tg.dat; sourceTree = "<group>"; };
		008489F42263E24F0071CEC2 /* indekso_co.dat */ = {isa = PBXFileReference; fileEncoding = 4; lastKnownFileType = text; path = indekso_co.dat; sourceTree = "<group>"; };
		008489F52263E24F0071CEC2 /* indekso_ms.dat */ = {isa = PBXFileReference; fileEncoding = 4; lastKnownFileType = text; path = indekso_ms.dat; sourceTree = "<group>"; };
		008489F62263E24F0071CEC2 /* indekso_bi.dat */ = {isa = PBXFileReference; fileEncoding = 4; lastKnownFileType = text; path = indekso_bi.dat; sourceTree = "<group>"; };
		008489F72263E24F0071CEC2 /* indekso_ar.dat */ = {isa = PBXFileReference; fileEncoding = 4; lastKnownFileType = text; path = indekso_ar.dat; sourceTree = "<group>"; };
		008489F82263E24F0071CEC2 /* indekso_ts.dat */ = {isa = PBXFileReference; fileEncoding = 4; lastKnownFileType = text; path = indekso_ts.dat; sourceTree = "<group>"; };
		008489F92263E24F0071CEC2 /* indekso_te.dat */ = {isa = PBXFileReference; fileEncoding = 4; lastKnownFileType = text; path = indekso_te.dat; sourceTree = "<group>"; };
		008489FA2263E24F0071CEC2 /* indekso_tr.dat */ = {isa = PBXFileReference; fileEncoding = 4; lastKnownFileType = text; path = indekso_tr.dat; sourceTree = "<group>"; };
		008489FB2263E24F0071CEC2 /* indekso_as.dat */ = {isa = PBXFileReference; fileEncoding = 4; lastKnownFileType = text; path = indekso_as.dat; sourceTree = "<group>"; };
		008489FC2263E24F0071CEC2 /* indekso_bh.dat */ = {isa = PBXFileReference; fileEncoding = 4; lastKnownFileType = text; path = indekso_bh.dat; sourceTree = "<group>"; };
		008489FD2263E24F0071CEC2 /* indekso_mg.dat */ = {isa = PBXFileReference; fileEncoding = 4; lastKnownFileType = text; path = indekso_mg.dat; sourceTree = "<group>"; };
		008489FE2263E24F0071CEC2 /* indekso_lt.dat */ = {isa = PBXFileReference; fileEncoding = 4; lastKnownFileType = text; path = indekso_lt.dat; sourceTree = "<group>"; };
		008489FF2263E24F0071CEC2 /* indekso_mt.dat */ = {isa = PBXFileReference; fileEncoding = 4; lastKnownFileType = text; path = indekso_mt.dat; sourceTree = "<group>"; };
		00848A002263E24F0071CEC2 /* indekso_no.dat */ = {isa = PBXFileReference; fileEncoding = 4; lastKnownFileType = text; path = indekso_no.dat; sourceTree = "<group>"; };
		00848A012263E24F0071CEC2 /* indekso_ta.dat */ = {isa = PBXFileReference; fileEncoding = 4; lastKnownFileType = text; path = indekso_ta.dat; sourceTree = "<group>"; };
		00848A022263E24F0071CEC2 /* indekso_ur.dat */ = {isa = PBXFileReference; fileEncoding = 4; lastKnownFileType = text; path = indekso_ur.dat; sourceTree = "<group>"; };
		00848A032263E24F0071CEC2 /* indekso_vi.dat */ = {isa = PBXFileReference; fileEncoding = 4; lastKnownFileType = text; path = indekso_vi.dat; sourceTree = "<group>"; };
		00848A042263E24F0071CEC2 /* indekso_tw.dat */ = {isa = PBXFileReference; fileEncoding = 4; lastKnownFileType = text; path = indekso_tw.dat; sourceTree = "<group>"; };
		00848A052263E24F0071CEC2 /* indekso_nl.dat */ = {isa = PBXFileReference; fileEncoding = 4; lastKnownFileType = text; path = indekso_nl.dat; sourceTree = "<group>"; };
		00848A062263E24F0071CEC2 /* indekso_bo.dat */ = {isa = PBXFileReference; fileEncoding = 4; lastKnownFileType = text; path = indekso_bo.dat; sourceTree = "<group>"; };
		00848A072263E24F0071CEC2 /* indekso_zh.dat */ = {isa = PBXFileReference; fileEncoding = 4; lastKnownFileType = text; path = indekso_zh.dat; sourceTree = "<group>"; };
		00848A082263E24F0071CEC2 /* indekso_wo.dat */ = {isa = PBXFileReference; fileEncoding = 4; lastKnownFileType = text; path = indekso_wo.dat; sourceTree = "<group>"; };
		00848A092263E24F0071CEC2 /* indekso_tt.dat */ = {isa = PBXFileReference; fileEncoding = 4; lastKnownFileType = text; path = indekso_tt.dat; sourceTree = "<group>"; };
		00848A0A2263E24F0071CEC2 /* indekso_ug.dat */ = {isa = PBXFileReference; fileEncoding = 4; lastKnownFileType = text; path = indekso_ug.dat; sourceTree = "<group>"; };
		00848A0B2263E24F0071CEC2 /* indekso_bn.dat */ = {isa = PBXFileReference; fileEncoding = 4; lastKnownFileType = text; path = indekso_bn.dat; sourceTree = "<group>"; };
		00848A0C2263E24F0071CEC2 /* indekso_ab.dat */ = {isa = PBXFileReference; fileEncoding = 4; lastKnownFileType = text; path = indekso_ab.dat; sourceTree = "<group>"; };
		00848A0D2263E24F0071CEC2 /* indekso_fa.dat */ = {isa = PBXFileReference; fileEncoding = 4; lastKnownFileType = text; path = indekso_fa.dat; sourceTree = "<group>"; };
		00848A0E2263E24F0071CEC2 /* indekso_sw.dat */ = {isa = PBXFileReference; fileEncoding = 4; lastKnownFileType = text; path = indekso_sw.dat; sourceTree = "<group>"; };
		00848A0F2263E24F0071CEC2 /* indekso_pl.dat */ = {isa = PBXFileReference; fileEncoding = 4; lastKnownFileType = text; path = indekso_pl.dat; sourceTree = "<group>"; };
		00848A102263E24F0071CEC2 /* indekso_jbo.dat */ = {isa = PBXFileReference; fileEncoding = 4; lastKnownFileType = text; path = indekso_jbo.dat; sourceTree = "<group>"; };
		00848A112263E24F0071CEC2 /* indekso_sa.dat */ = {isa = PBXFileReference; fileEncoding = 4; lastKnownFileType = text; path = indekso_sa.dat; sourceTree = "<group>"; };
		00848A122263E24F0071CEC2 /* indekso_kek.dat */ = {isa = PBXFileReference; fileEncoding = 4; lastKnownFileType = text; path = indekso_kek.dat; sourceTree = "<group>"; };
		00848A132263E24F0071CEC2 /* indekso_sv.dat */ = {isa = PBXFileReference; fileEncoding = 4; lastKnownFileType = text; path = indekso_sv.dat; sourceTree = "<group>"; };
		00848A142263E24F0071CEC2 /* indekso_gd.dat */ = {isa = PBXFileReference; fileEncoding = 4; lastKnownFileType = text; path = indekso_gd.dat; sourceTree = "<group>"; };
		00848A152263E24F0071CEC2 /* indekso_el.dat */ = {isa = PBXFileReference; fileEncoding = 4; lastKnownFileType = text; path = indekso_el.dat; sourceTree = "<group>"; };
		00848A162263E24F0071CEC2 /* indekso_io.dat */ = {isa = PBXFileReference; fileEncoding = 4; lastKnownFileType = text; path = indekso_io.dat; sourceTree = "<group>"; };
		00848A172263E24F0071CEC2 /* indekso_hi.dat */ = {isa = PBXFileReference; fileEncoding = 4; lastKnownFileType = text; path = indekso_hi.dat; sourceTree = "<group>"; };
		00848A182263E24F0071CEC2 /* indekso_ja.dat */ = {isa = PBXFileReference; fileEncoding = 4; lastKnownFileType = text; path = indekso_ja.dat; sourceTree = "<group>"; };
		00848A192263E24F0071CEC2 /* indekso_en.dat */ = {isa = PBXFileReference; fileEncoding = 4; lastKnownFileType = text; path = indekso_en.dat; sourceTree = "<group>"; };
		00848A1A2263E24F0071CEC2 /* indekso_st.dat */ = {isa = PBXFileReference; fileEncoding = 4; lastKnownFileType = text; path = indekso_st.dat; sourceTree = "<group>"; };
		00848A1B2263E24F0071CEC2 /* indekso_su.dat */ = {isa = PBXFileReference; fileEncoding = 4; lastKnownFileType = text; path = indekso_su.dat; sourceTree = "<group>"; };
		00848A1C2263E24F0071CEC2 /* indekso_eo.dat */ = {isa = PBXFileReference; fileEncoding = 4; lastKnownFileType = text; path = indekso_eo.dat; sourceTree = "<group>"; };
		00848A1D2263E24F0071CEC2 /* indekso_jw.dat */ = {isa = PBXFileReference; fileEncoding = 4; lastKnownFileType = text; path = indekso_jw.dat; sourceTree = "<group>"; };
		00848A1E2263E24F0071CEC2 /* indekso_ks.dat */ = {isa = PBXFileReference; fileEncoding = 4; lastKnownFileType = text; path = indekso_ks.dat; sourceTree = "<group>"; };
		00848A1F2263E24F0071CEC2 /* indekso_sq.dat */ = {isa = PBXFileReference; fileEncoding = 4; lastKnownFileType = text; path = indekso_sq.dat; sourceTree = "<group>"; };
		00848A202263E24F0071CEC2 /* indekso_ru.dat */ = {isa = PBXFileReference; fileEncoding = 4; lastKnownFileType = text; path = indekso_ru.dat; sourceTree = "<group>"; };
		00848A212263E24F0071CEC2 /* indekso_sg.dat */ = {isa = PBXFileReference; fileEncoding = 4; lastKnownFileType = text; path = indekso_sg.dat; sourceTree = "<group>"; };
		00848A222263E24F0071CEC2 /* indekso_lat.dat */ = {isa = PBXFileReference; fileEncoding = 4; lastKnownFileType = text; path = indekso_lat.dat; sourceTree = "<group>"; };
		00848A232263E24F0071CEC2 /* indekso_gu.dat */ = {isa = PBXFileReference; fileEncoding = 4; lastKnownFileType = text; path = indekso_gu.dat; sourceTree = "<group>"; };
		00848A242263E24F0071CEC2 /* indekso_ka.dat */ = {isa = PBXFileReference; fileEncoding = 4; lastKnownFileType = text; path = indekso_ka.dat; sourceTree = "<group>"; };
		00848A252263E24F0071CEC2 /* indekso_ik.dat */ = {isa = PBXFileReference; fileEncoding = 4; lastKnownFileType = text; path = indekso_ik.dat; sourceTree = "<group>"; };
		00848A262263E24F0071CEC2 /* indekso_sr.dat */ = {isa = PBXFileReference; fileEncoding = 4; lastKnownFileType = text; path = indekso_sr.dat; sourceTree = "<group>"; };
		00848A272263E24F0071CEC2 /* indekso_ss.dat */ = {isa = PBXFileReference; fileEncoding = 4; lastKnownFileType = text; path = indekso_ss.dat; sourceTree = "<group>"; };
		00848A282263E24F0071CEC2 /* indekso_rw.dat */ = {isa = PBXFileReference; fileEncoding = 4; lastKnownFileType = text; path = indekso_rw.dat; sourceTree = "<group>"; };
		00848A292263E24F0071CEC2 /* indekso_sd.dat */ = {isa = PBXFileReference; fileEncoding = 4; lastKnownFileType = text; path = indekso_sd.dat; sourceTree = "<group>"; };
		00848A2A2263E24F0071CEC2 /* indekso_fr.dat */ = {isa = PBXFileReference; fileEncoding = 4; lastKnownFileType = text; path = indekso_fr.dat; sourceTree = "<group>"; };
		00848A2B2263E24F0071CEC2 /* indekso_dz.dat */ = {isa = PBXFileReference; fileEncoding = 4; lastKnownFileType = text; path = indekso_dz.dat; sourceTree = "<group>"; };
		00848A2C2263E24F0071CEC2 /* indekso_ga.dat */ = {isa = PBXFileReference; fileEncoding = 4; lastKnownFileType = text; path = indekso_ga.dat; sourceTree = "<group>"; };
		00848A2D2263E24F0071CEC2 /* indekso_ku.dat */ = {isa = PBXFileReference; fileEncoding = 4; lastKnownFileType = text; path = indekso_ku.dat; sourceTree = "<group>"; };
		00848A2E2263E24F0071CEC2 /* indekso_hy.dat */ = {isa = PBXFileReference; fileEncoding = 4; lastKnownFileType = text; path = indekso_hy.dat; sourceTree = "<group>"; };
		0097B1B622DEB049003DEDC4 /* TrieLegilo.swift */ = {isa = PBXFileReference; lastKnownFileType = sourcecode.swift; path = TrieLegilo.swift; sourceTree = "<group>"; };
		00A869CD22764B3500A856E9 /* PoshReVoDatumbazo.sqlite */ = {isa = PBXFileReference; lastKnownFileType = file; path = PoshReVoDatumbazo.sqlite; sourceTree = "<group>"; };
		00D0B71822D1474100814637 /* Pagharo.swift */ = {isa = PBXFileReference; lastKnownFileType = sourcecode.swift; path = Pagharo.swift; sourceTree = "<group>"; };
		00D0B71A22D1477F00814637 /* PaghMotoro.swift */ = {isa = PBXFileReference; lastKnownFileType = sourcecode.swift; path = PaghMotoro.swift; sourceTree = "<group>"; };
		47EF2D02040D4CCD471ACA36 /* Pods.framework */ = {isa = PBXFileReference; explicitFileType = wrapper.framework; includeInIndex = 0; path = Pods.framework; sourceTree = BUILT_PRODUCTS_DIR; };
		6D400D687919A5D860DDEA7C /* Pods-PoshReVo.debug.xcconfig */ = {isa = PBXFileReference; includeInIndex = 1; lastKnownFileType = text.xcconfig; name = "Pods-PoshReVo.debug.xcconfig"; path = "Pods/Target Support Files/Pods-PoshReVo/Pods-PoshReVo.debug.xcconfig"; sourceTree = "<group>"; };
		9310B9D90FE8D936EB3410BA /* Pods-PoshReVo.release.xcconfig */ = {isa = PBXFileReference; includeInIndex = 1; lastKnownFileType = text.xcconfig; name = "Pods-PoshReVo.release.xcconfig"; path = "Pods/Target Support Files/Pods-PoshReVo/Pods-PoshReVo.release.xcconfig"; sourceTree = "<group>"; };
		DFC0D67AB59AE09A62C26831 /* Pods_PoshReVo.framework */ = {isa = PBXFileReference; explicitFileType = wrapper.framework; includeInIndex = 0; path = Pods_PoshReVo.framework; sourceTree = BUILT_PRODUCTS_DIR; };
/* End PBXFileReference section */

/* Begin PBXFrameworksBuildPhase section */
		000985941C31F0CB0083DE24 /* Frameworks */ = {
			isa = PBXFrameworksBuildPhase;
			buildActionMask = 2147483647;
			files = (
				7D5D86C69AE149885D31A327 /* Pods_PoshReVo.framework in Frameworks */,
			);
			runOnlyForDeploymentPostprocessing = 0;
		};
		000985A81C31F0CB0083DE24 /* Frameworks */ = {
			isa = PBXFrameworksBuildPhase;
			buildActionMask = 2147483647;
			files = (
			);
			runOnlyForDeploymentPostprocessing = 0;
		};
		000985B31C31F0CB0083DE24 /* Frameworks */ = {
			isa = PBXFrameworksBuildPhase;
			buildActionMask = 2147483647;
			files = (
			);
			runOnlyForDeploymentPostprocessing = 0;
		};
/* End PBXFrameworksBuildPhase section */

/* Begin PBXGroup section */
		0003C4C422C9B00F0090A4D3 /* Artikoloj */ = {
			isa = PBXGroup;
			children = (
				0084891E226385200071CEC2 /* ArtikoloViewController.swift */,
				0084891B226385200071CEC2 /* ArtikoloViewController.xib */,
				0084891C226385200071CEC2 /* ArtikolCheloTableViewCell.swift */,
				0084892A226385200071CEC2 /* ArtikoloTableViewCell.xib */,
				0084892F226385200071CEC2 /* ArtikoloKapoTableViewHeaderFooterView.swift */,
				00848920226385200071CEC2 /* ArtikoloKapoTableViewHeaderFooterView.xib */,
				00848923226385200071CEC2 /* ArtikoloPiedButonoTableViewHeaderFooterView.swift */,
				0084892D226385200071CEC2 /* ArtikoloPiedButonoTableViewHeaderFooterView.xib */,
			);
			path = Artikoloj;
			sourceTree = "<group>";
		};
		0003C4C522C9B0790090A4D3 /* Agordoj */ = {
			isa = PBXGroup;
			children = (
				00848925226385200071CEC2 /* SerchLingvoElektiloViewController.swift */,
				00848922226385200071CEC2 /* SerchLingvoElektiloViewController.xib */,
				0084891D226385200071CEC2 /* TradukLingvojElektiloViewController.swift */,
				0084891F226385200071CEC2 /* TradukLingvojElektiloViewController.xib */,
				00848926226385200071CEC2 /* TradukLingvoElektiloTableViewCell.swift */,
				00848921226385200071CEC2 /* TradukLingvoElektiloTableViewCell.xib */,
				00848927226385200071CEC2 /* StiloElektiloViewController.swift */,
				00848924226385200071CEC2 /* StiloElektiloViewController.xib */,
				0084892B226385200071CEC2 /* ShanghiTekstGrandeconViewController.xib */,
			);
			path = Agordoj;
			sourceTree = "<group>";
		};
		0003C4C622C9B0B10090A4D3 /* Pri */ = {
			isa = PBXGroup;
			children = (
				00848928226385200071CEC2 /* LicencoViewController.swift */,
				00848929226385200071CEC2 /* LicencoViewController.xib */,
			);
			path = Pri;
			sourceTree = "<group>";
		};
		0003C4C722C9B0DE0090A4D3 /* Serchado */ = {
			isa = PBXGroup;
			children = (
				0084892E226385200071CEC2 /* VortoDisigiloViewController.swift */,
				0084892C226385200071CEC2 /* VortoDisigiloViewController.xib */,
			);
			path = Serchado;
			sourceTree = "<group>";
		};
		0009858E1C31F0CB0083DE24 = {
			isa = PBXGroup;
			children = (
				0084890D226385200071CEC2 /* PoshReVo */,
				000985981C31F0CB0083DE24 /* Products */,
				0282B2FEF6E4EC8E45CCEF41 /* Frameworks */,
				93F3CA26D2E3AB8B6C0FBA24 /* Pods */,
			);
			sourceTree = "<group>";
		};
		000985981C31F0CB0083DE24 /* Products */ = {
			isa = PBXGroup;
			children = (
				000985971C31F0CB0083DE24 /* PoshReVo.app */,
				000985AB1C31F0CB0083DE24 /* PoshReVo.xctest */,
				000985B61C31F0CB0083DE24 /* PoshReVo.xctest */,
			);
			name = Products;
			sourceTree = "<group>";
		};
		00477A6D227654B700515416 /* Base.lproj */ = {
			isa = PBXGroup;
			children = (
				00477A6E227654B700515416 /* Localizable.strings */,
			);
			name = Base.lproj;
			path = PoshReVo/Helpajhoj/Base.lproj;
			sourceTree = SOURCE_ROOT;
		};
		00477A71227654ED00515416 /* Helpajhoj */ = {
			isa = PBXGroup;
			children = (
				0084894A226385200071CEC2 /* Datumbazo */,
				00848919226385200071CEC2 /* LaunchScreen.storyboard */,
				00477A6D227654B700515416 /* Base.lproj */,
				00848930226385200071CEC2 /* Assets.xcassets */,
			);
			path = Helpajhoj;
			sourceTree = "<group>";
		};
		0084890D226385200071CEC2 /* PoshReVo */ = {
			isa = PBXGroup;
			children = (
				00848948226385200071CEC2 /* AppDelegate.swift */,
				0084894C226385200071CEC2 /* Info.plist */,
				008489942263E18B0071CEC2 /* Konstruado */,
				0084890E226385200071CEC2 /* Motoroj */,
				00848938226385200071CEC2 /* Navigaciiloj */,
				0084893B226385200071CEC2 /* Chefaj Paghoj */,
				0084891A226385200071CEC2 /* Subaj Paghoj */,
				00848933226385200071CEC2 /* Flanka Menuo */,
				00477A71227654ED00515416 /* Helpajhoj */,
			);
			path = PoshReVo;
			sourceTree = "<group>";
		};
		0084890E226385200071CEC2 /* Motoroj */ = {
			isa = PBXGroup;
			children = (
				00D0B71722D1473300814637 /* Pagharo */,
				00848917226385200071CEC2 /* ModelObjekto.swift */,
				0084890F226385200071CEC2 /* SeancDatumaro.swift */,
				00848910226385200071CEC2 /* UzantDatumaro.swift */,
				0097B1B622DEB049003DEDC4 /* TrieLegilo.swift */,
				00848918226385200071CEC2 /* Koloroj.swift */,
				00848911226385200071CEC2 /* Stiloj.swift */,
				00848916226385200071CEC2 /* Iloj.swift */,
				00848912226385200071CEC2 /* ObjC Ponto */,
			);
			path = Motoroj;
			sourceTree = "<group>";
		};
		00848912226385200071CEC2 /* ObjC Ponto */ = {
			isa = PBXGroup;
			children = (
				00848913226385200071CEC2 /* PoshReVo-Bridging-Header.h */,
				00848914226385200071CEC2 /* ObjCPonto.m */,
				00848915226385200071CEC2 /* ObjCPonto.h */,
			);
			path = "ObjC Ponto";
			sourceTree = "<group>";
		};
		0084891A226385200071CEC2 /* Subaj Paghoj */ = {
			isa = PBXGroup;
			children = (
				0003C4C722C9B0DE0090A4D3 /* Serchado */,
				0003C4C422C9B00F0090A4D3 /* Artikoloj */,
				0003C4C522C9B0790090A4D3 /* Agordoj */,
				0003C4C622C9B0B10090A4D3 /* Pri */,
			);
			path = "Subaj Paghoj";
			sourceTree = "<group>";
		};
		00848933226385200071CEC2 /* Flanka Menuo */ = {
			isa = PBXGroup;
			children = (
				00848935226385200071CEC2 /* FlankMenuoViewController.swift */,
				00848937226385200071CEC2 /* FlankMenuoViewController.xib */,
				00848936226385200071CEC2 /* FlankMenuoTableViewCell.swift */,
				00848934226385200071CEC2 /* FlankMenuoTableViewCell.xib */,
			);
			path = "Flanka Menuo";
			sourceTree = "<group>";
		};
		00848938226385200071CEC2 /* Navigaciiloj */ = {
			isa = PBXGroup;
			children = (
				0084893A226385200071CEC2 /* ChefaNavigationController.swift */,
				00848939226385200071CEC2 /* HelpaNavigationController.swift */,
			);
			path = Navigaciiloj;
			sourceTree = "<group>";
		};
		0084893B226385200071CEC2 /* Chefaj Paghoj */ = {
			isa = PBXGroup;
			children = (
				00848943226385200071CEC2 /* IngoPaghoViewController.swift */,
				00848945226385200071CEC2 /* IngoPaghoViewController.xib */,
				00848941226385200071CEC2 /* SerchPaghoViewController.swift */,
				0084893E226385200071CEC2 /* SerchPaghoViewController.xib */,
				0084893F226385200071CEC2 /* HistorioViewController.swift */,
				00848946226385200071CEC2 /* HistorioViewController.xib */,
				00848944226385200071CEC2 /* KonservitajViewController.swift */,
				00848942226385200071CEC2 /* KonservitajViewController.xib */,
				0084893C226385200071CEC2 /* AgordojViewController.swift */,
				00848940226385200071CEC2 /* AgordojViewController.xib */,
				00848947226385200071CEC2 /* PriViewController.swift */,
				00477A6B227651AA00515416 /* PriViewController.xib */,
			);
			path = "Chefaj Paghoj";
			sourceTree = "<group>";
		};
		0084894A226385200071CEC2 /* Datumbazo */ = {
			isa = PBXGroup;
			children = (
				00A869CD22764B3500A856E9 /* PoshReVoDatumbazo.sqlite */,
				008489952263E2350071CEC2 /* Datumoj */,
				0084898D226387F00071CEC2 /* PoshReVoDatumoj.xcdatamodeld */,
			);
			path = Datumbazo;
			sourceTree = "<group>";
		};
		008489942263E18B0071CEC2 /* Konstruado */ = {
			isa = PBXGroup;
			children = (
				008489912263E0470071CEC2 /* DatumLegilo.swift */,
				008489902263E0470071CEC2 /* TrieFarilo.swift */,
			);
			path = Konstruado;
			sourceTree = "<group>";
		};
		008489952263E2350071CEC2 /* Datumoj */ = {
			isa = PBXGroup;
			children = (
				008489972263E24F0071CEC2 /* fakoj.dat */,
				0084899B2263E24F0071CEC2 /* indeksoj */,
				008489962263E24F0071CEC2 /* lingvoj.dat */,
				008489982263E24F0071CEC2 /* mallongigoj.dat */,
				008489992263E24F0071CEC2 /* stiloj.dat */,
				0084899A2263E24F0071CEC2 /* vortoj.dat */,
			);
			path = Datumoj;
			sourceTree = "<group>";
		};
		0084899B2263E24F0071CEC2 /* indeksoj */ = {
			isa = PBXGroup;
			children = (
				0084899C2263E24F0071CEC2 /* indekso_ko.dat */,
				0084899D2263E24F0071CEC2 /* indekso_gl.dat */,
				0084899E2263E24F0071CEC2 /* indekso_es.dat */,
				0084899F2263E24F0071CEC2 /* indekso_si.dat */,
				008489A02263E24F0071CEC2 /* indekso_rm.dat */,
				008489A12263E24F0071CEC2 /* indekso_goyu.dat */,
				008489A22263E24F0071CEC2 /* indekso_sh.dat */,
				008489A32263E24F0071CEC2 /* indekso_ps.dat */,
				008489A42263E24F0071CEC2 /* indekso_da.dat */,
				008489A52263E24F0071CEC2 /* indekso_fi.dat */,
				008489A62263E24F0071CEC2 /* indekso_ky.dat */,
				008489A72263E24F0071CEC2 /* indekso_kn.dat */,
				008489A82263E24F0071CEC2 /* indekso_hu.dat */,
				008489A92263E24F0071CEC2 /* indekso_is.dat */,
				008489AA2263E24F0071CEC2 /* indekso_kl.dat */,
				008489AB2263E24F0071CEC2 /* indekso_id.dat */,
				008489AC2263E24F0071CEC2 /* indekso_qu.dat */,
				008489AD2263E24F0071CEC2 /* indekso_rn.dat */,
				008489AE2263E24F0071CEC2 /* indekso_sk.dat */,
				008489AF2263E24F0071CEC2 /* indekso_ro.dat */,
				008489B02263E24F0071CEC2 /* indekso_gn.dat */,
				008489B12263E24F0071CEC2 /* indekso_fj.dat */,
				008489B22263E24F0071CEC2 /* indekso_ha.dat */,
				008489B32263E24F0071CEC2 /* indekso_ie.dat */,
				008489B42263E24F0071CEC2 /* indekso_km.dat */,
				008489B52263E24F0071CEC2 /* indekso_ia.dat */,
				008489B62263E24F0071CEC2 /* indekso_he.dat */,
				008489B72263E24F0071CEC2 /* indekso_hr.dat */,
				008489B82263E24F0071CEC2 /* indekso_fy.dat */,
				008489B92263E24F0071CEC2 /* indekso_eu.dat */,
				008489BA2263E24F0071CEC2 /* indekso_pt.dat */,
				008489BB2263E24F0071CEC2 /* indekso_so.dat */,
				008489BC2263E24F0071CEC2 /* indekso_sn.dat */,
				008489BD2263E24F0071CEC2 /* indekso_et.dat */,
				008489BE2263E24F0071CEC2 /* indekso_fo.dat */,
				008489BF2263E24F0071CEC2 /* indekso_iu.dat */,
				008489C02263E24F0071CEC2 /* indekso_de.dat */,
				008489C22263E24F0071CEC2 /* indekso_sl.dat */,
				008489C32263E24F0071CEC2 /* indekso_sm.dat */,
				008489C42263E24F0071CEC2 /* indekso_pa.dat */,
				008489C52263E24F0071CEC2 /* indekso_grc.dat */,
				008489C62263E24F0071CEC2 /* indekso_it.dat */,
				008489C72263E24F0071CEC2 /* indekso_kk.dat */,
				008489C82263E24F0071CEC2 /* indekso_ml.dat */,
				008489C92263E24F0071CEC2 /* indekso_os.dat */,
				008489CA2263E24F0071CEC2 /* indekso_tn.dat */,
				008489CB2263E24F0071CEC2 /* indekso_yi.dat */,
				008489CC2263E24F0071CEC2 /* indekso_to.dat */,
				008489CD2263E24F0071CEC2 /* indekso_uk.dat */,
				008489CE2263E24F0071CEC2 /* indekso_ay.dat */,
				008489CF2263E24F0071CEC2 /* indekso_na.dat */,
				008489D02263E24F0071CEC2 /* indekso_or.dat */,
				008489D12263E24F0071CEC2 /* indekso_mo.dat */,
				008489D22263E24F0071CEC2 /* indekso_cs.dat */,
				008489D32263E24F0071CEC2 /* indekso_tl.dat */,
				008489D42263E24F0071CEC2 /* indekso_az.dat */,
				008489D52263E24F0071CEC2 /* indekso_ba.dat */,
				008489D62263E24F0071CEC2 /* indekso_am.dat */,
				008489D72263E24F0071CEC2 /* indekso_my.dat */,
				008489D82263E24F0071CEC2 /* indekso_mn.dat */,
				008489D92263E24F0071CEC2 /* indekso_ln.dat */,
				008489DA2263E24F0071CEC2 /* indekso_ca.dat */,
				008489DB2263E24F0071CEC2 /* indekso_be.dat */,
				008489DC2263E24F0071CEC2 /* indekso_br.dat */,
				008489DD2263E24F0071CEC2 /* indekso_th.dat */,
				008489DE2263E24F0071CEC2 /* indekso_yo.dat */,
				008489DF2263E24F0071CEC2 /* indekso_zu.dat */,
				008489E02263E24F0071CEC2 /* indekso_ti.dat */,
				008489E12263E24F0071CEC2 /* indekso_uz.dat */,
				008489E22263E24F0071CEC2 /* indekso_mk.dat */,
				008489E32263E24F0071CEC2 /* indekso_lo.dat */,
				008489E42263E24F0071CEC2 /* indekso_oc.dat */,
				008489E52263E24F0071CEC2 /* indekso_ne.dat */,
				008489E62263E24F0071CEC2 /* indekso_mi.dat */,
				008489E72263E24F0071CEC2 /* indekso_tk.dat */,
				008489E82263E24F0071CEC2 /* indekso_xh.dat */,
				008489E92263E24F0071CEC2 /* indekso_za.dat */,
				008489EA2263E24F0071CEC2 /* indekso_bg.dat */,
				008489EB2263E24F0071CEC2 /* indekso_lv.dat */,
				008489EC2263E24F0071CEC2 /* indekso_om.dat */,
				008489ED2263E24F0071CEC2 /* indekso_mr.dat */,
				008489EE2263E24F0071CEC2 /* indekso_la.dat */,
				008489EF2263E24F0071CEC2 /* indekso_cy.dat */,
				008489F02263E24F0071CEC2 /* indekso_af.dat */,
				008489F12263E24F0071CEC2 /* indekso_tp.dat */,
				008489F22263E24F0071CEC2 /* indekso_vo.dat */,
				008489F32263E24F0071CEC2 /* indekso_tg.dat */,
				008489F42263E24F0071CEC2 /* indekso_co.dat */,
				008489F52263E24F0071CEC2 /* indekso_ms.dat */,
				008489F62263E24F0071CEC2 /* indekso_bi.dat */,
				008489F72263E24F0071CEC2 /* indekso_ar.dat */,
				008489F82263E24F0071CEC2 /* indekso_ts.dat */,
				008489F92263E24F0071CEC2 /* indekso_te.dat */,
				008489FA2263E24F0071CEC2 /* indekso_tr.dat */,
				008489FB2263E24F0071CEC2 /* indekso_as.dat */,
				008489FC2263E24F0071CEC2 /* indekso_bh.dat */,
				008489FD2263E24F0071CEC2 /* indekso_mg.dat */,
				008489FE2263E24F0071CEC2 /* indekso_lt.dat */,
				008489FF2263E24F0071CEC2 /* indekso_mt.dat */,
				00848A002263E24F0071CEC2 /* indekso_no.dat */,
				00848A012263E24F0071CEC2 /* indekso_ta.dat */,
				00848A022263E24F0071CEC2 /* indekso_ur.dat */,
				00848A032263E24F0071CEC2 /* indekso_vi.dat */,
				00848A042263E24F0071CEC2 /* indekso_tw.dat */,
				00848A052263E24F0071CEC2 /* indekso_nl.dat */,
				00848A062263E24F0071CEC2 /* indekso_bo.dat */,
				00848A072263E24F0071CEC2 /* indekso_zh.dat */,
				00848A082263E24F0071CEC2 /* indekso_wo.dat */,
				00848A092263E24F0071CEC2 /* indekso_tt.dat */,
				00848A0A2263E24F0071CEC2 /* indekso_ug.dat */,
				00848A0B2263E24F0071CEC2 /* indekso_bn.dat */,
				00848A0C2263E24F0071CEC2 /* indekso_ab.dat */,
				00848A0D2263E24F0071CEC2 /* indekso_fa.dat */,
				00848A0E2263E24F0071CEC2 /* indekso_sw.dat */,
				00848A0F2263E24F0071CEC2 /* indekso_pl.dat */,
				00848A102263E24F0071CEC2 /* indekso_jbo.dat */,
				00848A112263E24F0071CEC2 /* indekso_sa.dat */,
				00848A122263E24F0071CEC2 /* indekso_kek.dat */,
				00848A132263E24F0071CEC2 /* indekso_sv.dat */,
				00848A142263E24F0071CEC2 /* indekso_gd.dat */,
				00848A152263E24F0071CEC2 /* indekso_el.dat */,
				00848A162263E24F0071CEC2 /* indekso_io.dat */,
				00848A172263E24F0071CEC2 /* indekso_hi.dat */,
				00848A182263E24F0071CEC2 /* indekso_ja.dat */,
				00848A192263E24F0071CEC2 /* indekso_en.dat */,
				00848A1A2263E24F0071CEC2 /* indekso_st.dat */,
				00848A1B2263E24F0071CEC2 /* indekso_su.dat */,
				00848A1C2263E24F0071CEC2 /* indekso_eo.dat */,
				00848A1D2263E24F0071CEC2 /* indekso_jw.dat */,
				00848A1E2263E24F0071CEC2 /* indekso_ks.dat */,
				00848A1F2263E24F0071CEC2 /* indekso_sq.dat */,
				00848A202263E24F0071CEC2 /* indekso_ru.dat */,
				00848A212263E24F0071CEC2 /* indekso_sg.dat */,
				00848A222263E24F0071CEC2 /* indekso_lat.dat */,
				00848A232263E24F0071CEC2 /* indekso_gu.dat */,
				00848A242263E24F0071CEC2 /* indekso_ka.dat */,
				00848A252263E24F0071CEC2 /* indekso_ik.dat */,
				00848A262263E24F0071CEC2 /* indekso_sr.dat */,
				00848A272263E24F0071CEC2 /* indekso_ss.dat */,
				00848A282263E24F0071CEC2 /* indekso_rw.dat */,
				00848A292263E24F0071CEC2 /* indekso_sd.dat */,
				00848A2A2263E24F0071CEC2 /* indekso_fr.dat */,
				00848A2B2263E24F0071CEC2 /* indekso_dz.dat */,
				00848A2C2263E24F0071CEC2 /* indekso_ga.dat */,
				00848A2D2263E24F0071CEC2 /* indekso_ku.dat */,
				00848A2E2263E24F0071CEC2 /* indekso_hy.dat */,
			);
			name = indeksoj;
			path = Prepariloj/preparita/indeksoj;
			sourceTree = SOURCE_ROOT;
		};
		00D0B71722D1473300814637 /* Pagharo */ = {
			isa = PBXGroup;
			children = (
				00D0B71822D1474100814637 /* Pagharo.swift */,
				00D0B71A22D1477F00814637 /* PaghMotoro.swift */,
			);
			path = Pagharo;
			sourceTree = "<group>";
		};
		0282B2FEF6E4EC8E45CCEF41 /* Frameworks */ = {
			isa = PBXGroup;
			children = (
				47EF2D02040D4CCD471ACA36 /* Pods.framework */,
				DFC0D67AB59AE09A62C26831 /* Pods_PoshReVo.framework */,
			);
			name = Frameworks;
			sourceTree = "<group>";
		};
		93F3CA26D2E3AB8B6C0FBA24 /* Pods */ = {
			isa = PBXGroup;
			children = (
				6D400D687919A5D860DDEA7C /* Pods-PoshReVo.debug.xcconfig */,
				9310B9D90FE8D936EB3410BA /* Pods-PoshReVo.release.xcconfig */,
			);
			name = Pods;
			sourceTree = "<group>";
		};
/* End PBXGroup section */

/* Begin PBXNativeTarget section */
		000985961C31F0CB0083DE24 /* PoshReVo */ = {
			isa = PBXNativeTarget;
			buildConfigurationList = 000985BF1C31F0CB0083DE24 /* Build configuration list for PBXNativeTarget "PoshReVo" */;
			buildPhases = (
				204E88F7D8733BB02F27269C /* [CP] Check Pods Manifest.lock */,
				000985931C31F0CB0083DE24 /* Sources */,
				000985941C31F0CB0083DE24 /* Frameworks */,
				000985951C31F0CB0083DE24 /* Resources */,
				29488E03CC32E129F3E387D6 /* [CP] Embed Pods Frameworks */,
			);
			buildRules = (
			);
			dependencies = (
			);
			name = PoshReVo;
			productName = PReVo;
			productReference = 000985971C31F0CB0083DE24 /* PoshReVo.app */;
			productType = "com.apple.product-type.application";
		};
		000985AA1C31F0CB0083DE24 /* PoshReVoTests */ = {
			isa = PBXNativeTarget;
			buildConfigurationList = 000985C21C31F0CB0083DE24 /* Build configuration list for PBXNativeTarget "PoshReVoTests" */;
			buildPhases = (
				000985A71C31F0CB0083DE24 /* Sources */,
				000985A81C31F0CB0083DE24 /* Frameworks */,
				000985A91C31F0CB0083DE24 /* Resources */,
			);
			buildRules = (
			);
			dependencies = (
				000985AD1C31F0CB0083DE24 /* PBXTargetDependency */,
			);
			name = PoshReVoTests;
			productName = PReVoTests;
			productReference = 000985AB1C31F0CB0083DE24 /* PoshReVo.xctest */;
			productType = "com.apple.product-type.bundle.unit-test";
		};
		000985B51C31F0CB0083DE24 /* PoshReVoUITests */ = {
			isa = PBXNativeTarget;
			buildConfigurationList = 000985C51C31F0CB0083DE24 /* Build configuration list for PBXNativeTarget "PoshReVoUITests" */;
			buildPhases = (
				000985B21C31F0CB0083DE24 /* Sources */,
				000985B31C31F0CB0083DE24 /* Frameworks */,
				000985B41C31F0CB0083DE24 /* Resources */,
			);
			buildRules = (
			);
			dependencies = (
				000985B81C31F0CB0083DE24 /* PBXTargetDependency */,
			);
			name = PoshReVoUITests;
			productName = PReVoUITests;
			productReference = 000985B61C31F0CB0083DE24 /* PoshReVo.xctest */;
			productType = "com.apple.product-type.bundle.ui-testing";
		};
/* End PBXNativeTarget section */

/* Begin PBXProject section */
		0009858F1C31F0CB0083DE24 /* Project object */ = {
			isa = PBXProject;
			attributes = {
				LastSwiftUpdateCheck = 0720;
				LastUpgradeCheck = 0730;
				ORGANIZATIONNAME = "Sinuous Rill";
				TargetAttributes = {
					000985961C31F0CB0083DE24 = {
						CreatedOnToolsVersion = 7.2;
						DevelopmentTeam = WYZ8GHNKW7;
					};
					000985AA1C31F0CB0083DE24 = {
						CreatedOnToolsVersion = 7.2;
						DevelopmentTeam = JZ3WYZWA8F;
						TestTargetID = 000985961C31F0CB0083DE24;
					};
					000985B51C31F0CB0083DE24 = {
						CreatedOnToolsVersion = 7.2;
						DevelopmentTeam = JZ3WYZWA8F;
						TestTargetID = 000985961C31F0CB0083DE24;
					};
				};
			};
			buildConfigurationList = 000985921C31F0CB0083DE24 /* Build configuration list for PBXProject "PoshReVo" */;
			compatibilityVersion = "Xcode 3.2";
			developmentRegion = English;
			hasScannedForEncodings = 0;
			knownRegions = (
				English,
				Base,
			);
			mainGroup = 0009858E1C31F0CB0083DE24;
			productRefGroup = 000985981C31F0CB0083DE24 /* Products */;
			projectDirPath = "";
			projectRoot = "";
			targets = (
				000985961C31F0CB0083DE24 /* PoshReVo */,
				000985AA1C31F0CB0083DE24 /* PoshReVoTests */,
				000985B51C31F0CB0083DE24 /* PoshReVoUITests */,
			);
		};
/* End PBXProject section */

/* Begin PBXResourcesBuildPhase section */
		000985951C31F0CB0083DE24 /* Resources */ = {
			isa = PBXResourcesBuildPhase;
			buildActionMask = 2147483647;
			files = (
				00F6D1B22290A21100F2EB6B /* Assets.xcassets in Resources */,
				00A869CE22764B6800A856E9 /* PoshReVoDatumbazo.sqlite in Resources */,
				00A869BB2276497000A856E9 /* SerchPaghoViewController.xib in Resources */,
				00A869BC2276497000A856E9 /* AgordojViewController.xib in Resources */,
				00A869BD2276497000A856E9 /* KonservitajViewController.xib in Resources */,
				00A869BE2276497000A856E9 /* IngoPaghoViewController.xib in Resources */,
				00A869BF2276497000A856E9 /* HistorioViewController.xib in Resources */,
				00A869C02276497000A856E9 /* ArtikoloViewController.xib in Resources */,
				00A869C12276497000A856E9 /* TradukLingvojElektiloViewController.xib in Resources */,
				00A869C22276497000A856E9 /* ArtikoloKapoTableViewHeaderFooterView.xib in Resources */,
				00A869C32276497000A856E9 /* TradukLingvoElektiloTableViewCell.xib in Resources */,
				00477A70227654B700515416 /* Localizable.strings in Resources */,
				00A869C42276497000A856E9 /* SerchLingvoElektiloViewController.xib in Resources */,
				00A869C52276497000A856E9 /* StiloElektiloViewController.xib in Resources */,
				00477A6C227651AA00515416 /* PriViewController.xib in Resources */,
				00A869C62276497000A856E9 /* LicencoViewController.xib in Resources */,
				00A869C72276497000A856E9 /* ArtikoloTableViewCell.xib in Resources */,
				00A869C82276497000A856E9 /* ShanghiTekstGrandeconViewController.xib in Resources */,
				00A869C92276497000A856E9 /* VortoDisigiloViewController.xib in Resources */,
				00A869CA2276497000A856E9 /* ArtikoloPiedButonoTableViewHeaderFooterView.xib in Resources */,
				00A869CB2276497000A856E9 /* FlankMenuoTableViewCell.xib in Resources */,
				00A869CC2276497000A856E9 /* FlankMenuoViewController.xib in Resources */,
				00D71F08229C24CE008CEA55 /* LaunchScreen.storyboard in Resources */,
			);
			runOnlyForDeploymentPostprocessing = 0;
		};
		000985A91C31F0CB0083DE24 /* Resources */ = {
			isa = PBXResourcesBuildPhase;
			buildActionMask = 2147483647;
			files = (
			);
			runOnlyForDeploymentPostprocessing = 0;
		};
		000985B41C31F0CB0083DE24 /* Resources */ = {
			isa = PBXResourcesBuildPhase;
			buildActionMask = 2147483647;
			files = (
			);
			runOnlyForDeploymentPostprocessing = 0;
		};
/* End PBXResourcesBuildPhase section */

/* Begin PBXShellScriptBuildPhase section */
		204E88F7D8733BB02F27269C /* [CP] Check Pods Manifest.lock */ = {
			isa = PBXShellScriptBuildPhase;
			buildActionMask = 2147483647;
			files = (
			);
			inputFileListPaths = (
			);
			inputPaths = (
				"${PODS_PODFILE_DIR_PATH}/Podfile.lock",
				"${PODS_ROOT}/Manifest.lock",
			);
			name = "[CP] Check Pods Manifest.lock";
			outputFileListPaths = (
			);
			outputPaths = (
				"$(DERIVED_FILE_DIR)/Pods-PoshReVo-checkManifestLockResult.txt",
			);
			runOnlyForDeploymentPostprocessing = 0;
			shellPath = /bin/sh;
			shellScript = "diff \"${PODS_PODFILE_DIR_PATH}/Podfile.lock\" \"${PODS_ROOT}/Manifest.lock\" > /dev/null\nif [ $? != 0 ] ; then\n    # print error to STDERR\n    echo \"error: The sandbox is not in sync with the Podfile.lock. Run 'pod install' or update your CocoaPods installation.\" >&2\n    exit 1\nfi\n# This output is used by Xcode 'outputs' to avoid re-running this script phase.\necho \"SUCCESS\" > \"${SCRIPT_OUTPUT_FILE_0}\"\n";
			showEnvVarsInLog = 0;
		};
		29488E03CC32E129F3E387D6 /* [CP] Embed Pods Frameworks */ = {
			isa = PBXShellScriptBuildPhase;
			buildActionMask = 2147483647;
			files = (
			);
			inputFileListPaths = (
			);
			inputPaths = (
				"${SRCROOT}/Pods/Target Support Files/Pods-PoshReVo/Pods-PoshReVo-frameworks.sh",
				"${BUILT_PRODUCTS_DIR}/TTTAttributedLabel/TTTAttributedLabel.framework",
				"${BUILT_PRODUCTS_DIR}/iOS-Slide-Menu/iOS_Slide_Menu.framework",
			);
			name = "[CP] Embed Pods Frameworks";
			outputFileListPaths = (
			);
			outputPaths = (
				"${TARGET_BUILD_DIR}/${FRAMEWORKS_FOLDER_PATH}/TTTAttributedLabel.framework",
				"${TARGET_BUILD_DIR}/${FRAMEWORKS_FOLDER_PATH}/iOS_Slide_Menu.framework",
			);
			runOnlyForDeploymentPostprocessing = 0;
			shellPath = /bin/sh;
			shellScript = "\"${SRCROOT}/Pods/Target Support Files/Pods-PoshReVo/Pods-PoshReVo-frameworks.sh\"\n";
			showEnvVarsInLog = 0;
		};
/* End PBXShellScriptBuildPhase section */

/* Begin PBXSourcesBuildPhase section */
		000985931C31F0CB0083DE24 /* Sources */ = {
			isa = PBXSourcesBuildPhase;
			buildActionMask = 2147483647;
			files = (
				00848970226385200071CEC2 /* HelpaNavigationController.swift in Sources */,
				00848972226385200071CEC2 /* AgordojViewController.swift in Sources */,
				0084896E226385200071CEC2 /* FlankMenuoTableViewCell.swift in Sources */,
				00848951226385200071CEC2 /* Iloj.swift in Sources */,
				0084897E226385200071CEC2 /* AppDelegate.swift in Sources */,
				0084895D226385200071CEC2 /* ArtikoloPiedButonoTableViewHeaderFooterView.swift in Sources */,
				0084897D226385200071CEC2 /* PriViewController.swift in Sources */,
				0097B1B722DEB049003DEDC4 /* TrieLegilo.swift in Sources */,
				00848950226385200071CEC2 /* ObjCPonto.m in Sources */,
				00848975226385200071CEC2 /* HistorioViewController.swift in Sources */,
				0084894F226385200071CEC2 /* Stiloj.swift in Sources */,
				00D0B71922D1474100814637 /* Pagharo.swift in Sources */,
				00848957226385200071CEC2 /* TradukLingvojElektiloViewController.swift in Sources */,
				0084894D226385200071CEC2 /* SeancDatumaro.swift in Sources */,
				00848962226385200071CEC2 /* LicencoViewController.swift in Sources */,
				0084895F226385200071CEC2 /* SerchLingvoElektiloViewController.swift in Sources */,
				00848977226385200071CEC2 /* SerchPaghoViewController.swift in Sources */,
				00848969226385200071CEC2 /* ArtikoloKapoTableViewHeaderFooterView.swift in Sources */,
				00848979226385200071CEC2 /* IngoPaghoViewController.swift in Sources */,
				008489922263E0470071CEC2 /* TrieFarilo.swift in Sources */,
				00848961226385200071CEC2 /* StiloElektiloViewController.swift in Sources */,
				00848952226385200071CEC2 /* ModelObjekto.swift in Sources */,
				00848953226385200071CEC2 /* Koloroj.swift in Sources */,
				00848968226385200071CEC2 /* VortoDisigiloViewController.swift in Sources */,
				0084897A226385200071CEC2 /* KonservitajViewController.swift in Sources */,
				0084898F226387F00071CEC2 /* PoshReVoDatumoj.xcdatamodeld in Sources */,
				00848958226385200071CEC2 /* ArtikoloViewController.swift in Sources */,
				00848960226385200071CEC2 /* TradukLingvoElektiloTableViewCell.swift in Sources */,
				00848956226385200071CEC2 /* ArtikolCheloTableViewCell.swift in Sources */,
				0084896D226385200071CEC2 /* FlankMenuoViewController.swift in Sources */,
				008489932263E0470071CEC2 /* DatumLegilo.swift in Sources */,
				0084894E226385200071CEC2 /* UzantDatumaro.swift in Sources */,
				00848971226385200071CEC2 /* ChefaNavigationController.swift in Sources */,
				00D0B71B22D1477F00814637 /* PaghMotoro.swift in Sources */,
			);
			runOnlyForDeploymentPostprocessing = 0;
		};
		000985A71C31F0CB0083DE24 /* Sources */ = {
			isa = PBXSourcesBuildPhase;
			buildActionMask = 2147483647;
			files = (
			);
			runOnlyForDeploymentPostprocessing = 0;
		};
		000985B21C31F0CB0083DE24 /* Sources */ = {
			isa = PBXSourcesBuildPhase;
			buildActionMask = 2147483647;
			files = (
			);
			runOnlyForDeploymentPostprocessing = 0;
		};
/* End PBXSourcesBuildPhase section */

/* Begin PBXTargetDependency section */
		000985AD1C31F0CB0083DE24 /* PBXTargetDependency */ = {
			isa = PBXTargetDependency;
			target = 000985961C31F0CB0083DE24 /* PoshReVo */;
			targetProxy = 000985AC1C31F0CB0083DE24 /* PBXContainerItemProxy */;
		};
		000985B81C31F0CB0083DE24 /* PBXTargetDependency */ = {
			isa = PBXTargetDependency;
			target = 000985961C31F0CB0083DE24 /* PoshReVo */;
			targetProxy = 000985B71C31F0CB0083DE24 /* PBXContainerItemProxy */;
		};
/* End PBXTargetDependency section */

/* Begin PBXVariantGroup section */
		00477A6E227654B700515416 /* Localizable.strings */ = {
			isa = PBXVariantGroup;
			children = (
				00477A6F227654B700515416 /* Base */,
			);
			name = Localizable.strings;
			sourceTree = "<group>";
		};
/* End PBXVariantGroup section */

/* Begin XCBuildConfiguration section */
		000985BD1C31F0CB0083DE24 /* Debug */ = {
			isa = XCBuildConfiguration;
			buildSettings = {
				ALWAYS_SEARCH_USER_PATHS = NO;
				CLANG_CXX_LANGUAGE_STANDARD = "gnu++0x";
				CLANG_CXX_LIBRARY = "libc++";
				CLANG_ENABLE_MODULES = YES;
				CLANG_ENABLE_OBJC_ARC = YES;
				CLANG_WARN_BOOL_CONVERSION = YES;
				CLANG_WARN_CONSTANT_CONVERSION = YES;
				CLANG_WARN_DIRECT_OBJC_ISA_USAGE = YES_ERROR;
				CLANG_WARN_EMPTY_BODY = YES;
				CLANG_WARN_ENUM_CONVERSION = YES;
				CLANG_WARN_INT_CONVERSION = YES;
				CLANG_WARN_OBJC_ROOT_CLASS = YES_ERROR;
				CLANG_WARN_UNREACHABLE_CODE = YES;
				CLANG_WARN__DUPLICATE_METHOD_MATCH = YES;
				CODE_SIGN_IDENTITY = "iPhone Distribution";
				"CODE_SIGN_IDENTITY[sdk=iphoneos*]" = "iPhone Distribution";
				COPY_PHASE_STRIP = NO;
				DEBUG_INFORMATION_FORMAT = dwarf;
				DEVELOPMENT_TEAM = JZ3WYZWA8F;
				ENABLE_STRICT_OBJC_MSGSEND = YES;
				ENABLE_TESTABILITY = YES;
				GCC_C_LANGUAGE_STANDARD = gnu99;
				GCC_DYNAMIC_NO_PIC = NO;
				GCC_NO_COMMON_BLOCKS = YES;
				GCC_OPTIMIZATION_LEVEL = 0;
				GCC_PREPROCESSOR_DEFINITIONS = (
					"DEBUG=1",
					"$(inherited)",
				);
				GCC_WARN_64_TO_32_BIT_CONVERSION = YES;
				GCC_WARN_ABOUT_RETURN_TYPE = YES_ERROR;
				GCC_WARN_UNDECLARED_SELECTOR = YES;
				GCC_WARN_UNINITIALIZED_AUTOS = YES_AGGRESSIVE;
				GCC_WARN_UNUSED_FUNCTION = YES;
				GCC_WARN_UNUSED_VARIABLE = YES;
				IPHONEOS_DEPLOYMENT_TARGET = 9.2;
				MTL_ENABLE_DEBUG_INFO = YES;
				ONLY_ACTIVE_ARCH = YES;
				PROVISIONING_PROFILE = "9303a5a2-da06-46da-bf8c-8e3b5333ea76";
				SDKROOT = iphoneos;
				SWIFT_OPTIMIZATION_LEVEL = "-Onone";
				SWIFT_VERSION = 4.2;
				TARGETED_DEVICE_FAMILY = "1,2";
			};
			name = Debug;
		};
		000985BE1C31F0CB0083DE24 /* Release */ = {
			isa = XCBuildConfiguration;
			buildSettings = {
				ALWAYS_SEARCH_USER_PATHS = NO;
				CLANG_CXX_LANGUAGE_STANDARD = "gnu++0x";
				CLANG_CXX_LIBRARY = "libc++";
				CLANG_ENABLE_MODULES = YES;
				CLANG_ENABLE_OBJC_ARC = YES;
				CLANG_WARN_BOOL_CONVERSION = YES;
				CLANG_WARN_CONSTANT_CONVERSION = YES;
				CLANG_WARN_DIRECT_OBJC_ISA_USAGE = YES_ERROR;
				CLANG_WARN_EMPTY_BODY = YES;
				CLANG_WARN_ENUM_CONVERSION = YES;
				CLANG_WARN_INT_CONVERSION = YES;
				CLANG_WARN_OBJC_ROOT_CLASS = YES_ERROR;
				CLANG_WARN_UNREACHABLE_CODE = YES;
				CLANG_WARN__DUPLICATE_METHOD_MATCH = YES;
				CODE_SIGN_IDENTITY = "iPhone Distribution";
				"CODE_SIGN_IDENTITY[sdk=iphoneos*]" = "iPhone Distribution";
				COPY_PHASE_STRIP = NO;
				DEBUG_INFORMATION_FORMAT = "dwarf-with-dsym";
				DEVELOPMENT_TEAM = JZ3WYZWA8F;
				ENABLE_NS_ASSERTIONS = NO;
				ENABLE_STRICT_OBJC_MSGSEND = YES;
				GCC_C_LANGUAGE_STANDARD = gnu99;
				GCC_NO_COMMON_BLOCKS = YES;
				GCC_WARN_64_TO_32_BIT_CONVERSION = YES;
				GCC_WARN_ABOUT_RETURN_TYPE = YES_ERROR;
				GCC_WARN_UNDECLARED_SELECTOR = YES;
				GCC_WARN_UNINITIALIZED_AUTOS = YES_AGGRESSIVE;
				GCC_WARN_UNUSED_FUNCTION = YES;
				GCC_WARN_UNUSED_VARIABLE = YES;
				IPHONEOS_DEPLOYMENT_TARGET = 9.2;
				MTL_ENABLE_DEBUG_INFO = NO;
				PROVISIONING_PROFILE = "9303a5a2-da06-46da-bf8c-8e3b5333ea76";
				SDKROOT = iphoneos;
				SWIFT_VERSION = 4.2;
				TARGETED_DEVICE_FAMILY = "1,2";
				VALIDATE_PRODUCT = YES;
			};
			name = Release;
		};
		000985C01C31F0CB0083DE24 /* Debug */ = {
			isa = XCBuildConfiguration;
			baseConfigurationReference = 6D400D687919A5D860DDEA7C /* Pods-PoshReVo.debug.xcconfig */;
			buildSettings = {
				ASSETCATALOG_COMPILER_APPICON_NAME = AppIcon;
				CLANG_ENABLE_MODULES = YES;
				CODE_SIGN_IDENTITY = "iPhone Developer";
				"CODE_SIGN_IDENTITY[sdk=iphoneos*]" = "iPhone Developer";
				DEVELOPMENT_TEAM = WYZ8GHNKW7;
				INFOPLIST_FILE = PoshReVo/Info.plist;
				IPHONEOS_DEPLOYMENT_TARGET = 8.0;
				LD_RUNPATH_SEARCH_PATHS = "@executable_path/Frameworks $(inherited)";
				PRODUCT_BUNDLE_IDENTIFIER = com.SinuousRill.PReVo;
				PRODUCT_NAME = PoshReVo;
				PROVISIONING_PROFILE = "";
				SWIFT_OBJC_BRIDGING_HEADER = "PoshReVo/Motoroj/ObjC Ponto/PoshReVo-Bridging-Header.h";
				SWIFT_OPTIMIZATION_LEVEL = "-Onone";
			};
			name = Debug;
		};
		000985C11C31F0CB0083DE24 /* Release */ = {
			isa = XCBuildConfiguration;
			baseConfigurationReference = 9310B9D90FE8D936EB3410BA /* Pods-PoshReVo.release.xcconfig */;
			buildSettings = {
				ASSETCATALOG_COMPILER_APPICON_NAME = AppIcon;
				CLANG_ENABLE_MODULES = YES;
				CODE_SIGN_IDENTITY = "iPhone Developer";
				"CODE_SIGN_IDENTITY[sdk=iphoneos*]" = "iPhone Developer";
				DEVELOPMENT_TEAM = WYZ8GHNKW7;
				INFOPLIST_FILE = PoshReVo/Info.plist;
				IPHONEOS_DEPLOYMENT_TARGET = 8.0;
				LD_RUNPATH_SEARCH_PATHS = "@executable_path/Frameworks $(inherited)";
				PRODUCT_BUNDLE_IDENTIFIER = com.SinuousRill.PReVo;
				PRODUCT_NAME = PoshReVo;
				PROVISIONING_PROFILE = "";
				SWIFT_OBJC_BRIDGING_HEADER = "PoshReVo/Motoroj/ObjC Ponto/PoshReVo-Bridging-Header.h";
			};
			name = Release;
		};
		000985C31C31F0CB0083DE24 /* Debug */ = {
			isa = XCBuildConfiguration;
			buildSettings = {
				ALWAYS_EMBED_SWIFT_STANDARD_LIBRARIES = YES;
				BUNDLE_LOADER = "$(TEST_HOST)";
				INFOPLIST_FILE = PoshReVoTests/Info.plist;
				LD_RUNPATH_SEARCH_PATHS = "$(inherited) @executable_path/Frameworks @loader_path/Frameworks";
				PRODUCT_BUNDLE_IDENTIFIER = SinuousRill.PReVoTests;
				PRODUCT_NAME = PoshReVo;
				TEST_HOST = "$(BUILT_PRODUCTS_DIR)/PoshReVo.app/PoshReVo";
			};
			name = Debug;
		};
		000985C41C31F0CB0083DE24 /* Release */ = {
			isa = XCBuildConfiguration;
			buildSettings = {
				ALWAYS_EMBED_SWIFT_STANDARD_LIBRARIES = YES;
				BUNDLE_LOADER = "$(TEST_HOST)";
				INFOPLIST_FILE = PoshReVoTests/Info.plist;
				LD_RUNPATH_SEARCH_PATHS = "$(inherited) @executable_path/Frameworks @loader_path/Frameworks";
				PRODUCT_BUNDLE_IDENTIFIER = SinuousRill.PReVoTests;
				PRODUCT_NAME = PoshReVo;
				TEST_HOST = "$(BUILT_PRODUCTS_DIR)/PoshReVo.app/PoshReVo";
			};
			name = Release;
		};
		000985C61C31F0CB0083DE24 /* Debug */ = {
			isa = XCBuildConfiguration;
			buildSettings = {
				ALWAYS_EMBED_SWIFT_STANDARD_LIBRARIES = YES;
				INFOPLIST_FILE = PoshReVoUITests/Info.plist;
				LD_RUNPATH_SEARCH_PATHS = "$(inherited) @executable_path/Frameworks @loader_path/Frameworks";
				PRODUCT_BUNDLE_IDENTIFIER = SinuousRill.PReVoUITests;
				PRODUCT_NAME = PoshReVo;
				TEST_TARGET_NAME = PoshReVo;
				USES_XCTRUNNER = YES;
			};
			name = Debug;
		};
		000985C71C31F0CB0083DE24 /* Release */ = {
			isa = XCBuildConfiguration;
			buildSettings = {
				ALWAYS_EMBED_SWIFT_STANDARD_LIBRARIES = YES;
				INFOPLIST_FILE = PoshReVoUITests/Info.plist;
				LD_RUNPATH_SEARCH_PATHS = "$(inherited) @executable_path/Frameworks @loader_path/Frameworks";
				PRODUCT_BUNDLE_IDENTIFIER = SinuousRill.PReVoUITests;
				PRODUCT_NAME = PoshReVo;
				TEST_TARGET_NAME = PoshReVo;
				USES_XCTRUNNER = YES;
			};
			name = Release;
		};
/* End XCBuildConfiguration section */

/* Begin XCConfigurationList section */
		000985921C31F0CB0083DE24 /* Build configuration list for PBXProject "PoshReVo" */ = {
			isa = XCConfigurationList;
			buildConfigurations = (
				000985BD1C31F0CB0083DE24 /* Debug */,
				000985BE1C31F0CB0083DE24 /* Release */,
			);
			defaultConfigurationIsVisible = 0;
			defaultConfigurationName = Release;
		};
		000985BF1C31F0CB0083DE24 /* Build configuration list for PBXNativeTarget "PoshReVo" */ = {
			isa = XCConfigurationList;
			buildConfigurations = (
				000985C01C31F0CB0083DE24 /* Debug */,
				000985C11C31F0CB0083DE24 /* Release */,
			);
			defaultConfigurationIsVisible = 0;
			defaultConfigurationName = Release;
		};
		000985C21C31F0CB0083DE24 /* Build configuration list for PBXNativeTarget "PoshReVoTests" */ = {
			isa = XCConfigurationList;
			buildConfigurations = (
				000985C31C31F0CB0083DE24 /* Debug */,
				000985C41C31F0CB0083DE24 /* Release */,
			);
			defaultConfigurationIsVisible = 0;
			defaultConfigurationName = Release;
		};
		000985C51C31F0CB0083DE24 /* Build configuration list for PBXNativeTarget "PoshReVoUITests" */ = {
			isa = XCConfigurationList;
			buildConfigurations = (
				000985C61C31F0CB0083DE24 /* Debug */,
				000985C71C31F0CB0083DE24 /* Release */,
			);
			defaultConfigurationIsVisible = 0;
			defaultConfigurationName = Release;
		};
/* End XCConfigurationList section */

/* Begin XCVersionGroup section */
		0084898D226387F00071CEC2 /* PoshReVoDatumoj.xcdatamodeld */ = {
			isa = XCVersionGroup;
			children = (
				0084898E226387F00071CEC2 /* PReVoDatumoj.xcdatamodel */,
			);
			currentVersion = 0084898E226387F00071CEC2 /* PReVoDatumoj.xcdatamodel */;
			path = PoshReVoDatumoj.xcdatamodeld;
			sourceTree = "<group>";
			versionGroupType = wrapper.xcdatamodel;
		};
/* End XCVersionGroup section */
	};
	rootObject = 0009858F1C31F0CB0083DE24 /* Project object */;
}
